// !$*UTF8*$!
{
	archiveVersion = 1;
	classes = {
	};
	objectVersion = 46;
	objects = {

/* Begin PBXBuildFile section */
		779BB468E5894659B87999AB /* libPods.a in Frameworks */ = {isa = PBXBuildFile; fileRef = FCD0EB0CDA2C4A6BBB506859 /* libPods.a */; };
		8917110019E0703700D86C7B /* Group.m in Sources */ = {isa = PBXBuildFile; fileRef = 891710FF19E0703700D86C7B /* Group.m */; };
		8957799F19E62C7100548418 /* AppDelegateTests.swift in Sources */ = {isa = PBXBuildFile; fileRef = 8957799E19E62C7100548418 /* AppDelegateTests.swift */; };
		895779A019E62CC500548418 /* AppDelegate.swift in Sources */ = {isa = PBXBuildFile; fileRef = 89C8307819D730E9009924DA /* AppDelegate.swift */; };
		895779A119E62CC500548418 /* UnreadCounter.swift in Sources */ = {isa = PBXBuildFile; fileRef = 89C830CC19DC67B9009924DA /* UnreadCounter.swift */; };
		895779A219E62CC500548418 /* FeedsTableViewController.swift in Sources */ = {isa = PBXBuildFile; fileRef = 89C830C719DA2FEE009924DA /* FeedsTableViewController.swift */; };
		895779A319E62CC500548418 /* FeedTableCell.swift in Sources */ = {isa = PBXBuildFile; fileRef = 89C830C919DA37FB009924DA /* FeedTableCell.swift */; };
		895779A419E62CC500548418 /* FindFeedViewController.swift in Sources */ = {isa = PBXBuildFile; fileRef = 89C830B719D7EC55009924DA /* FindFeedViewController.swift */; };
		895779A519E62CC500548418 /* findFeeds.js in Resources */ = {isa = PBXBuildFile; fileRef = 89C830B919D8904A009924DA /* findFeeds.js */; };
		895779A619E62CC500548418 /* FindICO.js in Resources */ = {isa = PBXBuildFile; fileRef = 89C830BD19D89722009924DA /* FindICO.js */; };
		895779A719E62CC500548418 /* ArticleListController.swift in Sources */ = {isa = PBXBuildFile; fileRef = 89C830AD19D7CB8E009924DA /* ArticleListController.swift */; };
		895779A819E62CC500548418 /* ArticleCell.swift in Sources */ = {isa = PBXBuildFile; fileRef = 89C830B219D7D2CB009924DA /* ArticleCell.swift */; };
		895779A919E62CC500548418 /* ArticleViewController.swift in Sources */ = {isa = PBXBuildFile; fileRef = 89C830B519D7DE97009924DA /* ArticleViewController.swift */; };
		895779AA19E62CC500548418 /* DataManager.swift in Sources */ = {isa = PBXBuildFile; fileRef = 89C830A819D7B890009924DA /* DataManager.swift */; };
		895779AB19E62CCE00548418 /* RSSClient.xcdatamodeld in Sources */ = {isa = PBXBuildFile; fileRef = 89C8307A19D730E9009924DA /* RSSClient.xcdatamodeld */; };
		895779AC19E62CDA00548418 /* Article.m in Sources */ = {isa = PBXBuildFile; fileRef = 89C830C219D89E46009924DA /* Article.m */; };
		895779AD19E62CDA00548418 /* Feed.m in Sources */ = {isa = PBXBuildFile; fileRef = 89C830C519D8A058009924DA /* Feed.m */; };
		895779AE19E62CDA00548418 /* Group.m in Sources */ = {isa = PBXBuildFile; fileRef = 891710FF19E0703700D86C7B /* Group.m */; };
		895779B019E6512200548418 /* UnreadCounterTests.swift in Sources */ = {isa = PBXBuildFile; fileRef = 895779AF19E6512200548418 /* UnreadCounterTests.swift */; };
		895779B219E655F100548418 /* FeedTableCellTests.swift in Sources */ = {isa = PBXBuildFile; fileRef = 895779B119E655F100548418 /* FeedTableCellTests.swift */; };
		895779B419E658A700548418 /* Mocks.swift in Sources */ = {isa = PBXBuildFile; fileRef = 895779B319E658A700548418 /* Mocks.swift */; };
		895779B619E65A6D00548418 /* ArticleCellTests.swift in Sources */ = {isa = PBXBuildFile; fileRef = 895779B519E65A6D00548418 /* ArticleCellTests.swift */; };
		895779B819E65D9900548418 /* DataManagerTests.swift in Sources */ = {isa = PBXBuildFile; fileRef = 895779B719E65D9900548418 /* DataManagerTests.swift */; };
		89C8307919D730E9009924DA /* AppDelegate.swift in Sources */ = {isa = PBXBuildFile; fileRef = 89C8307819D730E9009924DA /* AppDelegate.swift */; };
		89C8307C19D730E9009924DA /* RSSClient.xcdatamodeld in Sources */ = {isa = PBXBuildFile; fileRef = 89C8307A19D730E9009924DA /* RSSClient.xcdatamodeld */; };
		89C8308319D730E9009924DA /* Images.xcassets in Resources */ = {isa = PBXBuildFile; fileRef = 89C8308219D730E9009924DA /* Images.xcassets */; };
		89C830A919D7B890009924DA /* DataManager.swift in Sources */ = {isa = PBXBuildFile; fileRef = 89C830A819D7B890009924DA /* DataManager.swift */; };
		89C830AE19D7CB8E009924DA /* ArticleListController.swift in Sources */ = {isa = PBXBuildFile; fileRef = 89C830AD19D7CB8E009924DA /* ArticleListController.swift */; };
		89C830B319D7D2CB009924DA /* ArticleCell.swift in Sources */ = {isa = PBXBuildFile; fileRef = 89C830B219D7D2CB009924DA /* ArticleCell.swift */; };
		89C830B619D7DE97009924DA /* ArticleViewController.swift in Sources */ = {isa = PBXBuildFile; fileRef = 89C830B519D7DE97009924DA /* ArticleViewController.swift */; };
		89C830B819D7EC55009924DA /* FindFeedViewController.swift in Sources */ = {isa = PBXBuildFile; fileRef = 89C830B719D7EC55009924DA /* FindFeedViewController.swift */; };
		89C830BB19D8904A009924DA /* findFeeds.js in Resources */ = {isa = PBXBuildFile; fileRef = 89C830B919D8904A009924DA /* findFeeds.js */; };
		89C830BF19D89722009924DA /* FindICO.js in Resources */ = {isa = PBXBuildFile; fileRef = 89C830BD19D89722009924DA /* FindICO.js */; };
		89C830C319D89E46009924DA /* Article.m in Sources */ = {isa = PBXBuildFile; fileRef = 89C830C219D89E46009924DA /* Article.m */; };
		89C830C619D8A058009924DA /* Feed.m in Sources */ = {isa = PBXBuildFile; fileRef = 89C830C519D8A058009924DA /* Feed.m */; };
		89C830C819DA2FEF009924DA /* FeedsTableViewController.swift in Sources */ = {isa = PBXBuildFile; fileRef = 89C830C719DA2FEE009924DA /* FeedsTableViewController.swift */; };
		89C830CA19DA37FB009924DA /* FeedTableCell.swift in Sources */ = {isa = PBXBuildFile; fileRef = 89C830C919DA37FB009924DA /* FeedTableCell.swift */; };
		89C830CD19DC67BA009924DA /* UnreadCounter.swift in Sources */ = {isa = PBXBuildFile; fileRef = 89C830CC19DC67B9009924DA /* UnreadCounter.swift */; };
/* End PBXBuildFile section */

/* Begin PBXContainerItemProxy section */
		89C8308C19D730E9009924DA /* PBXContainerItemProxy */ = {
			isa = PBXContainerItemProxy;
			containerPortal = 89C8306B19D730E9009924DA /* Project object */;
			proxyType = 1;
			remoteGlobalIDString = 89C8307219D730E9009924DA;
			remoteInfo = RSSClient;
		};
/* End PBXContainerItemProxy section */

/* Begin PBXFileReference section */
		891710FE19E0703700D86C7B /* Group.h */ = {isa = PBXFileReference; fileEncoding = 4; lastKnownFileType = sourcecode.c.h; path = Group.h; sourceTree = "<group>"; };
		891710FF19E0703700D86C7B /* Group.m */ = {isa = PBXFileReference; fileEncoding = 4; lastKnownFileType = sourcecode.c.objc; path = Group.m; sourceTree = "<group>"; };
		8957799D19E62C7100548418 /* RSSClientTests-Bridging-Header.h */ = {isa = PBXFileReference; lastKnownFileType = sourcecode.c.h; path = "RSSClientTests-Bridging-Header.h"; sourceTree = "<group>"; };
		8957799E19E62C7100548418 /* AppDelegateTests.swift */ = {isa = PBXFileReference; fileEncoding = 4; lastKnownFileType = sourcecode.swift; path = AppDelegateTests.swift; sourceTree = "<group>"; };
		895779AF19E6512200548418 /* UnreadCounterTests.swift */ = {isa = PBXFileReference; fileEncoding = 4; lastKnownFileType = sourcecode.swift; path = UnreadCounterTests.swift; sourceTree = "<group>"; };
		895779B119E655F100548418 /* FeedTableCellTests.swift */ = {isa = PBXFileReference; fileEncoding = 4; lastKnownFileType = sourcecode.swift; path = FeedTableCellTests.swift; sourceTree = "<group>"; };
		895779B319E658A700548418 /* Mocks.swift */ = {isa = PBXFileReference; fileEncoding = 4; lastKnownFileType = sourcecode.swift; path = Mocks.swift; sourceTree = "<group>"; };
		895779B519E65A6D00548418 /* ArticleCellTests.swift */ = {isa = PBXFileReference; fileEncoding = 4; lastKnownFileType = sourcecode.swift; path = ArticleCellTests.swift; sourceTree = "<group>"; };
		895779B719E65D9900548418 /* DataManagerTests.swift */ = {isa = PBXFileReference; fileEncoding = 4; lastKnownFileType = sourcecode.swift; path = DataManagerTests.swift; sourceTree = "<group>"; };
		89C8307319D730E9009924DA /* RSSClient.app */ = {isa = PBXFileReference; explicitFileType = wrapper.application; includeInIndex = 0; path = RSSClient.app; sourceTree = BUILT_PRODUCTS_DIR; };
		89C8307719D730E9009924DA /* Info.plist */ = {isa = PBXFileReference; lastKnownFileType = text.plist.xml; path = Info.plist; sourceTree = "<group>"; };
		89C8307819D730E9009924DA /* AppDelegate.swift */ = {isa = PBXFileReference; lastKnownFileType = sourcecode.swift; path = AppDelegate.swift; sourceTree = "<group>"; };
		89C8307B19D730E9009924DA /* RSSClient.xcdatamodel */ = {isa = PBXFileReference; lastKnownFileType = wrapper.xcdatamodel; path = RSSClient.xcdatamodel; sourceTree = "<group>"; };
		89C8308219D730E9009924DA /* Images.xcassets */ = {isa = PBXFileReference; lastKnownFileType = folder.assetcatalog; path = Images.xcassets; sourceTree = "<group>"; };
		89C8308B19D730E9009924DA /* RSSClientTests.xctest */ = {isa = PBXFileReference; explicitFileType = wrapper.cfbundle; includeInIndex = 0; path = RSSClientTests.xctest; sourceTree = BUILT_PRODUCTS_DIR; };
		89C8309019D730E9009924DA /* Info.plist */ = {isa = PBXFileReference; lastKnownFileType = text.plist.xml; path = Info.plist; sourceTree = "<group>"; };
		89C8309B19D73334009924DA /* RSSClient-Bridging-Header.h */ = {isa = PBXFileReference; lastKnownFileType = sourcecode.c.h; path = "RSSClient-Bridging-Header.h"; sourceTree = "<group>"; };
		89C830A819D7B890009924DA /* DataManager.swift */ = {isa = PBXFileReference; fileEncoding = 4; lastKnownFileType = sourcecode.swift; path = DataManager.swift; sourceTree = "<group>"; };
		89C830AD19D7CB8E009924DA /* ArticleListController.swift */ = {isa = PBXFileReference; fileEncoding = 4; lastKnownFileType = sourcecode.swift; path = ArticleListController.swift; sourceTree = "<group>"; };
		89C830B219D7D2CB009924DA /* ArticleCell.swift */ = {isa = PBXFileReference; fileEncoding = 4; lastKnownFileType = sourcecode.swift; path = ArticleCell.swift; sourceTree = "<group>"; };
		89C830B519D7DE97009924DA /* ArticleViewController.swift */ = {isa = PBXFileReference; fileEncoding = 4; lastKnownFileType = sourcecode.swift; path = ArticleViewController.swift; sourceTree = "<group>"; };
		89C830B719D7EC55009924DA /* FindFeedViewController.swift */ = {isa = PBXFileReference; fileEncoding = 4; lastKnownFileType = sourcecode.swift; path = FindFeedViewController.swift; sourceTree = "<group>"; };
		89C830B919D8904A009924DA /* findFeeds.js */ = {isa = PBXFileReference; fileEncoding = 4; lastKnownFileType = sourcecode.javascript; path = findFeeds.js; sourceTree = "<group>"; };
		89C830BD19D89722009924DA /* FindICO.js */ = {isa = PBXFileReference; fileEncoding = 4; lastKnownFileType = sourcecode.javascript; path = FindICO.js; sourceTree = "<group>"; };
		89C830C119D89E46009924DA /* Article.h */ = {isa = PBXFileReference; fileEncoding = 4; lastKnownFileType = sourcecode.c.h; path = Article.h; sourceTree = "<group>"; };
		89C830C219D89E46009924DA /* Article.m */ = {isa = PBXFileReference; fileEncoding = 4; lastKnownFileType = sourcecode.c.objc; path = Article.m; sourceTree = "<group>"; };
		89C830C419D8A058009924DA /* Feed.h */ = {isa = PBXFileReference; fileEncoding = 4; lastKnownFileType = sourcecode.c.h; path = Feed.h; sourceTree = "<group>"; };
		89C830C519D8A058009924DA /* Feed.m */ = {isa = PBXFileReference; fileEncoding = 4; lastKnownFileType = sourcecode.c.objc; path = Feed.m; sourceTree = "<group>"; };
		89C830C719DA2FEE009924DA /* FeedsTableViewController.swift */ = {isa = PBXFileReference; fileEncoding = 4; lastKnownFileType = sourcecode.swift; path = FeedsTableViewController.swift; sourceTree = "<group>"; };
		89C830C919DA37FB009924DA /* FeedTableCell.swift */ = {isa = PBXFileReference; fileEncoding = 4; lastKnownFileType = sourcecode.swift; path = FeedTableCell.swift; sourceTree = "<group>"; };
		89C830CC19DC67B9009924DA /* UnreadCounter.swift */ = {isa = PBXFileReference; fileEncoding = 4; lastKnownFileType = sourcecode.swift; path = UnreadCounter.swift; sourceTree = "<group>"; };
		89C830F119E043A8009924DA /* Nimble.framework */ = {isa = PBXFileReference; lastKnownFileType = wrapper.framework; name = Nimble.framework; path = "Vendor/Quick/Externals/Nimble/build/Debug-iphoneos/Nimble.framework"; sourceTree = "<group>"; };
		EE775953AF0A4FE0B395FDC2 /* Pods.xcconfig */ = {isa = PBXFileReference; includeInIndex = 1; lastKnownFileType = text.xcconfig; name = Pods.xcconfig; path = Pods/Pods.xcconfig; sourceTree = "<group>"; };
		FCD0EB0CDA2C4A6BBB506859 /* libPods.a */ = {isa = PBXFileReference; explicitFileType = archive.ar; includeInIndex = 0; path = libPods.a; sourceTree = BUILT_PRODUCTS_DIR; };
/* End PBXFileReference section */

/* Begin PBXFrameworksBuildPhase section */
		89C8307019D730E9009924DA /* Frameworks */ = {
			isa = PBXFrameworksBuildPhase;
			buildActionMask = 2147483647;
			files = (
				779BB468E5894659B87999AB /* libPods.a in Frameworks */,
			);
			runOnlyForDeploymentPostprocessing = 0;
		};
		89C8308819D730E9009924DA /* Frameworks */ = {
			isa = PBXFrameworksBuildPhase;
			buildActionMask = 2147483647;
			files = (
			);
			runOnlyForDeploymentPostprocessing = 0;
		};
/* End PBXFrameworksBuildPhase section */

/* Begin PBXGroup section */
		694B7677466B46B3BC9D72EF /* Frameworks */ = {
			isa = PBXGroup;
			children = (
				89C830F119E043A8009924DA /* Nimble.framework */,
				FCD0EB0CDA2C4A6BBB506859 /* libPods.a */,
			);
			name = Frameworks;
			sourceTree = "<group>";
		};
		89C8306A19D730E9009924DA = {
			isa = PBXGroup;
			children = (
				89C8307519D730E9009924DA /* RSSClient */,
				89C8308E19D730E9009924DA /* RSSClientTests */,
				89C8307419D730E9009924DA /* Products */,
				EE775953AF0A4FE0B395FDC2 /* Pods.xcconfig */,
				694B7677466B46B3BC9D72EF /* Frameworks */,
			);
			sourceTree = "<group>";
		};
		89C8307419D730E9009924DA /* Products */ = {
			isa = PBXGroup;
			children = (
				89C8307319D730E9009924DA /* RSSClient.app */,
				89C8308B19D730E9009924DA /* RSSClientTests.xctest */,
			);
			name = Products;
			sourceTree = "<group>";
		};
		89C8307519D730E9009924DA /* RSSClient */ = {
			isa = PBXGroup;
			children = (
				89C8307819D730E9009924DA /* AppDelegate.swift */,
				89C830CC19DC67B9009924DA /* UnreadCounter.swift */,
				89C830B119D7D2B7009924DA /* Feeds */,
				89C830B419D7D2D2009924DA /* Articles */,
				89C8308219D730E9009924DA /* Images.xcassets */,
				89C830AC19D7BDE0009924DA /* Core Data */,
				89C8307619D730E9009924DA /* Supporting Files */,
				89C8309B19D73334009924DA /* RSSClient-Bridging-Header.h */,
			);
			path = RSSClient;
			sourceTree = "<group>";
		};
		89C8307619D730E9009924DA /* Supporting Files */ = {
			isa = PBXGroup;
			children = (
				89C8307719D730E9009924DA /* Info.plist */,
			);
			name = "Supporting Files";
			sourceTree = "<group>";
		};
		89C8308E19D730E9009924DA /* RSSClientTests */ = {
			isa = PBXGroup;
			children = (
				89C8308F19D730E9009924DA /* Supporting Files */,
				8957799E19E62C7100548418 /* AppDelegateTests.swift */,
				895779AF19E6512200548418 /* UnreadCounterTests.swift */,
				895779B119E655F100548418 /* FeedTableCellTests.swift */,
				895779B519E65A6D00548418 /* ArticleCellTests.swift */,
				895779B719E65D9900548418 /* DataManagerTests.swift */,
				895779B319E658A700548418 /* Mocks.swift */,
				8957799D19E62C7100548418 /* RSSClientTests-Bridging-Header.h */,
			);
			path = RSSClientTests;
			sourceTree = "<group>";
		};
		89C8308F19D730E9009924DA /* Supporting Files */ = {
			isa = PBXGroup;
			children = (
				89C8309019D730E9009924DA /* Info.plist */,
			);
			name = "Supporting Files";
			sourceTree = "<group>";
		};
		89C830AC19D7BDE0009924DA /* Core Data */ = {
			isa = PBXGroup;
			children = (
				89C830A819D7B890009924DA /* DataManager.swift */,
				89C8307A19D730E9009924DA /* RSSClient.xcdatamodeld */,
				89C830C119D89E46009924DA /* Article.h */,
				89C830C219D89E46009924DA /* Article.m */,
				89C830C419D8A058009924DA /* Feed.h */,
				89C830C519D8A058009924DA /* Feed.m */,
				891710FE19E0703700D86C7B /* Group.h */,
				891710FF19E0703700D86C7B /* Group.m */,
			);
			name = "Core Data";
			sourceTree = "<group>";
		};
		89C830B119D7D2B7009924DA /* Feeds */ = {
			isa = PBXGroup;
			children = (
				89C830C719DA2FEE009924DA /* FeedsTableViewController.swift */,
				89C830C919DA37FB009924DA /* FeedTableCell.swift */,
				89C830B719D7EC55009924DA /* FindFeedViewController.swift */,
				89C830B919D8904A009924DA /* findFeeds.js */,
				89C830BD19D89722009924DA /* FindICO.js */,
			);
			name = Feeds;
			sourceTree = "<group>";
		};
		89C830B419D7D2D2009924DA /* Articles */ = {
			isa = PBXGroup;
			children = (
				89C830AD19D7CB8E009924DA /* ArticleListController.swift */,
				89C830B219D7D2CB009924DA /* ArticleCell.swift */,
				89C830B519D7DE97009924DA /* ArticleViewController.swift */,
			);
			name = Articles;
			sourceTree = "<group>";
		};
/* End PBXGroup section */

/* Begin PBXNativeTarget section */
		89C8307219D730E9009924DA /* RSSClient */ = {
			isa = PBXNativeTarget;
			buildConfigurationList = 89C8309519D730E9009924DA /* Build configuration list for PBXNativeTarget "RSSClient" */;
			buildPhases = (
				2908E238B1CB4E479EC01CAE /* Check Pods Manifest.lock */,
				89C8306F19D730E9009924DA /* Sources */,
				89C8307019D730E9009924DA /* Frameworks */,
				89C8307119D730E9009924DA /* Resources */,
				C8831EFC34E54DA38376756F /* Copy Pods Resources */,
			);
			buildRules = (
			);
			dependencies = (
			);
			name = RSSClient;
			productName = RSSClient;
			productReference = 89C8307319D730E9009924DA /* RSSClient.app */;
			productType = "com.apple.product-type.application";
		};
		89C8308A19D730E9009924DA /* RSSClientTests */ = {
			isa = PBXNativeTarget;
			buildConfigurationList = 89C8309819D730E9009924DA /* Build configuration list for PBXNativeTarget "RSSClientTests" */;
			buildPhases = (
				89C8308719D730E9009924DA /* Sources */,
				89C8308819D730E9009924DA /* Frameworks */,
				89C8308919D730E9009924DA /* Resources */,
			);
			buildRules = (
			);
			dependencies = (
				89C8308D19D730E9009924DA /* PBXTargetDependency */,
			);
			name = RSSClientTests;
			productName = RSSClientTests;
			productReference = 89C8308B19D730E9009924DA /* RSSClientTests.xctest */;
			productType = "com.apple.product-type.bundle.unit-test";
		};
/* End PBXNativeTarget section */

/* Begin PBXProject section */
		89C8306B19D730E9009924DA /* Project object */ = {
			isa = PBXProject;
			attributes = {
				LastUpgradeCheck = 0600;
				ORGANIZATIONNAME = "Rachel Brindle";
				TargetAttributes = {
					89C8307219D730E9009924DA = {
						CreatedOnToolsVersion = 6.0.1;
						SystemCapabilities = {
							com.apple.BackgroundModes = {
								enabled = 1;
							};
						};
					};
					89C8308A19D730E9009924DA = {
						CreatedOnToolsVersion = 6.0.1;
						TestTargetID = 89C8307219D730E9009924DA;
					};
				};
			};
			buildConfigurationList = 89C8306E19D730E9009924DA /* Build configuration list for PBXProject "RSSClient" */;
			compatibilityVersion = "Xcode 3.2";
			developmentRegion = English;
			hasScannedForEncodings = 0;
			knownRegions = (
				en,
				Base,
			);
			mainGroup = 89C8306A19D730E9009924DA;
			productRefGroup = 89C8307419D730E9009924DA /* Products */;
			projectDirPath = "";
			projectRoot = "";
			targets = (
				89C8307219D730E9009924DA /* RSSClient */,
				89C8308A19D730E9009924DA /* RSSClientTests */,
			);
		};
/* End PBXProject section */

/* Begin PBXResourcesBuildPhase section */
		89C8307119D730E9009924DA /* Resources */ = {
			isa = PBXResourcesBuildPhase;
			buildActionMask = 2147483647;
			files = (
				89C8308319D730E9009924DA /* Images.xcassets in Resources */,
				89C830BF19D89722009924DA /* FindICO.js in Resources */,
				89C830BB19D8904A009924DA /* findFeeds.js in Resources */,
			);
			runOnlyForDeploymentPostprocessing = 0;
		};
		89C8308919D730E9009924DA /* Resources */ = {
			isa = PBXResourcesBuildPhase;
			buildActionMask = 2147483647;
			files = (
				895779A519E62CC500548418 /* findFeeds.js in Resources */,
				895779A619E62CC500548418 /* FindICO.js in Resources */,
			);
			runOnlyForDeploymentPostprocessing = 0;
		};
/* End PBXResourcesBuildPhase section */

/* Begin PBXShellScriptBuildPhase section */
		2908E238B1CB4E479EC01CAE /* Check Pods Manifest.lock */ = {
			isa = PBXShellScriptBuildPhase;
			buildActionMask = 2147483647;
			files = (
			);
			inputPaths = (
			);
			name = "Check Pods Manifest.lock";
			outputPaths = (
			);
			runOnlyForDeploymentPostprocessing = 0;
			shellPath = /bin/sh;
			shellScript = "diff \"${PODS_ROOT}/../Podfile.lock\" \"${PODS_ROOT}/Manifest.lock\" > /dev/null\nif [[ $? != 0 ]] ; then\n    cat << EOM\nerror: The sandbox is not in sync with the Podfile.lock. Run 'pod install' or update your CocoaPods installation.\nEOM\n    exit 1\nfi\n";
			showEnvVarsInLog = 0;
		};
		C8831EFC34E54DA38376756F /* Copy Pods Resources */ = {
			isa = PBXShellScriptBuildPhase;
			buildActionMask = 2147483647;
			files = (
			);
			inputPaths = (
			);
			name = "Copy Pods Resources";
			outputPaths = (
			);
			runOnlyForDeploymentPostprocessing = 0;
			shellPath = /bin/sh;
			shellScript = "\"${SRCROOT}/Pods/Pods-resources.sh\"\n";
			showEnvVarsInLog = 0;
		};
/* End PBXShellScriptBuildPhase section */

/* Begin PBXSourcesBuildPhase section */
		89C8306F19D730E9009924DA /* Sources */ = {
			isa = PBXSourcesBuildPhase;
			buildActionMask = 2147483647;
			files = (
				89C830C619D8A058009924DA /* Feed.m in Sources */,
				89C830CD19DC67BA009924DA /* UnreadCounter.swift in Sources */,
				89C830CA19DA37FB009924DA /* FeedTableCell.swift in Sources */,
				89C830A919D7B890009924DA /* DataManager.swift in Sources */,
				89C830AE19D7CB8E009924DA /* ArticleListController.swift in Sources */,
				89C830B819D7EC55009924DA /* FindFeedViewController.swift in Sources */,
				89C830B619D7DE97009924DA /* ArticleViewController.swift in Sources */,
				89C830C819DA2FEF009924DA /* FeedsTableViewController.swift in Sources */,
				8917110019E0703700D86C7B /* Group.m in Sources */,
				89C830C319D89E46009924DA /* Article.m in Sources */,
				89C8307919D730E9009924DA /* AppDelegate.swift in Sources */,
				89C830B319D7D2CB009924DA /* ArticleCell.swift in Sources */,
				89C8307C19D730E9009924DA /* RSSClient.xcdatamodeld in Sources */,
			);
			runOnlyForDeploymentPostprocessing = 0;
		};
		89C8308719D730E9009924DA /* Sources */ = {
			isa = PBXSourcesBuildPhase;
			buildActionMask = 2147483647;
			files = (
				895779AD19E62CDA00548418 /* Feed.m in Sources */,
				895779B019E6512200548418 /* UnreadCounterTests.swift in Sources */,
				895779B219E655F100548418 /* FeedTableCellTests.swift in Sources */,
				895779A819E62CC500548418 /* ArticleCell.swift in Sources */,
				895779B619E65A6D00548418 /* ArticleCellTests.swift in Sources */,
				895779AA19E62CC500548418 /* DataManager.swift in Sources */,
				895779A019E62CC500548418 /* AppDelegate.swift in Sources */,
				895779A319E62CC500548418 /* FeedTableCell.swift in Sources */,
				895779A719E62CC500548418 /* ArticleListController.swift in Sources */,
				895779A919E62CC500548418 /* ArticleViewController.swift in Sources */,
				895779B819E65D9900548418 /* DataManagerTests.swift in Sources */,
				895779A119E62CC500548418 /* UnreadCounter.swift in Sources */,
				895779A419E62CC500548418 /* FindFeedViewController.swift in Sources */,
				895779AE19E62CDA00548418 /* Group.m in Sources */,
				895779AC19E62CDA00548418 /* Article.m in Sources */,
				895779B419E658A700548418 /* Mocks.swift in Sources */,
				8957799F19E62C7100548418 /* AppDelegateTests.swift in Sources */,
				895779A219E62CC500548418 /* FeedsTableViewController.swift in Sources */,
				895779AB19E62CCE00548418 /* RSSClient.xcdatamodeld in Sources */,
			);
			runOnlyForDeploymentPostprocessing = 0;
		};
/* End PBXSourcesBuildPhase section */

/* Begin PBXTargetDependency section */
		89C8308D19D730E9009924DA /* PBXTargetDependency */ = {
			isa = PBXTargetDependency;
			target = 89C8307219D730E9009924DA /* RSSClient */;
			targetProxy = 89C8308C19D730E9009924DA /* PBXContainerItemProxy */;
		};
/* End PBXTargetDependency section */

/* Begin XCBuildConfiguration section */
		89C8309319D730E9009924DA /* Debug */ = {
			isa = XCBuildConfiguration;
			buildSettings = {
				ALWAYS_SEARCH_USER_PATHS = NO;
				CLANG_CXX_LANGUAGE_STANDARD = "gnu++0x";
				CLANG_CXX_LIBRARY = "libc++";
				CLANG_ENABLE_MODULES = YES;
				CLANG_ENABLE_OBJC_ARC = YES;
				CLANG_WARN_BOOL_CONVERSION = YES;
				CLANG_WARN_CONSTANT_CONVERSION = YES;
				CLANG_WARN_DIRECT_OBJC_ISA_USAGE = YES_ERROR;
				CLANG_WARN_EMPTY_BODY = YES;
				CLANG_WARN_ENUM_CONVERSION = YES;
				CLANG_WARN_INT_CONVERSION = YES;
				CLANG_WARN_OBJC_ROOT_CLASS = YES_ERROR;
				CLANG_WARN_UNREACHABLE_CODE = YES;
				CLANG_WARN__DUPLICATE_METHOD_MATCH = YES;
				"CODE_SIGN_IDENTITY[sdk=iphoneos*]" = "iPhone Developer";
				COPY_PHASE_STRIP = NO;
				ENABLE_STRICT_OBJC_MSGSEND = YES;
				GCC_C_LANGUAGE_STANDARD = gnu99;
				GCC_DYNAMIC_NO_PIC = NO;
				GCC_OPTIMIZATION_LEVEL = 0;
				GCC_PREPROCESSOR_DEFINITIONS = (
					"DEBUG=1",
					"$(inherited)",
				);
				GCC_SYMBOLS_PRIVATE_EXTERN = NO;
				GCC_WARN_64_TO_32_BIT_CONVERSION = YES;
				GCC_WARN_ABOUT_RETURN_TYPE = YES_ERROR;
				GCC_WARN_UNDECLARED_SELECTOR = YES;
				GCC_WARN_UNINITIALIZED_AUTOS = YES_AGGRESSIVE;
				GCC_WARN_UNUSED_FUNCTION = YES;
				GCC_WARN_UNUSED_VARIABLE = YES;
				IPHONEOS_DEPLOYMENT_TARGET = 8.0;
				MTL_ENABLE_DEBUG_INFO = YES;
				ONLY_ACTIVE_ARCH = YES;
				SDKROOT = iphoneos;
				SWIFT_OPTIMIZATION_LEVEL = "-Onone";
				TARGETED_DEVICE_FAMILY = "1,2";
			};
			name = Debug;
		};
		89C8309419D730E9009924DA /* Release */ = {
			isa = XCBuildConfiguration;
			buildSettings = {
				ALWAYS_SEARCH_USER_PATHS = NO;
				CLANG_CXX_LANGUAGE_STANDARD = "gnu++0x";
				CLANG_CXX_LIBRARY = "libc++";
				CLANG_ENABLE_MODULES = YES;
				CLANG_ENABLE_OBJC_ARC = YES;
				CLANG_WARN_BOOL_CONVERSION = YES;
				CLANG_WARN_CONSTANT_CONVERSION = YES;
				CLANG_WARN_DIRECT_OBJC_ISA_USAGE = YES_ERROR;
				CLANG_WARN_EMPTY_BODY = YES;
				CLANG_WARN_ENUM_CONVERSION = YES;
				CLANG_WARN_INT_CONVERSION = YES;
				CLANG_WARN_OBJC_ROOT_CLASS = YES_ERROR;
				CLANG_WARN_UNREACHABLE_CODE = YES;
				CLANG_WARN__DUPLICATE_METHOD_MATCH = YES;
				"CODE_SIGN_IDENTITY[sdk=iphoneos*]" = "iPhone Developer";
				COPY_PHASE_STRIP = YES;
				ENABLE_NS_ASSERTIONS = NO;
				ENABLE_STRICT_OBJC_MSGSEND = YES;
				GCC_C_LANGUAGE_STANDARD = gnu99;
				GCC_WARN_64_TO_32_BIT_CONVERSION = YES;
				GCC_WARN_ABOUT_RETURN_TYPE = YES_ERROR;
				GCC_WARN_UNDECLARED_SELECTOR = YES;
				GCC_WARN_UNINITIALIZED_AUTOS = YES_AGGRESSIVE;
				GCC_WARN_UNUSED_FUNCTION = YES;
				GCC_WARN_UNUSED_VARIABLE = YES;
				IPHONEOS_DEPLOYMENT_TARGET = 8.0;
				MTL_ENABLE_DEBUG_INFO = NO;
				SDKROOT = iphoneos;
				TARGETED_DEVICE_FAMILY = "1,2";
				VALIDATE_PRODUCT = YES;
			};
			name = Release;
		};
		89C8309619D730E9009924DA /* Debug */ = {
			isa = XCBuildConfiguration;
			baseConfigurationReference = EE775953AF0A4FE0B395FDC2 /* Pods.xcconfig */;
			buildSettings = {
				ASSETCATALOG_COMPILER_APPICON_NAME = AppIcon;
				CLANG_ENABLE_MODULES = YES;
				INFOPLIST_FILE = RSSClient/Info.plist;
				LD_RUNPATH_SEARCH_PATHS = "$(inherited) @executable_path/Frameworks";
				PRODUCT_NAME = "$(TARGET_NAME)";
				SWIFT_OBJC_BRIDGING_HEADER = "RSSClient/RSSClient-Bridging-Header.h";
				SWIFT_OPTIMIZATION_LEVEL = "-Onone";
			};
			name = Debug;
		};
		89C8309719D730E9009924DA /* Release */ = {
			isa = XCBuildConfiguration;
			baseConfigurationReference = EE775953AF0A4FE0B395FDC2 /* Pods.xcconfig */;
			buildSettings = {
				ASSETCATALOG_COMPILER_APPICON_NAME = AppIcon;
				CLANG_ENABLE_MODULES = YES;
				INFOPLIST_FILE = RSSClient/Info.plist;
				LD_RUNPATH_SEARCH_PATHS = "$(inherited) @executable_path/Frameworks";
				PRODUCT_NAME = "$(TARGET_NAME)";
				SWIFT_OBJC_BRIDGING_HEADER = "RSSClient/RSSClient-Bridging-Header.h";
			};
			name = Release;
		};
		89C8309919D730E9009924DA /* Debug */ = {
			isa = XCBuildConfiguration;
			buildSettings = {
				BUNDLE_LOADER = "$(TEST_HOST)";
				CLANG_ENABLE_MODULES = YES;
				FRAMEWORK_SEARCH_PATHS = (
					"$(SDKROOT)/Developer/Library/Frameworks",
					"$(inherited)",
					"$(PROJECT_DIR)/Vendor/Quick/Externals/Nimble/build/Debug-iphoneos",
				);
				GCC_PREPROCESSOR_DEFINITIONS = (
					"DEBUG=1",
					"$(inherited)",
				);
				INFOPLIST_FILE = RSSClientTests/Info.plist;
				LD_RUNPATH_SEARCH_PATHS = "$(inherited) @executable_path/Frameworks @loader_path/Frameworks";
				PRODUCT_NAME = "$(TARGET_NAME)";
				SWIFT_OBJC_BRIDGING_HEADER = "RSSClientTests/RSSClientTests-Bridging-Header.h";
				SWIFT_OPTIMIZATION_LEVEL = "-Onone";
				TEST_HOST = "$(BUILT_PRODUCTS_DIR)/RSSClient.app/RSSClient";
			};
			name = Debug;
		};
		89C8309A19D730E9009924DA /* Release */ = {
			isa = XCBuildConfiguration;
			buildSettings = {
				BUNDLE_LOADER = "$(TEST_HOST)";
				CLANG_ENABLE_MODULES = YES;
				FRAMEWORK_SEARCH_PATHS = (
					"$(SDKROOT)/Developer/Library/Frameworks",
					"$(inherited)",
					"$(PROJECT_DIR)/Vendor/Quick/Externals/Nimble/build/Debug-iphoneos",
				);
				INFOPLIST_FILE = RSSClientTests/Info.plist;
				LD_RUNPATH_SEARCH_PATHS = "$(inherited) @executable_path/Frameworks @loader_path/Frameworks";
				PRODUCT_NAME = "$(TARGET_NAME)";
				SWIFT_OBJC_BRIDGING_HEADER = "RSSClientTests/RSSClientTests-Bridging-Header.h";
				TEST_HOST = "$(BUILT_PRODUCTS_DIR)/RSSClient.app/RSSClient";
			};
			name = Release;
		};
/* End XCBuildConfiguration section */

/* Begin XCConfigurationList section */
		89C8306E19D730E9009924DA /* Build configuration list for PBXProject "RSSClient" */ = {
			isa = XCConfigurationList;
			buildConfigurations = (
				89C8309319D730E9009924DA /* Debug */,
				89C8309419D730E9009924DA /* Release */,
			);
			defaultConfigurationIsVisible = 0;
			defaultConfigurationName = Release;
		};
		89C8309519D730E9009924DA /* Build configuration list for PBXNativeTarget "RSSClient" */ = {
			isa = XCConfigurationList;
			buildConfigurations = (
				89C8309619D730E9009924DA /* Debug */,
				89C8309719D730E9009924DA /* Release */,
			);
			defaultConfigurationIsVisible = 0;
			defaultConfigurationName = Release;
		};
		89C8309819D730E9009924DA /* Build configuration list for PBXNativeTarget "RSSClientTests" */ = {
			isa = XCConfigurationList;
			buildConfigurations = (
				89C8309919D730E9009924DA /* Debug */,
				89C8309A19D730E9009924DA /* Release */,
			);
			defaultConfigurationIsVisible = 0;
			defaultConfigurationName = Release;
		};
/* End XCConfigurationList section */

/* Begin XCVersionGroup section */
		89C8307A19D730E9009924DA /* RSSClient.xcdatamodeld */ = {
			isa = XCVersionGroup;
			children = (
				89C8307B19D730E9009924DA /* RSSClient.xcdatamodel */,
			);
			currentVersion = 89C8307B19D730E9009924DA /* RSSClient.xcdatamodel */;
			path = RSSClient.xcdatamodeld;
			sourceTree = "<group>";
			versionGroupType = wrapper.xcdatamodel;
		};
/* End XCVersionGroup section */
	};
	rootObject = 89C8306B19D730E9009924DA /* Project object */;
}
