// !$*UTF8*$!
{
	archiveVersion = 1;
	classes = {
	};
	objectVersion = 46;
	objects = {

/* Begin PBXBuildFile section */
		890E47591AA19D69007F217C /* DataUtility.swift in Sources */ = {isa = PBXBuildFile; fileRef = 890E47581AA19D69007F217C /* DataUtility.swift */; };
		890E475A1AA19D69007F217C /* DataUtility.swift in Sources */ = {isa = PBXBuildFile; fileRef = 890E47581AA19D69007F217C /* DataUtility.swift */; };
		890E47671AA19F7F007F217C /* DataUtilitySpec.swift in Sources */ = {isa = PBXBuildFile; fileRef = 890E47661AA19F7F007F217C /* DataUtilitySpec.swift */; };
		8924D8E91A094CF5003B7529 /* article.css in Resources */ = {isa = PBXBuildFile; fileRef = 8924D8E81A094CF5003B7529 /* article.css */; };
		8924D8F21A0E8EEA003B7529 /* OPMLParser.swift in Sources */ = {isa = PBXBuildFile; fileRef = 8924D8F11A0E8EEA003B7529 /* OPMLParser.swift */; };
		8924D8F31A108299003B7529 /* OPMLParser.swift in Sources */ = {isa = PBXBuildFile; fileRef = 8924D8F11A0E8EEA003B7529 /* OPMLParser.swift */; };
		8929D27F1A3F3E9400782A37 /* BackgroundView.swift in Sources */ = {isa = PBXBuildFile; fileRef = 8929D27E1A3F3E9400782A37 /* BackgroundView.swift */; };
		8933E90D19ECCBC300ECFF3F /* ALView+PureLayout.m in Sources */ = {isa = PBXBuildFile; fileRef = 8933E90519ECCBC300ECFF3F /* ALView+PureLayout.m */; };
		8933E90E19ECCBC300ECFF3F /* NSArray+PureLayout.m in Sources */ = {isa = PBXBuildFile; fileRef = 8933E90719ECCBC300ECFF3F /* NSArray+PureLayout.m */; };
		8933E90F19ECCBC300ECFF3F /* NSLayoutConstraint+PureLayout.m in Sources */ = {isa = PBXBuildFile; fileRef = 8933E90919ECCBC300ECFF3F /* NSLayoutConstraint+PureLayout.m */; };
		8933E93419EE33F700ECFF3F /* UIColor+RSSClient.m in Sources */ = {isa = PBXBuildFile; fileRef = 8933E93319EE33F700ECFF3F /* UIColor+RSSClient.m */; };
		893448BF1A004E5C00F5D528 /* ALView+PureLayout.m in Sources */ = {isa = PBXBuildFile; fileRef = 8933E90519ECCBC300ECFF3F /* ALView+PureLayout.m */; };
		893448C01A004E5C00F5D528 /* NSArray+PureLayout.m in Sources */ = {isa = PBXBuildFile; fileRef = 8933E90719ECCBC300ECFF3F /* NSArray+PureLayout.m */; };
		893448C11A004E5C00F5D528 /* NSLayoutConstraint+PureLayout.m in Sources */ = {isa = PBXBuildFile; fileRef = 8933E90919ECCBC300ECFF3F /* NSLayoutConstraint+PureLayout.m */; };
		893448C21A004E6400F5D528 /* UIColor+RSSClient.m in Sources */ = {isa = PBXBuildFile; fileRef = 8933E93319EE33F700ECFF3F /* UIColor+RSSClient.m */; };
		894896EC1A16F1130030EB6E /* LocalImportViewController.swift in Sources */ = {isa = PBXBuildFile; fileRef = 894896EB1A16F1130030EB6E /* LocalImportViewController.swift */; };
		894896ED1A16F1130030EB6E /* LocalImportViewController.swift in Sources */ = {isa = PBXBuildFile; fileRef = 894896EB1A16F1130030EB6E /* LocalImportViewController.swift */; };
		894C0C371A1329FB008229A4 /* AMPopTip.m in Sources */ = {isa = PBXBuildFile; fileRef = 894C0C361A1329FB008229A4 /* AMPopTip.m */; };
		895779A019E62CC500548418 /* AppDelegate.swift in Sources */ = {isa = PBXBuildFile; fileRef = 89C8307819D730E9009924DA /* AppDelegate.swift */; };
		895779A119E62CC500548418 /* UnreadCounter.swift in Sources */ = {isa = PBXBuildFile; fileRef = 89C830CC19DC67B9009924DA /* UnreadCounter.swift */; };
		895779A219E62CC500548418 /* FeedsTableViewController.swift in Sources */ = {isa = PBXBuildFile; fileRef = 89C830C719DA2FEE009924DA /* FeedsTableViewController.swift */; };
		895779A319E62CC500548418 /* FeedTableCell.swift in Sources */ = {isa = PBXBuildFile; fileRef = 89C830C919DA37FB009924DA /* FeedTableCell.swift */; };
		895779A419E62CC500548418 /* FindFeedViewController.swift in Sources */ = {isa = PBXBuildFile; fileRef = 89C830B719D7EC55009924DA /* FindFeedViewController.swift */; };
		895779A519E62CC500548418 /* findFeeds.js in Resources */ = {isa = PBXBuildFile; fileRef = 89C830B919D8904A009924DA /* findFeeds.js */; };
		895779A619E62CC500548418 /* FindICO.js in Resources */ = {isa = PBXBuildFile; fileRef = 89C830BD19D89722009924DA /* FindICO.js */; };
		895779A719E62CC500548418 /* ArticleListController.swift in Sources */ = {isa = PBXBuildFile; fileRef = 89C830AD19D7CB8E009924DA /* ArticleListController.swift */; };
		895779A819E62CC500548418 /* ArticleCell.swift in Sources */ = {isa = PBXBuildFile; fileRef = 89C830B219D7D2CB009924DA /* ArticleCell.swift */; };
		895779A919E62CC500548418 /* ArticleViewController.swift in Sources */ = {isa = PBXBuildFile; fileRef = 89C830B519D7DE97009924DA /* ArticleViewController.swift */; };
		895779AA19E62CC500548418 /* DataManager.swift in Sources */ = {isa = PBXBuildFile; fileRef = 89C830A819D7B890009924DA /* DataManager.swift */; };
		895779AB19E62CCE00548418 /* RSSClient.xcdatamodeld in Sources */ = {isa = PBXBuildFile; fileRef = 89C8307A19D730E9009924DA /* RSSClient.xcdatamodeld */; };
		895779AC19E62CDA00548418 /* Article.m in Sources */ = {isa = PBXBuildFile; fileRef = 89C830C219D89E46009924DA /* Article.m */; };
		895779AD19E62CDA00548418 /* Feed.m in Sources */ = {isa = PBXBuildFile; fileRef = 89C830C519D8A058009924DA /* Feed.m */; };
		895782411A3CC0130022F345 /* CircularProgressLayer.swift in Sources */ = {isa = PBXBuildFile; fileRef = 895782401A3CC0130022F345 /* CircularProgressLayer.swift */; };
		895782421A3CC0130022F345 /* CircularProgressLayer.swift in Sources */ = {isa = PBXBuildFile; fileRef = 895782401A3CC0130022F345 /* CircularProgressLayer.swift */; };
		895782431A3CC0130022F345 /* CircularProgressLayer.swift in Sources */ = {isa = PBXBuildFile; fileRef = 895782401A3CC0130022F345 /* CircularProgressLayer.swift */; };
		895901A51A30BCB7002E2C62 /* Enclosure.m in Sources */ = {isa = PBXBuildFile; fileRef = 895901A41A30BCB7002E2C62 /* Enclosure.m */; };
		895901A61A30BCB7002E2C62 /* Enclosure.m in Sources */ = {isa = PBXBuildFile; fileRef = 895901A41A30BCB7002E2C62 /* Enclosure.m */; };
		895901A71A30BCB7002E2C62 /* Enclosure.m in Sources */ = {isa = PBXBuildFile; fileRef = 895901A41A30BCB7002E2C62 /* Enclosure.m */; };
		895901A91A30C5D1002E2C62 /* EnclosuresView.swift in Sources */ = {isa = PBXBuildFile; fileRef = 895901A81A30C5D1002E2C62 /* EnclosuresView.swift */; };
		895901AA1A30C5D1002E2C62 /* EnclosuresView.swift in Sources */ = {isa = PBXBuildFile; fileRef = 895901A81A30C5D1002E2C62 /* EnclosuresView.swift */; };
		895901AC1A30C6B7002E2C62 /* EnclosureCell.swift in Sources */ = {isa = PBXBuildFile; fileRef = 895901AB1A30C6B7002E2C62 /* EnclosureCell.swift */; };
		895901AD1A30C6B7002E2C62 /* EnclosureCell.swift in Sources */ = {isa = PBXBuildFile; fileRef = 895901AB1A30C6B7002E2C62 /* EnclosureCell.swift */; };
		895901B31A32B61A002E2C62 /* Localizable.strings in Resources */ = {isa = PBXBuildFile; fileRef = 895901AF1A32B61A002E2C62 /* Localizable.strings */; };
		895901B41A32B61A002E2C62 /* Localizable.strings in Resources */ = {isa = PBXBuildFile; fileRef = 895901AF1A32B61A002E2C62 /* Localizable.strings */; };
		895901B51A32B61A002E2C62 /* Localizable.stringsdict in Resources */ = {isa = PBXBuildFile; fileRef = 895901B11A32B61A002E2C62 /* Localizable.stringsdict */; };
		895901B61A32B61A002E2C62 /* Localizable.stringsdict in Resources */ = {isa = PBXBuildFile; fileRef = 895901B11A32B61A002E2C62 /* Localizable.stringsdict */; };
		89635F841A13BF120052C248 /* AMPopTip.m in Sources */ = {isa = PBXBuildFile; fileRef = 894C0C361A1329FB008229A4 /* AMPopTip.m */; };
		89635F8E1A13C2E30052C248 /* AppDelegate.swift in Sources */ = {isa = PBXBuildFile; fileRef = 89635F8D1A13C2E30052C248 /* AppDelegate.swift */; };
		89635F901A13C2E30052C248 /* Images.xcassets in Resources */ = {isa = PBXBuildFile; fileRef = 89635F8F1A13C2E30052C248 /* Images.xcassets */; };
		89635FA81A13C4030052C248 /* OPMLParser.swift in Sources */ = {isa = PBXBuildFile; fileRef = 8924D8F11A0E8EEA003B7529 /* OPMLParser.swift */; };
		89635FAD1A13C41C0052C248 /* RSSClient.xcdatamodeld in Sources */ = {isa = PBXBuildFile; fileRef = 89C8307A19D730E9009924DA /* RSSClient.xcdatamodeld */; };
		89635FAE1A13C4210052C248 /* Article.m in Sources */ = {isa = PBXBuildFile; fileRef = 89C830C219D89E46009924DA /* Article.m */; };
		89635FAF1A13C4210052C248 /* Feed.m in Sources */ = {isa = PBXBuildFile; fileRef = 89C830C519D8A058009924DA /* Feed.m */; };
		89635FC21A13C49A0052C248 /* ALView+PureLayout.m in Sources */ = {isa = PBXBuildFile; fileRef = 8933E90519ECCBC300ECFF3F /* ALView+PureLayout.m */; };
		89635FC31A13C49A0052C248 /* NSArray+PureLayout.m in Sources */ = {isa = PBXBuildFile; fileRef = 8933E90719ECCBC300ECFF3F /* NSArray+PureLayout.m */; };
		89635FC41A13C49A0052C248 /* NSLayoutConstraint+PureLayout.m in Sources */ = {isa = PBXBuildFile; fileRef = 8933E90919ECCBC300ECFF3F /* NSLayoutConstraint+PureLayout.m */; };
		8963F42E1A26674500B447D6 /* Data-extensions.swift in Sources */ = {isa = PBXBuildFile; fileRef = 8963F42D1A26674500B447D6 /* Data-extensions.swift */; };
		8963F42F1A26674500B447D6 /* Data-extensions.swift in Sources */ = {isa = PBXBuildFile; fileRef = 8963F42D1A26674500B447D6 /* Data-extensions.swift */; };
		8963F4341A280F8E00B447D6 /* TagPickerView.swift in Sources */ = {isa = PBXBuildFile; fileRef = 8963F4331A280F8E00B447D6 /* TagPickerView.swift */; };
		8963F4351A280F8E00B447D6 /* TagPickerView.swift in Sources */ = {isa = PBXBuildFile; fileRef = 8963F4331A280F8E00B447D6 /* TagPickerView.swift */; };
		8967DA061A4092A6000424F4 /* ArticlesList.swift in Sources */ = {isa = PBXBuildFile; fileRef = 8967DA051A4092A6000424F4 /* ArticlesList.swift */; };
		8967DA081A409433000424F4 /* ArticleListView.swift in Sources */ = {isa = PBXBuildFile; fileRef = 8967DA071A409433000424F4 /* ArticleListView.swift */; };
		89718F281AE0C942004C3CB4 /* Alamofire.framework in Frameworks */ = {isa = PBXBuildFile; fileRef = 89718F261AE0C942004C3CB4 /* Alamofire.framework */; };
		89718F2A1AE0C942004C3CB4 /* Ra.framework in Frameworks */ = {isa = PBXBuildFile; fileRef = 89718F271AE0C942004C3CB4 /* Ra.framework */; };
		89718F2C1AE0C9A1004C3CB4 /* Alamofire.framework in Copy Frameworks */ = {isa = PBXBuildFile; fileRef = 89718F261AE0C942004C3CB4 /* Alamofire.framework */; settings = {ATTRIBUTES = (CodeSignOnCopy, RemoveHeadersOnCopy, ); }; };
		89718F2D1AE0C9A1004C3CB4 /* Ra.framework in Copy Frameworks */ = {isa = PBXBuildFile; fileRef = 89718F271AE0C942004C3CB4 /* Ra.framework */; settings = {ATTRIBUTES = (CodeSignOnCopy, RemoveHeadersOnCopy, ); }; };
		89718F301AE0C9B4004C3CB4 /* Nimble.framework in Frameworks */ = {isa = PBXBuildFile; fileRef = 89718F2E1AE0C9B4004C3CB4 /* Nimble.framework */; };
		89718F311AE0C9B4004C3CB4 /* Quick.framework in Frameworks */ = {isa = PBXBuildFile; fileRef = 89718F2F1AE0C9B4004C3CB4 /* Quick.framework */; };
		89718F331AE0C9D6004C3CB4 /* Nimble.framework in Copy Frameworks */ = {isa = PBXBuildFile; fileRef = 89718F2E1AE0C9B4004C3CB4 /* Nimble.framework */; settings = {ATTRIBUTES = (CodeSignOnCopy, RemoveHeadersOnCopy, ); }; };
		89718F341AE0C9D6004C3CB4 /* Quick.framework in Copy Frameworks */ = {isa = PBXBuildFile; fileRef = 89718F2F1AE0C9B4004C3CB4 /* Quick.framework */; settings = {ATTRIBUTES = (CodeSignOnCopy, RemoveHeadersOnCopy, ); }; };
		89718F351AE0D953004C3CB4 /* Alamofire.framework in Frameworks */ = {isa = PBXBuildFile; fileRef = 89718F261AE0C942004C3CB4 /* Alamofire.framework */; };
		89718F361AE0D953004C3CB4 /* Ra.framework in Frameworks */ = {isa = PBXBuildFile; fileRef = 89718F271AE0C942004C3CB4 /* Ra.framework */; };
		89718F371AE0DD51004C3CB4 /* Alamofire.framework in Copy Frameworks */ = {isa = PBXBuildFile; fileRef = 89718F261AE0C942004C3CB4 /* Alamofire.framework */; settings = {ATTRIBUTES = (CodeSignOnCopy, RemoveHeadersOnCopy, ); }; };
		89718F381AE0DD51004C3CB4 /* Ra.framework in Copy Frameworks */ = {isa = PBXBuildFile; fileRef = 89718F271AE0C942004C3CB4 /* Ra.framework */; settings = {ATTRIBUTES = (CodeSignOnCopy, RemoveHeadersOnCopy, ); }; };
		897CD85C1A213F0900C97ECC /* MainMenu.xib in Resources */ = {isa = PBXBuildFile; fileRef = 89635F911A13C2E30052C248 /* MainMenu.xib */; };
		897CD85E1A21C49000C97ECC /* FeedView.swift in Sources */ = {isa = PBXBuildFile; fileRef = 897CD85D1A21C49000C97ECC /* FeedView.swift */; };
		897F70F21A38AFE500ECE1A1 /* EnclosuresViewController.swift in Sources */ = {isa = PBXBuildFile; fileRef = 897F70F11A38AFE500ECE1A1 /* EnclosuresViewController.swift */; };
		897F70F31A38AFE500ECE1A1 /* EnclosuresViewController.swift in Sources */ = {isa = PBXBuildFile; fileRef = 897F70F11A38AFE500ECE1A1 /* EnclosuresViewController.swift */; };
		897F70F91A39772C00ECE1A1 /* Data-extensions.swift in Sources */ = {isa = PBXBuildFile; fileRef = 8963F42D1A26674500B447D6 /* Data-extensions.swift */; };
		897F70FD1A3A4E7700ECE1A1 /* UnreadCounter.swift in Sources */ = {isa = PBXBuildFile; fileRef = 897F70FC1A3A4E7700ECE1A1 /* UnreadCounter.swift */; };
		897F71001A3A57A300ECE1A1 /* NSColor+RSSClient.m in Sources */ = {isa = PBXBuildFile; fileRef = 897F70FF1A3A57A300ECE1A1 /* NSColor+RSSClient.m */; };
		898046D51A1C385A00EB29F0 /* MainController.swift in Sources */ = {isa = PBXBuildFile; fileRef = 898046D41A1C385A00EB29F0 /* MainController.swift */; };
		898047451A20478600EB29F0 /* TUSafariActivity.strings in Resources */ = {isa = PBXBuildFile; fileRef = 8980473C1A20478600EB29F0 /* TUSafariActivity.strings */; };
		898047461A20478600EB29F0 /* TUSafariActivity.strings in Resources */ = {isa = PBXBuildFile; fileRef = 8980473C1A20478600EB29F0 /* TUSafariActivity.strings */; };
		898047471A20478600EB29F0 /* TUSafariActivity.strings in Resources */ = {isa = PBXBuildFile; fileRef = 8980473C1A20478600EB29F0 /* TUSafariActivity.strings */; };
		898047491A20478600EB29F0 /* safari.png in Resources */ = {isa = PBXBuildFile; fileRef = 8980473E1A20478600EB29F0 /* safari.png */; };
		8980474A1A20478600EB29F0 /* safari.png in Resources */ = {isa = PBXBuildFile; fileRef = 8980473E1A20478600EB29F0 /* safari.png */; };
		8980474D1A20478600EB29F0 /* safari@2x.png in Resources */ = {isa = PBXBuildFile; fileRef = 8980473F1A20478600EB29F0 /* safari@2x.png */; };
		8980474E1A20478600EB29F0 /* safari@2x.png in Resources */ = {isa = PBXBuildFile; fileRef = 8980473F1A20478600EB29F0 /* safari@2x.png */; };
		898047511A20478600EB29F0 /* safari@3x.png in Resources */ = {isa = PBXBuildFile; fileRef = 898047401A20478600EB29F0 /* safari@3x.png */; };
		898047521A20478600EB29F0 /* safari@3x.png in Resources */ = {isa = PBXBuildFile; fileRef = 898047401A20478600EB29F0 /* safari@3x.png */; };
		898047551A20478600EB29F0 /* safari~iPad.png in Resources */ = {isa = PBXBuildFile; fileRef = 898047411A20478600EB29F0 /* safari~iPad.png */; };
		898047561A20478600EB29F0 /* safari~iPad.png in Resources */ = {isa = PBXBuildFile; fileRef = 898047411A20478600EB29F0 /* safari~iPad.png */; };
		898047591A20478600EB29F0 /* safari~iPad@2x.png in Resources */ = {isa = PBXBuildFile; fileRef = 898047421A20478600EB29F0 /* safari~iPad@2x.png */; };
		8980475A1A20478600EB29F0 /* safari~iPad@2x.png in Resources */ = {isa = PBXBuildFile; fileRef = 898047421A20478600EB29F0 /* safari~iPad@2x.png */; };
		8980475D1A20478600EB29F0 /* TUSafariActivity.m in Sources */ = {isa = PBXBuildFile; fileRef = 898047441A20478600EB29F0 /* TUSafariActivity.m */; };
		8980475E1A20478600EB29F0 /* TUSafariActivity.m in Sources */ = {isa = PBXBuildFile; fileRef = 898047441A20478600EB29F0 /* TUSafariActivity.m */; };
		898047641A206CB100EB29F0 /* FeedsList.swift in Sources */ = {isa = PBXBuildFile; fileRef = 898047631A206CB100EB29F0 /* FeedsList.swift */; };
		898131681AF880400090FA7F /* Muon.framework in Frameworks */ = {isa = PBXBuildFile; fileRef = 898131671AF880400090FA7F /* Muon.framework */; };
		898131691AF880A70090FA7F /* Muon.framework in Copy Frameworks */ = {isa = PBXBuildFile; fileRef = 898131671AF880400090FA7F /* Muon.framework */; settings = {ATTRIBUTES = (CodeSignOnCopy, RemoveHeadersOnCopy, ); }; };
		8981316B1AFB1ED70090FA7F /* FeedRepository.swift in Sources */ = {isa = PBXBuildFile; fileRef = 8981316A1AFB1ED60090FA7F /* FeedRepository.swift */; };
		8981316C1AFB1ED70090FA7F /* FeedRepository.swift in Sources */ = {isa = PBXBuildFile; fileRef = 8981316A1AFB1ED60090FA7F /* FeedRepository.swift */; };
		899C47EC1A99B48B00F57B96 /* BreakOutToRefreshView.swift in Sources */ = {isa = PBXBuildFile; fileRef = 899C47EB1A99B48B00F57B96 /* BreakOutToRefreshView.swift */; };
		899C47ED1A99B48B00F57B96 /* BreakOutToRefreshView.swift in Sources */ = {isa = PBXBuildFile; fileRef = 899C47EB1A99B48B00F57B96 /* BreakOutToRefreshView.swift */; };
		899C47FB1A9A864700F57B96 /* DataManagerSpec.swift in Sources */ = {isa = PBXBuildFile; fileRef = 899C47FA1A9A864700F57B96 /* DataManagerSpec.swift */; };
		899C48171A9AC0E900F57B96 /* FindFeedViewControllerSpec.swift in Sources */ = {isa = PBXBuildFile; fileRef = 899C48161A9AC0E900F57B96 /* FindFeedViewControllerSpec.swift */; };
		89C204B51A73811000C792D2 /* AppDelegateSpec.swift in Sources */ = {isa = PBXBuildFile; fileRef = 89C204B41A73811000C792D2 /* AppDelegateSpec.swift */; };
		89C204BD1A73F72800C792D2 /* SplitDelegate.swift in Sources */ = {isa = PBXBuildFile; fileRef = 89C204BC1A73F72800C792D2 /* SplitDelegate.swift */; };
		89C204BE1A73FD1000C792D2 /* SplitDelegate.swift in Sources */ = {isa = PBXBuildFile; fileRef = 89C204BC1A73F72800C792D2 /* SplitDelegate.swift */; };
		89C204C21A73FEDA00C792D2 /* SplitDelegateSpec.swift in Sources */ = {isa = PBXBuildFile; fileRef = 89C204C11A73FEDA00C792D2 /* SplitDelegateSpec.swift */; };
		89C204C41A7400D100C792D2 /* NotificationHandler.swift in Sources */ = {isa = PBXBuildFile; fileRef = 89C204C31A7400D100C792D2 /* NotificationHandler.swift */; };
		89C204C51A7400D100C792D2 /* NotificationHandler.swift in Sources */ = {isa = PBXBuildFile; fileRef = 89C204C31A7400D100C792D2 /* NotificationHandler.swift */; };
		89C204C71A740D8900C792D2 /* NotificationHandlerSpec.swift in Sources */ = {isa = PBXBuildFile; fileRef = 89C204C61A740D8900C792D2 /* NotificationHandlerSpec.swift */; };
		89C509F01A2EB18300CBD000 /* FeedViewController.swift in Sources */ = {isa = PBXBuildFile; fileRef = 89C509EF1A2EB18300CBD000 /* FeedViewController.swift */; };
		89C509F11A2EB18300CBD000 /* FeedViewController.swift in Sources */ = {isa = PBXBuildFile; fileRef = 89C509EF1A2EB18300CBD000 /* FeedViewController.swift */; };
		89C509F41A2EE56E00CBD000 /* TagEditorViewController.swift in Sources */ = {isa = PBXBuildFile; fileRef = 89C509F31A2EE56E00CBD000 /* TagEditorViewController.swift */; };
		89C509F51A2EE56E00CBD000 /* TagEditorViewController.swift in Sources */ = {isa = PBXBuildFile; fileRef = 89C509F31A2EE56E00CBD000 /* TagEditorViewController.swift */; };
		89C509F71A2F825400CBD000 /* TextViewCell.swift in Sources */ = {isa = PBXBuildFile; fileRef = 89C509F61A2F825400CBD000 /* TextViewCell.swift */; };
		89C509F81A2F825400CBD000 /* TextViewCell.swift in Sources */ = {isa = PBXBuildFile; fileRef = 89C509F61A2F825400CBD000 /* TextViewCell.swift */; };
		89C509FA1A2F865F00CBD000 /* QueryFeedViewController.swift in Sources */ = {isa = PBXBuildFile; fileRef = 89C509F91A2F865F00CBD000 /* QueryFeedViewController.swift */; };
		89C509FB1A2F865F00CBD000 /* QueryFeedViewController.swift in Sources */ = {isa = PBXBuildFile; fileRef = 89C509F91A2F865F00CBD000 /* QueryFeedViewController.swift */; };
		89C7FBE01A183EBE00ACBDB2 /* MAKDropDownMenu.m in Sources */ = {isa = PBXBuildFile; fileRef = 89C7FBDF1A183EBE00ACBDB2 /* MAKDropDownMenu.m */; };
		89C7FBE11A183EBE00ACBDB2 /* MAKDropDownMenu.m in Sources */ = {isa = PBXBuildFile; fileRef = 89C7FBDF1A183EBE00ACBDB2 /* MAKDropDownMenu.m */; };
		89C7FBE81A18847A00ACBDB2 /* RBActivityIndicator.m in Sources */ = {isa = PBXBuildFile; fileRef = 89C7FBE71A18847A00ACBDB2 /* RBActivityIndicator.m */; };
		89C7FBE91A18847A00ACBDB2 /* RBActivityIndicator.m in Sources */ = {isa = PBXBuildFile; fileRef = 89C7FBE71A18847A00ACBDB2 /* RBActivityIndicator.m */; };
		89C8307919D730E9009924DA /* AppDelegate.swift in Sources */ = {isa = PBXBuildFile; fileRef = 89C8307819D730E9009924DA /* AppDelegate.swift */; };
		89C8307C19D730E9009924DA /* RSSClient.xcdatamodeld in Sources */ = {isa = PBXBuildFile; fileRef = 89C8307A19D730E9009924DA /* RSSClient.xcdatamodeld */; };
		89C8308319D730E9009924DA /* Images.xcassets in Resources */ = {isa = PBXBuildFile; fileRef = 89C8308219D730E9009924DA /* Images.xcassets */; };
		89C830A919D7B890009924DA /* DataManager.swift in Sources */ = {isa = PBXBuildFile; fileRef = 89C830A819D7B890009924DA /* DataManager.swift */; };
		89C830AE19D7CB8E009924DA /* ArticleListController.swift in Sources */ = {isa = PBXBuildFile; fileRef = 89C830AD19D7CB8E009924DA /* ArticleListController.swift */; };
		89C830B319D7D2CB009924DA /* ArticleCell.swift in Sources */ = {isa = PBXBuildFile; fileRef = 89C830B219D7D2CB009924DA /* ArticleCell.swift */; };
		89C830B619D7DE97009924DA /* ArticleViewController.swift in Sources */ = {isa = PBXBuildFile; fileRef = 89C830B519D7DE97009924DA /* ArticleViewController.swift */; };
		89C830B819D7EC55009924DA /* FindFeedViewController.swift in Sources */ = {isa = PBXBuildFile; fileRef = 89C830B719D7EC55009924DA /* FindFeedViewController.swift */; };
		89C830BB19D8904A009924DA /* findFeeds.js in Resources */ = {isa = PBXBuildFile; fileRef = 89C830B919D8904A009924DA /* findFeeds.js */; };
		89C830BF19D89722009924DA /* FindICO.js in Resources */ = {isa = PBXBuildFile; fileRef = 89C830BD19D89722009924DA /* FindICO.js */; };
		89C830C319D89E46009924DA /* Article.m in Sources */ = {isa = PBXBuildFile; fileRef = 89C830C219D89E46009924DA /* Article.m */; };
		89C830C619D8A058009924DA /* Feed.m in Sources */ = {isa = PBXBuildFile; fileRef = 89C830C519D8A058009924DA /* Feed.m */; };
		89C830C819DA2FEF009924DA /* FeedsTableViewController.swift in Sources */ = {isa = PBXBuildFile; fileRef = 89C830C719DA2FEE009924DA /* FeedsTableViewController.swift */; };
		89C830CA19DA37FB009924DA /* FeedTableCell.swift in Sources */ = {isa = PBXBuildFile; fileRef = 89C830C919DA37FB009924DA /* FeedTableCell.swift */; };
		89C830CD19DC67BA009924DA /* UnreadCounter.swift in Sources */ = {isa = PBXBuildFile; fileRef = 89C830CC19DC67B9009924DA /* UnreadCounter.swift */; };
		89D06A1B19FDBC52003909A3 /* Launch Screen.xib in Resources */ = {isa = PBXBuildFile; fileRef = 89D06A1A19FDBC52003909A3 /* Launch Screen.xib */; };
		89D06A2119FF210C003909A3 /* LoadingView.swift in Sources */ = {isa = PBXBuildFile; fileRef = 89D06A2019FF210C003909A3 /* LoadingView.swift */; };
		89D06A2219FF210C003909A3 /* LoadingView.swift in Sources */ = {isa = PBXBuildFile; fileRef = 89D06A2019FF210C003909A3 /* LoadingView.swift */; };
		89DA7D2C1A66111E0050685B /* TextFieldCell.swift in Sources */ = {isa = PBXBuildFile; fileRef = 89DA7D2B1A66111E0050685B /* TextFieldCell.swift */; };
		89DA7D2E1A6613100050685B /* ValidatorView.swift in Sources */ = {isa = PBXBuildFile; fileRef = 89DA7D2D1A6613100050685B /* ValidatorView.swift */; };
		89DA7D2F1A681B880050685B /* TextFieldCell.swift in Sources */ = {isa = PBXBuildFile; fileRef = 89DA7D2B1A66111E0050685B /* TextFieldCell.swift */; };
		89DA7D301A68C04C0050685B /* ValidatorView.swift in Sources */ = {isa = PBXBuildFile; fileRef = 89DA7D2D1A6613100050685B /* ValidatorView.swift */; };
		89DBDA9A1A9EBB0C00959AC7 /* feed.rss in Resources */ = {isa = PBXBuildFile; fileRef = 89DBDA991A9EBB0C00959AC7 /* feed.rss */; };
		89DBDA9C1A9FBCB200959AC7 /* feed2.rss in Resources */ = {isa = PBXBuildFile; fileRef = 89DBDA9B1A9FBC4100959AC7 /* feed2.rss */; };
		89EF4FD61A9682170052A82F /* OPMLParserSpec.swift in Sources */ = {isa = PBXBuildFile; fileRef = 89EF4FD51A9682170052A82F /* OPMLParserSpec.swift */; };
		89EF4FD81A96852D0052A82F /* test.opml in Resources */ = {isa = PBXBuildFile; fileRef = 89EF4FD71A96852D0052A82F /* test.opml */; };
		AE4355FE1A7AB7D900A961B9 /* SpecHelper.swift in Sources */ = {isa = PBXBuildFile; fileRef = AE4355FD1A7AB7D900A961B9 /* SpecHelper.swift */; };
		AE4356001A7ABA4F00A961B9 /* DataManagerMock.swift in Sources */ = {isa = PBXBuildFile; fileRef = AE4355FF1A7ABA4F00A961B9 /* DataManagerMock.swift */; };
		AE4356311A7AE4FE00A961B9 /* InjectorModule.swift in Sources */ = {isa = PBXBuildFile; fileRef = AE4356301A7AE4FE00A961B9 /* InjectorModule.swift */; };
		AE43563D1A7AE5D000A961B9 /* InjectorModule.swift in Sources */ = {isa = PBXBuildFile; fileRef = AE4356301A7AE4FE00A961B9 /* InjectorModule.swift */; };
/* End PBXBuildFile section */

/* Begin PBXContainerItemProxy section */
		AE43560A1A7AC61400A961B9 /* PBXContainerItemProxy */ = {
			isa = PBXContainerItemProxy;
			containerPortal = 89C8306B19D730E9009924DA /* Project object */;
			proxyType = 1;
			remoteGlobalIDString = 89C8307219D730E9009924DA;
			remoteInfo = RSSClient;
		};
/* End PBXContainerItemProxy section */

/* Begin PBXCopyFilesBuildPhase section */
		8933E92219ECD20600ECFF3F /* Copy Frameworks */ = {
			isa = PBXCopyFilesBuildPhase;
			buildActionMask = 2147483647;
			dstPath = "";
			dstSubfolderSpec = 10;
			files = (
				898131691AF880A70090FA7F /* Muon.framework in Copy Frameworks */,
				89718F2C1AE0C9A1004C3CB4 /* Alamofire.framework in Copy Frameworks */,
				89718F2D1AE0C9A1004C3CB4 /* Ra.framework in Copy Frameworks */,
			);
			name = "Copy Frameworks";
			runOnlyForDeploymentPostprocessing = 0;
		};
		89718F321AE0C9C2004C3CB4 /* Copy Frameworks */ = {
			isa = PBXCopyFilesBuildPhase;
			buildActionMask = 2147483647;
			dstPath = "";
			dstSubfolderSpec = 10;
			files = (
				89718F371AE0DD51004C3CB4 /* Alamofire.framework in Copy Frameworks */,
				89718F381AE0DD51004C3CB4 /* Ra.framework in Copy Frameworks */,
				89718F331AE0C9D6004C3CB4 /* Nimble.framework in Copy Frameworks */,
				89718F341AE0C9D6004C3CB4 /* Quick.framework in Copy Frameworks */,
			);
			name = "Copy Frameworks";
			runOnlyForDeploymentPostprocessing = 0;
		};
		898046D91A1C38AE00EB29F0 /* Copy Frameworks */ = {
			isa = PBXCopyFilesBuildPhase;
			buildActionMask = 2147483647;
			dstPath = "";
			dstSubfolderSpec = 10;
			files = (
			);
			name = "Copy Frameworks";
			runOnlyForDeploymentPostprocessing = 0;
		};
/* End PBXCopyFilesBuildPhase section */

/* Begin PBXFileReference section */
		890E47581AA19D69007F217C /* DataUtility.swift */ = {isa = PBXFileReference; fileEncoding = 4; lastKnownFileType = sourcecode.swift; path = DataUtility.swift; sourceTree = "<group>"; };
		890E47661AA19F7F007F217C /* DataUtilitySpec.swift */ = {isa = PBXFileReference; fileEncoding = 4; lastKnownFileType = sourcecode.swift; path = DataUtilitySpec.swift; sourceTree = "<group>"; };
		8924D8E81A094CF5003B7529 /* article.css */ = {isa = PBXFileReference; fileEncoding = 4; lastKnownFileType = text.css; path = article.css; sourceTree = "<group>"; };
		8924D8F11A0E8EEA003B7529 /* OPMLParser.swift */ = {isa = PBXFileReference; fileEncoding = 4; lastKnownFileType = sourcecode.swift; path = OPMLParser.swift; sourceTree = "<group>"; };
		8929D27E1A3F3E9400782A37 /* BackgroundView.swift */ = {isa = PBXFileReference; fileEncoding = 4; lastKnownFileType = sourcecode.swift; path = BackgroundView.swift; sourceTree = "<group>"; };
		8933E90419ECCBC300ECFF3F /* ALView+PureLayout.h */ = {isa = PBXFileReference; fileEncoding = 4; lastKnownFileType = sourcecode.c.h; name = "ALView+PureLayout.h"; path = "PureLayout/Source/ALView+PureLayout.h"; sourceTree = "<group>"; };
		8933E90519ECCBC300ECFF3F /* ALView+PureLayout.m */ = {isa = PBXFileReference; fileEncoding = 4; lastKnownFileType = sourcecode.c.objc; name = "ALView+PureLayout.m"; path = "PureLayout/Source/ALView+PureLayout.m"; sourceTree = "<group>"; };
		8933E90619ECCBC300ECFF3F /* NSArray+PureLayout.h */ = {isa = PBXFileReference; fileEncoding = 4; lastKnownFileType = sourcecode.c.h; name = "NSArray+PureLayout.h"; path = "PureLayout/Source/NSArray+PureLayout.h"; sourceTree = "<group>"; };
		8933E90719ECCBC300ECFF3F /* NSArray+PureLayout.m */ = {isa = PBXFileReference; fileEncoding = 4; lastKnownFileType = sourcecode.c.objc; name = "NSArray+PureLayout.m"; path = "PureLayout/Source/NSArray+PureLayout.m"; sourceTree = "<group>"; };
		8933E90819ECCBC300ECFF3F /* NSLayoutConstraint+PureLayout.h */ = {isa = PBXFileReference; fileEncoding = 4; lastKnownFileType = sourcecode.c.h; name = "NSLayoutConstraint+PureLayout.h"; path = "PureLayout/Source/NSLayoutConstraint+PureLayout.h"; sourceTree = "<group>"; };
		8933E90919ECCBC300ECFF3F /* NSLayoutConstraint+PureLayout.m */ = {isa = PBXFileReference; fileEncoding = 4; lastKnownFileType = sourcecode.c.objc; name = "NSLayoutConstraint+PureLayout.m"; path = "PureLayout/Source/NSLayoutConstraint+PureLayout.m"; sourceTree = "<group>"; };
		8933E90A19ECCBC300ECFF3F /* PureLayout.h */ = {isa = PBXFileReference; fileEncoding = 4; lastKnownFileType = sourcecode.c.h; name = PureLayout.h; path = PureLayout/Source/PureLayout.h; sourceTree = "<group>"; };
		8933E90B19ECCBC300ECFF3F /* PureLayout+Internal.h */ = {isa = PBXFileReference; fileEncoding = 4; lastKnownFileType = sourcecode.c.h; name = "PureLayout+Internal.h"; path = "PureLayout/Source/PureLayout+Internal.h"; sourceTree = "<group>"; };
		8933E90C19ECCBC300ECFF3F /* PureLayoutDefines.h */ = {isa = PBXFileReference; fileEncoding = 4; lastKnownFileType = sourcecode.c.h; name = PureLayoutDefines.h; path = PureLayout/Source/PureLayoutDefines.h; sourceTree = "<group>"; };
		8933E93219EE33F700ECFF3F /* UIColor+RSSClient.h */ = {isa = PBXFileReference; fileEncoding = 4; lastKnownFileType = sourcecode.c.h; path = "UIColor+RSSClient.h"; sourceTree = "<group>"; };
		8933E93319EE33F700ECFF3F /* UIColor+RSSClient.m */ = {isa = PBXFileReference; fileEncoding = 4; lastKnownFileType = sourcecode.c.objc; path = "UIColor+RSSClient.m"; sourceTree = "<group>"; };
		894896EB1A16F1130030EB6E /* LocalImportViewController.swift */ = {isa = PBXFileReference; fileEncoding = 4; lastKnownFileType = sourcecode.swift; path = LocalImportViewController.swift; sourceTree = "<group>"; };
		894C0C351A1329FB008229A4 /* AMPopTip.h */ = {isa = PBXFileReference; fileEncoding = 4; lastKnownFileType = sourcecode.c.h; path = AMPopTip.h; sourceTree = "<group>"; };
		894C0C361A1329FB008229A4 /* AMPopTip.m */ = {isa = PBXFileReference; fileEncoding = 4; lastKnownFileType = sourcecode.c.objc; path = AMPopTip.m; sourceTree = "<group>"; };
		8957799D19E62C7100548418 /* RSSClientTests-Bridging-Header.h */ = {isa = PBXFileReference; lastKnownFileType = sourcecode.c.h; path = "RSSClientTests-Bridging-Header.h"; sourceTree = "<group>"; };
		895782401A3CC0130022F345 /* CircularProgressLayer.swift */ = {isa = PBXFileReference; fileEncoding = 4; lastKnownFileType = sourcecode.swift; path = CircularProgressLayer.swift; sourceTree = "<group>"; };
		895901A11A2FFDDD002E2C62 /* RSSClient 1. 2.xcdatamodel */ = {isa = PBXFileReference; lastKnownFileType = wrapper.xcdatamodel; path = "RSSClient 1. 2.xcdatamodel"; sourceTree = "<group>"; };
		895901A21A30BA9C002E2C62 /* RSSClient 1. 3.xcdatamodel */ = {isa = PBXFileReference; lastKnownFileType = wrapper.xcdatamodel; path = "RSSClient 1. 3.xcdatamodel"; sourceTree = "<group>"; };
		895901A31A30BCB7002E2C62 /* Enclosure.h */ = {isa = PBXFileReference; fileEncoding = 4; lastKnownFileType = sourcecode.c.h; path = Enclosure.h; sourceTree = "<group>"; };
		895901A41A30BCB7002E2C62 /* Enclosure.m */ = {isa = PBXFileReference; fileEncoding = 4; lastKnownFileType = sourcecode.c.objc; path = Enclosure.m; sourceTree = "<group>"; };
		895901A81A30C5D1002E2C62 /* EnclosuresView.swift */ = {isa = PBXFileReference; fileEncoding = 4; lastKnownFileType = sourcecode.swift; path = EnclosuresView.swift; sourceTree = "<group>"; };
		895901AB1A30C6B7002E2C62 /* EnclosureCell.swift */ = {isa = PBXFileReference; fileEncoding = 4; lastKnownFileType = sourcecode.swift; path = EnclosureCell.swift; sourceTree = "<group>"; };
		895901B01A32B61A002E2C62 /* en */ = {isa = PBXFileReference; lastKnownFileType = text.plist.strings; name = en; path = Localizable.strings; sourceTree = "<group>"; };
		895901B21A32B61A002E2C62 /* en */ = {isa = PBXFileReference; lastKnownFileType = text.xml; name = en; path = Localizable.stringsdict; sourceTree = "<group>"; };
		89635F891A13C2E30052C248 /* rNews.app */ = {isa = PBXFileReference; explicitFileType = wrapper.application; includeInIndex = 0; path = rNews.app; sourceTree = BUILT_PRODUCTS_DIR; };
		89635F8C1A13C2E30052C248 /* Info.plist */ = {isa = PBXFileReference; lastKnownFileType = text.plist.xml; path = Info.plist; sourceTree = "<group>"; };
		89635F8D1A13C2E30052C248 /* AppDelegate.swift */ = {isa = PBXFileReference; lastKnownFileType = sourcecode.swift; path = AppDelegate.swift; sourceTree = "<group>"; };
		89635F8F1A13C2E30052C248 /* Images.xcassets */ = {isa = PBXFileReference; lastKnownFileType = folder.assetcatalog; path = Images.xcassets; sourceTree = "<group>"; };
		89635F921A13C2E30052C248 /* Base */ = {isa = PBXFileReference; lastKnownFileType = file.xib; name = Base; path = Base.lproj/MainMenu.xib; sourceTree = "<group>"; };
		89635F9D1A13C2E30052C248 /* Info.plist */ = {isa = PBXFileReference; lastKnownFileType = text.plist.xml; path = Info.plist; sourceTree = "<group>"; };
		89635F9E1A13C2E30052C248 /* RSSClient_OSXTests.swift */ = {isa = PBXFileReference; lastKnownFileType = sourcecode.swift; path = RSSClient_OSXTests.swift; sourceTree = "<group>"; };
		8963F42C1A2660DF00B447D6 /* RSSClient 1.1.xcdatamodel */ = {isa = PBXFileReference; lastKnownFileType = wrapper.xcdatamodel; path = "RSSClient 1.1.xcdatamodel"; sourceTree = "<group>"; };
		8963F42D1A26674500B447D6 /* Data-extensions.swift */ = {isa = PBXFileReference; fileEncoding = 4; lastKnownFileType = sourcecode.swift; path = "Data-extensions.swift"; sourceTree = "<group>"; };
		8963F4331A280F8E00B447D6 /* TagPickerView.swift */ = {isa = PBXFileReference; fileEncoding = 4; lastKnownFileType = sourcecode.swift; path = TagPickerView.swift; sourceTree = "<group>"; };
		8967DA051A4092A6000424F4 /* ArticlesList.swift */ = {isa = PBXFileReference; fileEncoding = 4; lastKnownFileType = sourcecode.swift; path = ArticlesList.swift; sourceTree = "<group>"; };
		8967DA071A409433000424F4 /* ArticleListView.swift */ = {isa = PBXFileReference; fileEncoding = 4; lastKnownFileType = sourcecode.swift; path = ArticleListView.swift; sourceTree = "<group>"; };
		89718F261AE0C942004C3CB4 /* Alamofire.framework */ = {isa = PBXFileReference; lastKnownFileType = wrapper.framework; name = Alamofire.framework; path = Carthage/Build/iOS/Alamofire.framework; sourceTree = SOURCE_ROOT; };
		89718F271AE0C942004C3CB4 /* Ra.framework */ = {isa = PBXFileReference; lastKnownFileType = wrapper.framework; name = Ra.framework; path = Carthage/Build/iOS/Ra.framework; sourceTree = SOURCE_ROOT; };
		89718F2E1AE0C9B4004C3CB4 /* Nimble.framework */ = {isa = PBXFileReference; lastKnownFileType = wrapper.framework; name = Nimble.framework; path = Carthage/Build/iOS/Nimble.framework; sourceTree = SOURCE_ROOT; };
		89718F2F1AE0C9B4004C3CB4 /* Quick.framework */ = {isa = PBXFileReference; lastKnownFileType = wrapper.framework; name = Quick.framework; path = Carthage/Build/iOS/Quick.framework; sourceTree = SOURCE_ROOT; };
		89744FB71A6970CA000AA7DE /* RSSClient 1.5.xcdatamodel */ = {isa = PBXFileReference; lastKnownFileType = wrapper.xcdatamodel; path = "RSSClient 1.5.xcdatamodel"; sourceTree = "<group>"; };
		897CD85D1A21C49000C97ECC /* FeedView.swift */ = {isa = PBXFileReference; fileEncoding = 4; lastKnownFileType = sourcecode.swift; path = FeedView.swift; sourceTree = "<group>"; };
		897F70F11A38AFE500ECE1A1 /* EnclosuresViewController.swift */ = {isa = PBXFileReference; fileEncoding = 4; lastKnownFileType = sourcecode.swift; path = EnclosuresViewController.swift; sourceTree = "<group>"; };
		897F70FC1A3A4E7700ECE1A1 /* UnreadCounter.swift */ = {isa = PBXFileReference; fileEncoding = 4; lastKnownFileType = sourcecode.swift; path = UnreadCounter.swift; sourceTree = "<group>"; };
		897F70FE1A3A57A300ECE1A1 /* NSColor+RSSClient.h */ = {isa = PBXFileReference; fileEncoding = 4; lastKnownFileType = sourcecode.c.h; path = "NSColor+RSSClient.h"; sourceTree = "<group>"; };
		897F70FF1A3A57A300ECE1A1 /* NSColor+RSSClient.m */ = {isa = PBXFileReference; fileEncoding = 4; lastKnownFileType = sourcecode.c.objc; path = "NSColor+RSSClient.m"; sourceTree = "<group>"; };
		898046D11A1BC8FD00EB29F0 /* rNews.entitlements */ = {isa = PBXFileReference; lastKnownFileType = text.xml; path = rNews.entitlements; sourceTree = "<group>"; };
		898046D31A1C36B000EB29F0 /* RSSClient-OSX-Bridging-Header.h */ = {isa = PBXFileReference; lastKnownFileType = sourcecode.c.h; path = "RSSClient-OSX-Bridging-Header.h"; sourceTree = "<group>"; };
		898046D41A1C385A00EB29F0 /* MainController.swift */ = {isa = PBXFileReference; fileEncoding = 4; lastKnownFileType = sourcecode.swift; path = MainController.swift; sourceTree = "<group>"; };
		8980473D1A20478600EB29F0 /* en */ = {isa = PBXFileReference; lastKnownFileType = text.plist.strings; name = en; path = TUSafariActivity.strings; sourceTree = "<group>"; };
		8980473E1A20478600EB29F0 /* safari.png */ = {isa = PBXFileReference; lastKnownFileType = image.png; name = safari.png; path = Vendor/TUSafariActivity/Classes/safari.png; sourceTree = "<group>"; };
		8980473F1A20478600EB29F0 /* safari@2x.png */ = {isa = PBXFileReference; lastKnownFileType = image.png; name = "safari@2x.png"; path = "Vendor/TUSafariActivity/Classes/safari@2x.png"; sourceTree = "<group>"; };
		898047401A20478600EB29F0 /* safari@3x.png */ = {isa = PBXFileReference; lastKnownFileType = image.png; name = "safari@3x.png"; path = "Vendor/TUSafariActivity/Classes/safari@3x.png"; sourceTree = "<group>"; };
		898047411A20478600EB29F0 /* safari~iPad.png */ = {isa = PBXFileReference; lastKnownFileType = image.png; name = "safari~iPad.png"; path = "Vendor/TUSafariActivity/Classes/safari~iPad.png"; sourceTree = "<group>"; };
		898047421A20478600EB29F0 /* safari~iPad@2x.png */ = {isa = PBXFileReference; lastKnownFileType = image.png; name = "safari~iPad@2x.png"; path = "Vendor/TUSafariActivity/Classes/safari~iPad@2x.png"; sourceTree = "<group>"; };
		898047431A20478600EB29F0 /* TUSafariActivity.h */ = {isa = PBXFileReference; fileEncoding = 4; lastKnownFileType = sourcecode.c.h; name = TUSafariActivity.h; path = Vendor/TUSafariActivity/Classes/TUSafariActivity.h; sourceTree = "<group>"; };
		898047441A20478600EB29F0 /* TUSafariActivity.m */ = {isa = PBXFileReference; fileEncoding = 4; lastKnownFileType = sourcecode.c.objc; name = TUSafariActivity.m; path = Vendor/TUSafariActivity/Classes/TUSafariActivity.m; sourceTree = "<group>"; };
		898047631A206CB100EB29F0 /* FeedsList.swift */ = {isa = PBXFileReference; fileEncoding = 4; lastKnownFileType = sourcecode.swift; name = FeedsList.swift; path = "RSSClient-OSX/FeedsList.swift"; sourceTree = SOURCE_ROOT; };
		898131671AF880400090FA7F /* Muon.framework */ = {isa = PBXFileReference; lastKnownFileType = wrapper.framework; name = Muon.framework; path = ../Carthage/Build/iOS/Muon.framework; sourceTree = "<group>"; };
		8981316A1AFB1ED60090FA7F /* FeedRepository.swift */ = {isa = PBXFileReference; fileEncoding = 4; lastKnownFileType = sourcecode.swift; path = FeedRepository.swift; sourceTree = "<group>"; };
		899C47EB1A99B48B00F57B96 /* BreakOutToRefreshView.swift */ = {isa = PBXFileReference; fileEncoding = 4; lastKnownFileType = sourcecode.swift; name = BreakOutToRefreshView.swift; path = Vendor/BreakOutToRefreshView.swift; sourceTree = "<group>"; };
		899C47FA1A9A864700F57B96 /* DataManagerSpec.swift */ = {isa = PBXFileReference; fileEncoding = 4; lastKnownFileType = sourcecode.swift; path = DataManagerSpec.swift; sourceTree = "<group>"; };
		899C48161A9AC0E900F57B96 /* FindFeedViewControllerSpec.swift */ = {isa = PBXFileReference; fileEncoding = 4; lastKnownFileType = sourcecode.swift; path = FindFeedViewControllerSpec.swift; sourceTree = "<group>"; };
		89C204B41A73811000C792D2 /* AppDelegateSpec.swift */ = {isa = PBXFileReference; fileEncoding = 4; lastKnownFileType = sourcecode.swift; path = AppDelegateSpec.swift; sourceTree = "<group>"; };
		89C204BC1A73F72800C792D2 /* SplitDelegate.swift */ = {isa = PBXFileReference; fileEncoding = 4; lastKnownFileType = sourcecode.swift; path = SplitDelegate.swift; sourceTree = "<group>"; };
		89C204C11A73FEDA00C792D2 /* SplitDelegateSpec.swift */ = {isa = PBXFileReference; fileEncoding = 4; lastKnownFileType = sourcecode.swift; path = SplitDelegateSpec.swift; sourceTree = "<group>"; };
		89C204C31A7400D100C792D2 /* NotificationHandler.swift */ = {isa = PBXFileReference; fileEncoding = 4; lastKnownFileType = sourcecode.swift; path = NotificationHandler.swift; sourceTree = "<group>"; };
		89C204C61A740D8900C792D2 /* NotificationHandlerSpec.swift */ = {isa = PBXFileReference; fileEncoding = 4; lastKnownFileType = sourcecode.swift; path = NotificationHandlerSpec.swift; sourceTree = "<group>"; };
		89C509EF1A2EB18300CBD000 /* FeedViewController.swift */ = {isa = PBXFileReference; fileEncoding = 4; lastKnownFileType = sourcecode.swift; path = FeedViewController.swift; sourceTree = "<group>"; };
		89C509F31A2EE56E00CBD000 /* TagEditorViewController.swift */ = {isa = PBXFileReference; fileEncoding = 4; lastKnownFileType = sourcecode.swift; path = TagEditorViewController.swift; sourceTree = "<group>"; };
		89C509F61A2F825400CBD000 /* TextViewCell.swift */ = {isa = PBXFileReference; fileEncoding = 4; lastKnownFileType = sourcecode.swift; path = TextViewCell.swift; sourceTree = "<group>"; };
		89C509F91A2F865F00CBD000 /* QueryFeedViewController.swift */ = {isa = PBXFileReference; fileEncoding = 4; lastKnownFileType = sourcecode.swift; path = QueryFeedViewController.swift; sourceTree = "<group>"; };
		89C7FBDE1A183EBE00ACBDB2 /* MAKDropDownMenu.h */ = {isa = PBXFileReference; fileEncoding = 4; lastKnownFileType = sourcecode.c.h; path = MAKDropDownMenu.h; sourceTree = "<group>"; };
		89C7FBDF1A183EBE00ACBDB2 /* MAKDropDownMenu.m */ = {isa = PBXFileReference; fileEncoding = 4; lastKnownFileType = sourcecode.c.objc; path = MAKDropDownMenu.m; sourceTree = "<group>"; };
		89C7FBE61A18847A00ACBDB2 /* RBActivityIndicator.h */ = {isa = PBXFileReference; fileEncoding = 4; lastKnownFileType = sourcecode.c.h; path = RBActivityIndicator.h; sourceTree = "<group>"; };
		89C7FBE71A18847A00ACBDB2 /* RBActivityIndicator.m */ = {isa = PBXFileReference; fileEncoding = 4; lastKnownFileType = sourcecode.c.objc; path = RBActivityIndicator.m; sourceTree = "<group>"; };
		89C8307319D730E9009924DA /* rNews.app */ = {isa = PBXFileReference; explicitFileType = wrapper.application; includeInIndex = 0; path = rNews.app; sourceTree = BUILT_PRODUCTS_DIR; };
		89C8307719D730E9009924DA /* Info.plist */ = {isa = PBXFileReference; lastKnownFileType = text.plist.xml; path = Info.plist; sourceTree = "<group>"; };
		89C8307819D730E9009924DA /* AppDelegate.swift */ = {isa = PBXFileReference; lastKnownFileType = sourcecode.swift; path = AppDelegate.swift; sourceTree = "<group>"; };
		89C8307B19D730E9009924DA /* RSSClient.xcdatamodel */ = {isa = PBXFileReference; lastKnownFileType = wrapper.xcdatamodel; path = RSSClient.xcdatamodel; sourceTree = "<group>"; };
		89C8308219D730E9009924DA /* Images.xcassets */ = {isa = PBXFileReference; lastKnownFileType = folder.assetcatalog; path = Images.xcassets; sourceTree = "<group>"; };
		89C8308B19D730E9009924DA /* RSSClientTests.xctest */ = {isa = PBXFileReference; explicitFileType = wrapper.cfbundle; includeInIndex = 0; path = RSSClientTests.xctest; sourceTree = BUILT_PRODUCTS_DIR; };
		89C8309019D730E9009924DA /* Info.plist */ = {isa = PBXFileReference; lastKnownFileType = text.plist.xml; path = Info.plist; sourceTree = "<group>"; };
		89C8309B19D73334009924DA /* RSSClient-Bridging-Header.h */ = {isa = PBXFileReference; lastKnownFileType = sourcecode.c.h; path = "RSSClient-Bridging-Header.h"; sourceTree = "<group>"; };
		89C830A819D7B890009924DA /* DataManager.swift */ = {isa = PBXFileReference; fileEncoding = 4; lastKnownFileType = sourcecode.swift; path = DataManager.swift; sourceTree = "<group>"; };
		89C830AD19D7CB8E009924DA /* ArticleListController.swift */ = {isa = PBXFileReference; fileEncoding = 4; lastKnownFileType = sourcecode.swift; path = ArticleListController.swift; sourceTree = "<group>"; };
		89C830B219D7D2CB009924DA /* ArticleCell.swift */ = {isa = PBXFileReference; fileEncoding = 4; lastKnownFileType = sourcecode.swift; path = ArticleCell.swift; sourceTree = "<group>"; };
		89C830B519D7DE97009924DA /* ArticleViewController.swift */ = {isa = PBXFileReference; fileEncoding = 4; lastKnownFileType = sourcecode.swift; path = ArticleViewController.swift; sourceTree = "<group>"; };
		89C830B719D7EC55009924DA /* FindFeedViewController.swift */ = {isa = PBXFileReference; fileEncoding = 4; lastKnownFileType = sourcecode.swift; path = FindFeedViewController.swift; sourceTree = "<group>"; };
		89C830B919D8904A009924DA /* findFeeds.js */ = {isa = PBXFileReference; fileEncoding = 4; lastKnownFileType = sourcecode.javascript; path = findFeeds.js; sourceTree = "<group>"; };
		89C830BD19D89722009924DA /* FindICO.js */ = {isa = PBXFileReference; fileEncoding = 4; lastKnownFileType = sourcecode.javascript; path = FindICO.js; sourceTree = "<group>"; };
		89C830C119D89E46009924DA /* Article.h */ = {isa = PBXFileReference; fileEncoding = 4; lastKnownFileType = sourcecode.c.h; path = Article.h; sourceTree = "<group>"; };
		89C830C219D89E46009924DA /* Article.m */ = {isa = PBXFileReference; fileEncoding = 4; lastKnownFileType = sourcecode.c.objc; path = Article.m; sourceTree = "<group>"; };
		89C830C419D8A058009924DA /* Feed.h */ = {isa = PBXFileReference; fileEncoding = 4; lastKnownFileType = sourcecode.c.h; path = Feed.h; sourceTree = "<group>"; };
		89C830C519D8A058009924DA /* Feed.m */ = {isa = PBXFileReference; fileEncoding = 4; lastKnownFileType = sourcecode.c.objc; path = Feed.m; sourceTree = "<group>"; };
		89C830C719DA2FEE009924DA /* FeedsTableViewController.swift */ = {isa = PBXFileReference; fileEncoding = 4; lastKnownFileType = sourcecode.swift; path = FeedsTableViewController.swift; sourceTree = "<group>"; };
		89C830C919DA37FB009924DA /* FeedTableCell.swift */ = {isa = PBXFileReference; fileEncoding = 4; lastKnownFileType = sourcecode.swift; path = FeedTableCell.swift; sourceTree = "<group>"; };
		89C830CC19DC67B9009924DA /* UnreadCounter.swift */ = {isa = PBXFileReference; fileEncoding = 4; lastKnownFileType = sourcecode.swift; path = UnreadCounter.swift; sourceTree = "<group>"; };
		89D06A1A19FDBC52003909A3 /* Launch Screen.xib */ = {isa = PBXFileReference; fileEncoding = 4; lastKnownFileType = file.xib; path = "Launch Screen.xib"; sourceTree = "<group>"; };
		89D06A2019FF210C003909A3 /* LoadingView.swift */ = {isa = PBXFileReference; fileEncoding = 4; lastKnownFileType = sourcecode.swift; path = LoadingView.swift; sourceTree = "<group>"; };
		89D135101A5944A200B6937A /* RSSClient 1.4.xcdatamodel */ = {isa = PBXFileReference; lastKnownFileType = wrapper.xcdatamodel; path = "RSSClient 1.4.xcdatamodel"; sourceTree = "<group>"; };
		89DA7D2B1A66111E0050685B /* TextFieldCell.swift */ = {isa = PBXFileReference; fileEncoding = 4; lastKnownFileType = sourcecode.swift; path = TextFieldCell.swift; sourceTree = "<group>"; };
		89DA7D2D1A6613100050685B /* ValidatorView.swift */ = {isa = PBXFileReference; fileEncoding = 4; lastKnownFileType = sourcecode.swift; path = ValidatorView.swift; sourceTree = "<group>"; };
		89DBDA991A9EBB0C00959AC7 /* feed.rss */ = {isa = PBXFileReference; fileEncoding = 4; lastKnownFileType = text.xml; path = feed.rss; sourceTree = "<group>"; };
		89DBDA9B1A9FBC4100959AC7 /* feed2.rss */ = {isa = PBXFileReference; lastKnownFileType = text.xml; path = feed2.rss; sourceTree = "<group>"; };
		89EF4FD51A9682170052A82F /* OPMLParserSpec.swift */ = {isa = PBXFileReference; fileEncoding = 4; lastKnownFileType = sourcecode.swift; path = OPMLParserSpec.swift; sourceTree = "<group>"; };
		89EF4FD71A96852D0052A82F /* test.opml */ = {isa = PBXFileReference; fileEncoding = 4; lastKnownFileType = text.xml; path = test.opml; sourceTree = "<group>"; };
		AE4355FD1A7AB7D900A961B9 /* SpecHelper.swift */ = {isa = PBXFileReference; fileEncoding = 4; lastKnownFileType = sourcecode.swift; path = SpecHelper.swift; sourceTree = "<group>"; };
		AE4355FF1A7ABA4F00A961B9 /* DataManagerMock.swift */ = {isa = PBXFileReference; fileEncoding = 4; lastKnownFileType = sourcecode.swift; path = DataManagerMock.swift; sourceTree = "<group>"; };
		AE4356301A7AE4FE00A961B9 /* InjectorModule.swift */ = {isa = PBXFileReference; fileEncoding = 4; lastKnownFileType = sourcecode.swift; path = InjectorModule.swift; sourceTree = "<group>"; };
/* End PBXFileReference section */

/* Begin PBXFrameworksBuildPhase section */
		89635F861A13C2E30052C248 /* Frameworks */ = {
			isa = PBXFrameworksBuildPhase;
			buildActionMask = 2147483647;
			files = (
			);
			runOnlyForDeploymentPostprocessing = 0;
		};
		89C8307019D730E9009924DA /* Frameworks */ = {
			isa = PBXFrameworksBuildPhase;
			buildActionMask = 2147483647;
			files = (
				89718F281AE0C942004C3CB4 /* Alamofire.framework in Frameworks */,
				89718F2A1AE0C942004C3CB4 /* Ra.framework in Frameworks */,
				898131681AF880400090FA7F /* Muon.framework in Frameworks */,
			);
			runOnlyForDeploymentPostprocessing = 0;
		};
		89C8308819D730E9009924DA /* Frameworks */ = {
			isa = PBXFrameworksBuildPhase;
			buildActionMask = 2147483647;
			files = (
				89718F311AE0C9B4004C3CB4 /* Quick.framework in Frameworks */,
				89718F351AE0D953004C3CB4 /* Alamofire.framework in Frameworks */,
				89718F301AE0C9B4004C3CB4 /* Nimble.framework in Frameworks */,
				89718F361AE0D953004C3CB4 /* Ra.framework in Frameworks */,
			);
			runOnlyForDeploymentPostprocessing = 0;
		};
/* End PBXFrameworksBuildPhase section */

/* Begin PBXGroup section */
		8933E91019ECCBCA00ECFF3F /* PureLayout */ = {
			isa = PBXGroup;
			children = (
				8933E90419ECCBC300ECFF3F /* ALView+PureLayout.h */,
				8933E90519ECCBC300ECFF3F /* ALView+PureLayout.m */,
				8933E90619ECCBC300ECFF3F /* NSArray+PureLayout.h */,
				8933E90719ECCBC300ECFF3F /* NSArray+PureLayout.m */,
				8933E90819ECCBC300ECFF3F /* NSLayoutConstraint+PureLayout.h */,
				8933E90919ECCBC300ECFF3F /* NSLayoutConstraint+PureLayout.m */,
				8933E90A19ECCBC300ECFF3F /* PureLayout.h */,
				8933E90B19ECCBC300ECFF3F /* PureLayout+Internal.h */,
				8933E90C19ECCBC300ECFF3F /* PureLayoutDefines.h */,
			);
			name = PureLayout;
			sourceTree = "<group>";
		};
		8933E93519EE342F00ECFF3F /* Categories */ = {
			isa = PBXGroup;
			children = (
				8933E93219EE33F700ECFF3F /* UIColor+RSSClient.h */,
				8933E93319EE33F700ECFF3F /* UIColor+RSSClient.m */,
			);
			name = Categories;
			sourceTree = "<group>";
		};
		894C0C341A1329FB008229A4 /* AMPopTip */ = {
			isa = PBXGroup;
			children = (
				894C0C351A1329FB008229A4 /* AMPopTip.h */,
				894C0C361A1329FB008229A4 /* AMPopTip.m */,
			);
			name = AMPopTip;
			path = AMPopTip/AMPopTip;
			sourceTree = "<group>";
		};
		895901AE1A32B61A002E2C62 /* en.lproj */ = {
			isa = PBXGroup;
			children = (
				895901AF1A32B61A002E2C62 /* Localizable.strings */,
				895901B11A32B61A002E2C62 /* Localizable.stringsdict */,
			);
			path = en.lproj;
			sourceTree = SOURCE_ROOT;
		};
		89635F8A1A13C2E30052C248 /* RSSClient-OSX */ = {
			isa = PBXGroup;
			children = (
				89635F8D1A13C2E30052C248 /* AppDelegate.swift */,
				898046D41A1C385A00EB29F0 /* MainController.swift */,
				8967DA041A409274000424F4 /* Feeds */,
				8967DA091A40979D000424F4 /* Articles */,
				897F70FC1A3A4E7700ECE1A1 /* UnreadCounter.swift */,
				8929D27E1A3F3E9400782A37 /* BackgroundView.swift */,
				897F70FE1A3A57A300ECE1A1 /* NSColor+RSSClient.h */,
				897F70FF1A3A57A300ECE1A1 /* NSColor+RSSClient.m */,
				898046D31A1C36B000EB29F0 /* RSSClient-OSX-Bridging-Header.h */,
				89635F8F1A13C2E30052C248 /* Images.xcassets */,
				89635F911A13C2E30052C248 /* MainMenu.xib */,
				89635F8B1A13C2E30052C248 /* Supporting Files */,
			);
			path = "RSSClient-OSX";
			sourceTree = "<group>";
		};
		89635F8B1A13C2E30052C248 /* Supporting Files */ = {
			isa = PBXGroup;
			children = (
				89635F8C1A13C2E30052C248 /* Info.plist */,
			);
			name = "Supporting Files";
			sourceTree = "<group>";
		};
		89635F9B1A13C2E30052C248 /* RSSClient-OSXTests */ = {
			isa = PBXGroup;
			children = (
				89635F9E1A13C2E30052C248 /* RSSClient_OSXTests.swift */,
				89635F9C1A13C2E30052C248 /* Supporting Files */,
			);
			path = "RSSClient-OSXTests";
			sourceTree = "<group>";
		};
		89635F9C1A13C2E30052C248 /* Supporting Files */ = {
			isa = PBXGroup;
			children = (
				89635F9D1A13C2E30052C248 /* Info.plist */,
			);
			name = "Supporting Files";
			sourceTree = "<group>";
		};
		8967DA041A409274000424F4 /* Feeds */ = {
			isa = PBXGroup;
			children = (
				898047631A206CB100EB29F0 /* FeedsList.swift */,
				897CD85D1A21C49000C97ECC /* FeedView.swift */,
			);
			name = Feeds;
			sourceTree = "<group>";
		};
		8967DA091A40979D000424F4 /* Articles */ = {
			isa = PBXGroup;
			children = (
				8967DA051A4092A6000424F4 /* ArticlesList.swift */,
				8967DA071A409433000424F4 /* ArticleListView.swift */,
			);
			name = Articles;
			sourceTree = "<group>";
		};
		8980473A1A20476900EB29F0 /* TUSafariActivity */ = {
			isa = PBXGroup;
			children = (
				8980473B1A20478600EB29F0 /* en.lproj */,
				8980473E1A20478600EB29F0 /* safari.png */,
				8980473F1A20478600EB29F0 /* safari@2x.png */,
				898047401A20478600EB29F0 /* safari@3x.png */,
				898047411A20478600EB29F0 /* safari~iPad.png */,
				898047421A20478600EB29F0 /* safari~iPad@2x.png */,
				898047431A20478600EB29F0 /* TUSafariActivity.h */,
				898047441A20478600EB29F0 /* TUSafariActivity.m */,
			);
			name = TUSafariActivity;
			sourceTree = "<group>";
		};
		8980473B1A20478600EB29F0 /* en.lproj */ = {
			isa = PBXGroup;
			children = (
				8980473C1A20478600EB29F0 /* TUSafariActivity.strings */,
			);
			name = en.lproj;
			path = Vendor/TUSafariActivity/Classes/en.lproj;
			sourceTree = "<group>";
		};
		899C47F91A99B49000F57B96 /* BreakOutToRefresh */ = {
			isa = PBXGroup;
			children = (
				899C47EB1A99B48B00F57B96 /* BreakOutToRefreshView.swift */,
			);
			name = BreakOutToRefresh;
			sourceTree = "<group>";
		};
		899C48021A9AB6A900F57B96 /* Domain */ = {
			isa = PBXGroup;
			children = (
				899C47FA1A9A864700F57B96 /* DataManagerSpec.swift */,
				890E47661AA19F7F007F217C /* DataUtilitySpec.swift */,
			);
			name = Domain;
			sourceTree = "<group>";
		};
		899C48181A9AC0F000F57B96 /* UI */ = {
			isa = PBXGroup;
			children = (
				899C48161A9AC0E900F57B96 /* FindFeedViewControllerSpec.swift */,
			);
			name = UI;
			sourceTree = "<group>";
		};
		89C7FBDD1A183EBE00ACBDB2 /* DropDownMenu */ = {
			isa = PBXGroup;
			children = (
				89C7FBDE1A183EBE00ACBDB2 /* MAKDropDownMenu.h */,
				89C7FBDF1A183EBE00ACBDB2 /* MAKDropDownMenu.m */,
			);
			path = DropDownMenu;
			sourceTree = "<group>";
		};
		89C7FBEA1A18848000ACBDB2 /* RBActivityIndicator */ = {
			isa = PBXGroup;
			children = (
				89C7FBE61A18847A00ACBDB2 /* RBActivityIndicator.h */,
				89C7FBE71A18847A00ACBDB2 /* RBActivityIndicator.m */,
			);
			name = RBActivityIndicator;
			sourceTree = "<group>";
		};
		89C8306A19D730E9009924DA = {
			isa = PBXGroup;
			children = (
				89EF4FC61A9681650052A82F /* Vendor */,
				89C8307519D730E9009924DA /* RSSClient */,
				89C8308E19D730E9009924DA /* RSSClientTests */,
				89635F8A1A13C2E30052C248 /* RSSClient-OSX */,
				89635F9B1A13C2E30052C248 /* RSSClient-OSXTests */,
				89C8307419D730E9009924DA /* Products */,
			);
			sourceTree = "<group>";
		};
		89C8307419D730E9009924DA /* Products */ = {
			isa = PBXGroup;
			children = (
				89C8307319D730E9009924DA /* rNews.app */,
				89C8308B19D730E9009924DA /* RSSClientTests.xctest */,
				89635F891A13C2E30052C248 /* rNews.app */,
			);
			name = Products;
			sourceTree = "<group>";
		};
		89C8307519D730E9009924DA /* RSSClient */ = {
			isa = PBXGroup;
			children = (
				898046D11A1BC8FD00EB29F0 /* rNews.entitlements */,
				89EF4FE31A97DAD70052A82F /* Application */,
				89C830CC19DC67B9009924DA /* UnreadCounter.swift */,
				89D06A2019FF210C003909A3 /* LoadingView.swift */,
				89EF4FD41A9681EC0052A82F /* Parsers */,
				89C830B119D7D2B7009924DA /* Feeds */,
				89C830B419D7D2D2009924DA /* Articles */,
				89C8308219D730E9009924DA /* Images.xcassets */,
				89D06A1A19FDBC52003909A3 /* Launch Screen.xib */,
				89C830AC19D7BDE0009924DA /* Domain */,
				8933E93519EE342F00ECFF3F /* Categories */,
				89C8309B19D73334009924DA /* RSSClient-Bridging-Header.h */,
				89C8307619D730E9009924DA /* Supporting Files */,
				89718F261AE0C942004C3CB4 /* Alamofire.framework */,
				89718F271AE0C942004C3CB4 /* Ra.framework */,
				898131671AF880400090FA7F /* Muon.framework */,
			);
			path = RSSClient;
			sourceTree = "<group>";
		};
		89C8307619D730E9009924DA /* Supporting Files */ = {
			isa = PBXGroup;
			children = (
				895901AE1A32B61A002E2C62 /* en.lproj */,
				89C8307719D730E9009924DA /* Info.plist */,
			);
			name = "Supporting Files";
			sourceTree = "<group>";
		};
		89C8308E19D730E9009924DA /* RSSClientTests */ = {
			isa = PBXGroup;
			children = (
				89C8308F19D730E9009924DA /* Supporting Files */,
				89C204B41A73811000C792D2 /* AppDelegateSpec.swift */,
				89C204C11A73FEDA00C792D2 /* SplitDelegateSpec.swift */,
				89C204C61A740D8900C792D2 /* NotificationHandlerSpec.swift */,
				899C48181A9AC0F000F57B96 /* UI */,
				899C48021A9AB6A900F57B96 /* Domain */,
				89EF4FDB1A9790350052A82F /* Parsers */,
				AE4355FD1A7AB7D900A961B9 /* SpecHelper.swift */,
				AE4356071A7ABAD500A961B9 /* Mocks */,
				8957799D19E62C7100548418 /* RSSClientTests-Bridging-Header.h */,
				89718F2E1AE0C9B4004C3CB4 /* Nimble.framework */,
				89718F2F1AE0C9B4004C3CB4 /* Quick.framework */,
			);
			path = RSSClientTests;
			sourceTree = "<group>";
		};
		89C8308F19D730E9009924DA /* Supporting Files */ = {
			isa = PBXGroup;
			children = (
				89DBDA991A9EBB0C00959AC7 /* feed.rss */,
				89DBDA9B1A9FBC4100959AC7 /* feed2.rss */,
				89EF4FD71A96852D0052A82F /* test.opml */,
				89C8309019D730E9009924DA /* Info.plist */,
			);
			name = "Supporting Files";
			sourceTree = "<group>";
		};
		89C830AC19D7BDE0009924DA /* Domain */ = {
			isa = PBXGroup;
			children = (
				8981316A1AFB1ED60090FA7F /* FeedRepository.swift */,
				89C830A819D7B890009924DA /* DataManager.swift */,
				890E47581AA19D69007F217C /* DataUtility.swift */,
				89C8307A19D730E9009924DA /* RSSClient.xcdatamodeld */,
				89C830C119D89E46009924DA /* Article.h */,
				89C830C219D89E46009924DA /* Article.m */,
				89C830C419D8A058009924DA /* Feed.h */,
				89C830C519D8A058009924DA /* Feed.m */,
				895901A31A30BCB7002E2C62 /* Enclosure.h */,
				895901A41A30BCB7002E2C62 /* Enclosure.m */,
				8963F42D1A26674500B447D6 /* Data-extensions.swift */,
			);
			name = Domain;
			sourceTree = "<group>";
		};
		89C830B119D7D2B7009924DA /* Feeds */ = {
			isa = PBXGroup;
			children = (
				89EF4FDE1A97D9B00052A82F /* Viewing Feeds */,
				89EF4FDD1A97D9A80052A82F /* Importing Feeds */,
				89EF4FDC1A97D99B0052A82F /* Editing Feeds */,
			);
			name = Feeds;
			sourceTree = "<group>";
		};
		89C830B419D7D2D2009924DA /* Articles */ = {
			isa = PBXGroup;
			children = (
				89EF4FE11A97D9E60052A82F /* Viewing articles */,
				89EF4FE01A97D9DF0052A82F /* Reading an article */,
				89EF4FDF1A97D9D20052A82F /* Enclosures */,
			);
			name = Articles;
			sourceTree = "<group>";
		};
		89EF4FC61A9681650052A82F /* Vendor */ = {
			isa = PBXGroup;
			children = (
				899C47F91A99B49000F57B96 /* BreakOutToRefresh */,
				8980473A1A20476900EB29F0 /* TUSafariActivity */,
				8933E91019ECCBCA00ECFF3F /* PureLayout */,
				894C0C341A1329FB008229A4 /* AMPopTip */,
				89C7FBDD1A183EBE00ACBDB2 /* DropDownMenu */,
				89C7FBEA1A18848000ACBDB2 /* RBActivityIndicator */,
			);
			name = Vendor;
			sourceTree = "<group>";
		};
		89EF4FD41A9681EC0052A82F /* Parsers */ = {
			isa = PBXGroup;
			children = (
				8924D8F11A0E8EEA003B7529 /* OPMLParser.swift */,
			);
			name = Parsers;
			sourceTree = "<group>";
		};
		89EF4FDB1A9790350052A82F /* Parsers */ = {
			isa = PBXGroup;
			children = (
				89EF4FD51A9682170052A82F /* OPMLParserSpec.swift */,
			);
			name = Parsers;
			sourceTree = "<group>";
		};
		89EF4FDC1A97D99B0052A82F /* Editing Feeds */ = {
			isa = PBXGroup;
			children = (
				89C509EF1A2EB18300CBD000 /* FeedViewController.swift */,
				89C509F91A2F865F00CBD000 /* QueryFeedViewController.swift */,
				89C509F61A2F825400CBD000 /* TextViewCell.swift */,
				89DA7D2D1A6613100050685B /* ValidatorView.swift */,
				89DA7D2B1A66111E0050685B /* TextFieldCell.swift */,
				89EF4FE21A97DA270052A82F /* Tags */,
			);
			name = "Editing Feeds";
			sourceTree = "<group>";
		};
		89EF4FDD1A97D9A80052A82F /* Importing Feeds */ = {
			isa = PBXGroup;
			children = (
				89C830B719D7EC55009924DA /* FindFeedViewController.swift */,
				894896EB1A16F1130030EB6E /* LocalImportViewController.swift */,
				89C830B919D8904A009924DA /* findFeeds.js */,
				89C830BD19D89722009924DA /* FindICO.js */,
			);
			name = "Importing Feeds";
			sourceTree = "<group>";
		};
		89EF4FDE1A97D9B00052A82F /* Viewing Feeds */ = {
			isa = PBXGroup;
			children = (
				89C830C719DA2FEE009924DA /* FeedsTableViewController.swift */,
				89C830C919DA37FB009924DA /* FeedTableCell.swift */,
			);
			name = "Viewing Feeds";
			sourceTree = "<group>";
		};
		89EF4FDF1A97D9D20052A82F /* Enclosures */ = {
			isa = PBXGroup;
			children = (
				897F70F11A38AFE500ECE1A1 /* EnclosuresViewController.swift */,
				895901A81A30C5D1002E2C62 /* EnclosuresView.swift */,
				895901AB1A30C6B7002E2C62 /* EnclosureCell.swift */,
				895782401A3CC0130022F345 /* CircularProgressLayer.swift */,
			);
			name = Enclosures;
			sourceTree = "<group>";
		};
		89EF4FE01A97D9DF0052A82F /* Reading an article */ = {
			isa = PBXGroup;
			children = (
				89C830B519D7DE97009924DA /* ArticleViewController.swift */,
				8924D8E81A094CF5003B7529 /* article.css */,
			);
			name = "Reading an article";
			sourceTree = "<group>";
		};
		89EF4FE11A97D9E60052A82F /* Viewing articles */ = {
			isa = PBXGroup;
			children = (
				89C830AD19D7CB8E009924DA /* ArticleListController.swift */,
				89C830B219D7D2CB009924DA /* ArticleCell.swift */,
			);
			name = "Viewing articles";
			sourceTree = "<group>";
		};
		89EF4FE21A97DA270052A82F /* Tags */ = {
			isa = PBXGroup;
			children = (
				89C509F31A2EE56E00CBD000 /* TagEditorViewController.swift */,
				8963F4331A280F8E00B447D6 /* TagPickerView.swift */,
			);
			name = Tags;
			sourceTree = "<group>";
		};
		89EF4FE31A97DAD70052A82F /* Application */ = {
			isa = PBXGroup;
			children = (
				89C8307819D730E9009924DA /* AppDelegate.swift */,
				AE4356301A7AE4FE00A961B9 /* InjectorModule.swift */,
				89C204BC1A73F72800C792D2 /* SplitDelegate.swift */,
				89C204C31A7400D100C792D2 /* NotificationHandler.swift */,
			);
			name = Application;
			sourceTree = "<group>";
		};
		AE4356071A7ABAD500A961B9 /* Mocks */ = {
			isa = PBXGroup;
			children = (
				AE4355FF1A7ABA4F00A961B9 /* DataManagerMock.swift */,
			);
			name = Mocks;
			sourceTree = "<group>";
		};
/* End PBXGroup section */

/* Begin PBXNativeTarget section */
		89635F881A13C2E30052C248 /* RSSClient-OSX */ = {
			isa = PBXNativeTarget;
			buildConfigurationList = 89635FA01A13C2E30052C248 /* Build configuration list for PBXNativeTarget "RSSClient-OSX" */;
			buildPhases = (
				89635F851A13C2E30052C248 /* Sources */,
				89635F861A13C2E30052C248 /* Frameworks */,
				89635F871A13C2E30052C248 /* Resources */,
				898046D91A1C38AE00EB29F0 /* Copy Frameworks */,
			);
			buildRules = (
			);
			dependencies = (
			);
			name = "RSSClient-OSX";
			productName = "RSSClient-OSX";
			productReference = 89635F891A13C2E30052C248 /* rNews.app */;
			productType = "com.apple.product-type.application";
		};
		89C8307219D730E9009924DA /* RSSClient */ = {
			isa = PBXNativeTarget;
			buildConfigurationList = 89C8309519D730E9009924DA /* Build configuration list for PBXNativeTarget "RSSClient" */;
			buildPhases = (
				89C8306F19D730E9009924DA /* Sources */,
				89C8307019D730E9009924DA /* Frameworks */,
				89C8307119D730E9009924DA /* Resources */,
				8933E92219ECD20600ECFF3F /* Copy Frameworks */,
			);
			buildRules = (
			);
			dependencies = (
			);
			name = RSSClient;
			productName = RSSClient;
			productReference = 89C8307319D730E9009924DA /* rNews.app */;
			productType = "com.apple.product-type.application";
		};
		89C8308A19D730E9009924DA /* RSSClientTests */ = {
			isa = PBXNativeTarget;
			buildConfigurationList = 89C8309819D730E9009924DA /* Build configuration list for PBXNativeTarget "RSSClientTests" */;
			buildPhases = (
				89C8308719D730E9009924DA /* Sources */,
				89C8308819D730E9009924DA /* Frameworks */,
				89C8308919D730E9009924DA /* Resources */,
				89718F321AE0C9C2004C3CB4 /* Copy Frameworks */,
			);
			buildRules = (
			);
			dependencies = (
				AE43560B1A7AC61400A961B9 /* PBXTargetDependency */,
			);
			name = RSSClientTests;
			productName = RSSClientTests;
			productReference = 89C8308B19D730E9009924DA /* RSSClientTests.xctest */;
			productType = "com.apple.product-type.bundle.unit-test";
		};
/* End PBXNativeTarget section */

/* Begin PBXProject section */
		89C8306B19D730E9009924DA /* Project object */ = {
			isa = PBXProject;
			attributes = {
				LastUpgradeCheck = 0600;
				ORGANIZATIONNAME = "Rachel Brindle";
				TargetAttributes = {
					89635F881A13C2E30052C248 = {
						CreatedOnToolsVersion = 6.1;
					};
					89C8307219D730E9009924DA = {
						CreatedOnToolsVersion = 6.0.1;
						DevelopmentTeam = 9D456YCUH2;
						SystemCapabilities = {
							com.apple.BackgroundModes = {
								enabled = 1;
							};
							com.apple.SafariKeychain = {
								enabled = 0;
							};
							com.apple.iCloud = {
								enabled = 1;
							};
						};
					};
					89C8308A19D730E9009924DA = {
						CreatedOnToolsVersion = 6.0.1;
						TestTargetID = 89C8307219D730E9009924DA;
					};
				};
			};
			buildConfigurationList = 89C8306E19D730E9009924DA /* Build configuration list for PBXProject "RSSClient" */;
			compatibilityVersion = "Xcode 3.2";
			developmentRegion = English;
			hasScannedForEncodings = 0;
			knownRegions = (
				en,
				Base,
			);
			mainGroup = 89C8306A19D730E9009924DA;
			productRefGroup = 89C8307419D730E9009924DA /* Products */;
			projectDirPath = "";
			projectRoot = "";
			targets = (
				89C8307219D730E9009924DA /* RSSClient */,
				89C8308A19D730E9009924DA /* RSSClientTests */,
				89635F881A13C2E30052C248 /* RSSClient-OSX */,
			);
		};
/* End PBXProject section */

/* Begin PBXResourcesBuildPhase section */
		89635F871A13C2E30052C248 /* Resources */ = {
			isa = PBXResourcesBuildPhase;
			buildActionMask = 2147483647;
			files = (
				898047471A20478600EB29F0 /* TUSafariActivity.strings in Resources */,
				89635F901A13C2E30052C248 /* Images.xcassets in Resources */,
				897CD85C1A213F0900C97ECC /* MainMenu.xib in Resources */,
			);
			runOnlyForDeploymentPostprocessing = 0;
		};
		89C8307119D730E9009924DA /* Resources */ = {
			isa = PBXResourcesBuildPhase;
			buildActionMask = 2147483647;
			files = (
				8980474D1A20478600EB29F0 /* safari@2x.png in Resources */,
				898047451A20478600EB29F0 /* TUSafariActivity.strings in Resources */,
				89C8308319D730E9009924DA /* Images.xcassets in Resources */,
				8924D8E91A094CF5003B7529 /* article.css in Resources */,
				898047511A20478600EB29F0 /* safari@3x.png in Resources */,
				898047591A20478600EB29F0 /* safari~iPad@2x.png in Resources */,
				89D06A1B19FDBC52003909A3 /* Launch Screen.xib in Resources */,
				898047491A20478600EB29F0 /* safari.png in Resources */,
				895901B31A32B61A002E2C62 /* Localizable.strings in Resources */,
				89C830BF19D89722009924DA /* FindICO.js in Resources */,
				898047551A20478600EB29F0 /* safari~iPad.png in Resources */,
				89C830BB19D8904A009924DA /* findFeeds.js in Resources */,
				895901B51A32B61A002E2C62 /* Localizable.stringsdict in Resources */,
			);
			runOnlyForDeploymentPostprocessing = 0;
		};
		89C8308919D730E9009924DA /* Resources */ = {
			isa = PBXResourcesBuildPhase;
			buildActionMask = 2147483647;
			files = (
				898047461A20478600EB29F0 /* TUSafariActivity.strings in Resources */,
				89EF4FD81A96852D0052A82F /* test.opml in Resources */,
				89DBDA9A1A9EBB0C00959AC7 /* feed.rss in Resources */,
				8980475A1A20478600EB29F0 /* safari~iPad@2x.png in Resources */,
				898047521A20478600EB29F0 /* safari@3x.png in Resources */,
				895901B61A32B61A002E2C62 /* Localizable.stringsdict in Resources */,
				895779A519E62CC500548418 /* findFeeds.js in Resources */,
				895901B41A32B61A002E2C62 /* Localizable.strings in Resources */,
				89DBDA9C1A9FBCB200959AC7 /* feed2.rss in Resources */,
				898047561A20478600EB29F0 /* safari~iPad.png in Resources */,
				8980474E1A20478600EB29F0 /* safari@2x.png in Resources */,
				895779A619E62CC500548418 /* FindICO.js in Resources */,
				8980474A1A20478600EB29F0 /* safari.png in Resources */,
			);
			runOnlyForDeploymentPostprocessing = 0;
		};
/* End PBXResourcesBuildPhase section */

/* Begin PBXSourcesBuildPhase section */
		89635F851A13C2E30052C248 /* Sources */ = {
			isa = PBXSourcesBuildPhase;
			buildActionMask = 2147483647;
			files = (
				8967DA081A409433000424F4 /* ArticleListView.swift in Sources */,
				8967DA061A4092A6000424F4 /* ArticlesList.swift in Sources */,
				8929D27F1A3F3E9400782A37 /* BackgroundView.swift in Sources */,
				89635FAE1A13C4210052C248 /* Article.m in Sources */,
				897F71001A3A57A300ECE1A1 /* NSColor+RSSClient.m in Sources */,
				89635FC41A13C49A0052C248 /* NSLayoutConstraint+PureLayout.m in Sources */,
				89635FA81A13C4030052C248 /* OPMLParser.swift in Sources */,
				898046D51A1C385A00EB29F0 /* MainController.swift in Sources */,
				897CD85E1A21C49000C97ECC /* FeedView.swift in Sources */,
				89635FC31A13C49A0052C248 /* NSArray+PureLayout.m in Sources */,
				898047641A206CB100EB29F0 /* FeedsList.swift in Sources */,
				897F70FD1A3A4E7700ECE1A1 /* UnreadCounter.swift in Sources */,
				895782431A3CC0130022F345 /* CircularProgressLayer.swift in Sources */,
				897F70F91A39772C00ECE1A1 /* Data-extensions.swift in Sources */,
				89635FAD1A13C41C0052C248 /* RSSClient.xcdatamodeld in Sources */,
				89635FAF1A13C4210052C248 /* Feed.m in Sources */,
				895901A71A30BCB7002E2C62 /* Enclosure.m in Sources */,
				89635FC21A13C49A0052C248 /* ALView+PureLayout.m in Sources */,
				89635F8E1A13C2E30052C248 /* AppDelegate.swift in Sources */,
			);
			runOnlyForDeploymentPostprocessing = 0;
		};
		89C8306F19D730E9009924DA /* Sources */ = {
			isa = PBXSourcesBuildPhase;
			buildActionMask = 2147483647;
			files = (
				89C830C619D8A058009924DA /* Feed.m in Sources */,
				8963F42E1A26674500B447D6 /* Data-extensions.swift in Sources */,
				8963F4341A280F8E00B447D6 /* TagPickerView.swift in Sources */,
				89C830CD19DC67BA009924DA /* UnreadCounter.swift in Sources */,
				8981316B1AFB1ED70090FA7F /* FeedRepository.swift in Sources */,
				894896EC1A16F1130030EB6E /* LocalImportViewController.swift in Sources */,
				89DA7D2E1A6613100050685B /* ValidatorView.swift in Sources */,
				8933E90F19ECCBC300ECFF3F /* NSLayoutConstraint+PureLayout.m in Sources */,
				89C830CA19DA37FB009924DA /* FeedTableCell.swift in Sources */,
				89C830A919D7B890009924DA /* DataManager.swift in Sources */,
				8933E90E19ECCBC300ECFF3F /* NSArray+PureLayout.m in Sources */,
				89C830AE19D7CB8E009924DA /* ArticleListController.swift in Sources */,
				89C830B819D7EC55009924DA /* FindFeedViewController.swift in Sources */,
				895901A91A30C5D1002E2C62 /* EnclosuresView.swift in Sources */,
				895782411A3CC0130022F345 /* CircularProgressLayer.swift in Sources */,
				89C7FBE01A183EBE00ACBDB2 /* MAKDropDownMenu.m in Sources */,
				895901AC1A30C6B7002E2C62 /* EnclosureCell.swift in Sources */,
				89C830B619D7DE97009924DA /* ArticleViewController.swift in Sources */,
				894C0C371A1329FB008229A4 /* AMPopTip.m in Sources */,
				895901A51A30BCB7002E2C62 /* Enclosure.m in Sources */,
				89C830C819DA2FEF009924DA /* FeedsTableViewController.swift in Sources */,
				89C830C319D89E46009924DA /* Article.m in Sources */,
				89C509F71A2F825400CBD000 /* TextViewCell.swift in Sources */,
				8980475D1A20478600EB29F0 /* TUSafariActivity.m in Sources */,
				897F70F21A38AFE500ECE1A1 /* EnclosuresViewController.swift in Sources */,
				89C204C41A7400D100C792D2 /* NotificationHandler.swift in Sources */,
				890E47591AA19D69007F217C /* DataUtility.swift in Sources */,
				AE4356311A7AE4FE00A961B9 /* InjectorModule.swift in Sources */,
				89C8307919D730E9009924DA /* AppDelegate.swift in Sources */,
				8924D8F21A0E8EEA003B7529 /* OPMLParser.swift in Sources */,
				89C830B319D7D2CB009924DA /* ArticleCell.swift in Sources */,
				89DA7D2C1A66111E0050685B /* TextFieldCell.swift in Sources */,
				89D06A2119FF210C003909A3 /* LoadingView.swift in Sources */,
				89C204BD1A73F72800C792D2 /* SplitDelegate.swift in Sources */,
				89C509F01A2EB18300CBD000 /* FeedViewController.swift in Sources */,
				89C509FA1A2F865F00CBD000 /* QueryFeedViewController.swift in Sources */,
				899C47EC1A99B48B00F57B96 /* BreakOutToRefreshView.swift in Sources */,
				8933E90D19ECCBC300ECFF3F /* ALView+PureLayout.m in Sources */,
				89C509F41A2EE56E00CBD000 /* TagEditorViewController.swift in Sources */,
				89C8307C19D730E9009924DA /* RSSClient.xcdatamodeld in Sources */,
				8933E93419EE33F700ECFF3F /* UIColor+RSSClient.m in Sources */,
				89C7FBE81A18847A00ACBDB2 /* RBActivityIndicator.m in Sources */,
			);
			runOnlyForDeploymentPostprocessing = 0;
		};
		89C8308719D730E9009924DA /* Sources */ = {
			isa = PBXSourcesBuildPhase;
			buildActionMask = 2147483647;
			files = (
				895901AD1A30C6B7002E2C62 /* EnclosureCell.swift in Sources */,
				895779AD19E62CDA00548418 /* Feed.m in Sources */,
				89DA7D2F1A681B880050685B /* TextFieldCell.swift in Sources */,
				899C48171A9AC0E900F57B96 /* FindFeedViewControllerSpec.swift in Sources */,
				89C204C21A73FEDA00C792D2 /* SplitDelegateSpec.swift in Sources */,
				895901AA1A30C5D1002E2C62 /* EnclosuresView.swift in Sources */,
				897F70F31A38AFE500ECE1A1 /* EnclosuresViewController.swift in Sources */,
				893448C01A004E5C00F5D528 /* NSArray+PureLayout.m in Sources */,
				89D06A2219FF210C003909A3 /* LoadingView.swift in Sources */,
				8980475E1A20478600EB29F0 /* TUSafariActivity.m in Sources */,
				89C7FBE91A18847A00ACBDB2 /* RBActivityIndicator.m in Sources */,
				89EF4FD61A9682170052A82F /* OPMLParserSpec.swift in Sources */,
				89C509F11A2EB18300CBD000 /* FeedViewController.swift in Sources */,
				AE4355FE1A7AB7D900A961B9 /* SpecHelper.swift in Sources */,
				895779A819E62CC500548418 /* ArticleCell.swift in Sources */,
				895779AA19E62CC500548418 /* DataManager.swift in Sources */,
				AE43563D1A7AE5D000A961B9 /* InjectorModule.swift in Sources */,
				890E475A1AA19D69007F217C /* DataUtility.swift in Sources */,
				894896ED1A16F1130030EB6E /* LocalImportViewController.swift in Sources */,
				895779A019E62CC500548418 /* AppDelegate.swift in Sources */,
				89C204BE1A73FD1000C792D2 /* SplitDelegate.swift in Sources */,
				8963F42F1A26674500B447D6 /* Data-extensions.swift in Sources */,
				895779A319E62CC500548418 /* FeedTableCell.swift in Sources */,
				899C47ED1A99B48B00F57B96 /* BreakOutToRefreshView.swift in Sources */,
				89635F841A13BF120052C248 /* AMPopTip.m in Sources */,
				893448C21A004E6400F5D528 /* UIColor+RSSClient.m in Sources */,
				890E47671AA19F7F007F217C /* DataUtilitySpec.swift in Sources */,
				8924D8F31A108299003B7529 /* OPMLParser.swift in Sources */,
				89C509FB1A2F865F00CBD000 /* QueryFeedViewController.swift in Sources */,
				895779A719E62CC500548418 /* ArticleListController.swift in Sources */,
				89C204C51A7400D100C792D2 /* NotificationHandler.swift in Sources */,
				893448C11A004E5C00F5D528 /* NSLayoutConstraint+PureLayout.m in Sources */,
				895779A919E62CC500548418 /* ArticleViewController.swift in Sources */,
				895782421A3CC0130022F345 /* CircularProgressLayer.swift in Sources */,
				8981316C1AFB1ED70090FA7F /* FeedRepository.swift in Sources */,
				8963F4351A280F8E00B447D6 /* TagPickerView.swift in Sources */,
				AE4356001A7ABA4F00A961B9 /* DataManagerMock.swift in Sources */,
				89C509F51A2EE56E00CBD000 /* TagEditorViewController.swift in Sources */,
				895779A119E62CC500548418 /* UnreadCounter.swift in Sources */,
				899C47FB1A9A864700F57B96 /* DataManagerSpec.swift in Sources */,
				895779A419E62CC500548418 /* FindFeedViewController.swift in Sources */,
				89C204B51A73811000C792D2 /* AppDelegateSpec.swift in Sources */,
				895779AC19E62CDA00548418 /* Article.m in Sources */,
				89C7FBE11A183EBE00ACBDB2 /* MAKDropDownMenu.m in Sources */,
				895901A61A30BCB7002E2C62 /* Enclosure.m in Sources */,
				89DA7D301A68C04C0050685B /* ValidatorView.swift in Sources */,
				89C204C71A740D8900C792D2 /* NotificationHandlerSpec.swift in Sources */,
				893448BF1A004E5C00F5D528 /* ALView+PureLayout.m in Sources */,
				89C509F81A2F825400CBD000 /* TextViewCell.swift in Sources */,
				895779A219E62CC500548418 /* FeedsTableViewController.swift in Sources */,
				895779AB19E62CCE00548418 /* RSSClient.xcdatamodeld in Sources */,
			);
			runOnlyForDeploymentPostprocessing = 0;
		};
/* End PBXSourcesBuildPhase section */

/* Begin PBXTargetDependency section */
		AE43560B1A7AC61400A961B9 /* PBXTargetDependency */ = {
			isa = PBXTargetDependency;
			target = 89C8307219D730E9009924DA /* RSSClient */;
			targetProxy = AE43560A1A7AC61400A961B9 /* PBXContainerItemProxy */;
		};
/* End PBXTargetDependency section */

/* Begin PBXVariantGroup section */
		895901AF1A32B61A002E2C62 /* Localizable.strings */ = {
			isa = PBXVariantGroup;
			children = (
				895901B01A32B61A002E2C62 /* en */,
			);
			name = Localizable.strings;
			sourceTree = "<group>";
		};
		895901B11A32B61A002E2C62 /* Localizable.stringsdict */ = {
			isa = PBXVariantGroup;
			children = (
				895901B21A32B61A002E2C62 /* en */,
			);
			name = Localizable.stringsdict;
			sourceTree = "<group>";
		};
		89635F911A13C2E30052C248 /* MainMenu.xib */ = {
			isa = PBXVariantGroup;
			children = (
				89635F921A13C2E30052C248 /* Base */,
			);
			name = MainMenu.xib;
			sourceTree = "<group>";
		};
		8980473C1A20478600EB29F0 /* TUSafariActivity.strings */ = {
			isa = PBXVariantGroup;
			children = (
				8980473D1A20478600EB29F0 /* en */,
			);
			name = TUSafariActivity.strings;
			sourceTree = "<group>";
		};
/* End PBXVariantGroup section */

/* Begin XCBuildConfiguration section */
		89635FA11A13C2E30052C248 /* Debug */ = {
			isa = XCBuildConfiguration;
			buildSettings = {
				ASSETCATALOG_COMPILER_APPICON_NAME = AppIcon;
				CODE_SIGN_IDENTITY = "-";
				COMBINE_HIDPI_IMAGES = YES;
				GCC_PREPROCESSOR_DEFINITIONS = (
					"DEBUG=1",
					"$(inherited)",
				);
				INFOPLIST_FILE = "RSSClient-OSX/Info.plist";
				LD_RUNPATH_SEARCH_PATHS = "$(inherited) @executable_path/../Frameworks";
				MACOSX_DEPLOYMENT_TARGET = 10.10;
				PRODUCT_NAME = rNews;
				SDKROOT = macosx;
				SWIFT_OBJC_BRIDGING_HEADER = "RSSClient-OSX/RSSClient-OSX-Bridging-Header.h";
			};
			name = Debug;
		};
		89635FA21A13C2E30052C248 /* Release */ = {
			isa = XCBuildConfiguration;
			buildSettings = {
				ASSETCATALOG_COMPILER_APPICON_NAME = AppIcon;
				CODE_SIGN_IDENTITY = "-";
				COMBINE_HIDPI_IMAGES = YES;
				DEBUG_INFORMATION_FORMAT = "dwarf-with-dsym";
				INFOPLIST_FILE = "RSSClient-OSX/Info.plist";
				LD_RUNPATH_SEARCH_PATHS = "$(inherited) @executable_path/../Frameworks";
				MACOSX_DEPLOYMENT_TARGET = 10.10;
				PRODUCT_NAME = rNews;
				SDKROOT = macosx;
				SWIFT_OBJC_BRIDGING_HEADER = "RSSClient-OSX/RSSClient-OSX-Bridging-Header.h";
			};
			name = Release;
		};
		89C8309319D730E9009924DA /* Debug */ = {
			isa = XCBuildConfiguration;
			buildSettings = {
				ALWAYS_SEARCH_USER_PATHS = NO;
				CLANG_CXX_LANGUAGE_STANDARD = "gnu++0x";
				CLANG_CXX_LIBRARY = "libc++";
				CLANG_ENABLE_MODULES = YES;
				CLANG_ENABLE_OBJC_ARC = YES;
				CLANG_WARN_BOOL_CONVERSION = YES;
				CLANG_WARN_CONSTANT_CONVERSION = YES;
				CLANG_WARN_DIRECT_OBJC_ISA_USAGE = YES_ERROR;
				CLANG_WARN_EMPTY_BODY = YES;
				CLANG_WARN_ENUM_CONVERSION = YES;
				CLANG_WARN_INT_CONVERSION = YES;
				CLANG_WARN_OBJC_ROOT_CLASS = YES_ERROR;
				CLANG_WARN_UNREACHABLE_CODE = YES;
				CLANG_WARN__DUPLICATE_METHOD_MATCH = YES;
				"CODE_SIGN_IDENTITY[sdk=iphoneos*]" = "iPhone Developer";
				COPY_PHASE_STRIP = NO;
				ENABLE_STRICT_OBJC_MSGSEND = YES;
				GCC_C_LANGUAGE_STANDARD = gnu99;
				GCC_DYNAMIC_NO_PIC = NO;
				GCC_OPTIMIZATION_LEVEL = 0;
				GCC_PREPROCESSOR_DEFINITIONS = (
					"DEBUG=1",
					"$(inherited)",
				);
				GCC_SYMBOLS_PRIVATE_EXTERN = NO;
				GCC_WARN_64_TO_32_BIT_CONVERSION = YES;
				GCC_WARN_ABOUT_RETURN_TYPE = YES_ERROR;
				GCC_WARN_UNDECLARED_SELECTOR = YES;
				GCC_WARN_UNINITIALIZED_AUTOS = YES_AGGRESSIVE;
				GCC_WARN_UNUSED_FUNCTION = YES;
				GCC_WARN_UNUSED_VARIABLE = YES;
				IPHONEOS_DEPLOYMENT_TARGET = 8.0;
				MTL_ENABLE_DEBUG_INFO = YES;
				ONLY_ACTIVE_ARCH = YES;
				SDKROOT = iphoneos;
				SWIFT_OPTIMIZATION_LEVEL = "-Onone";
				TARGETED_DEVICE_FAMILY = "1,2";
			};
			name = Debug;
		};
		89C8309419D730E9009924DA /* Release */ = {
			isa = XCBuildConfiguration;
			buildSettings = {
				ALWAYS_SEARCH_USER_PATHS = NO;
				CLANG_CXX_LANGUAGE_STANDARD = "gnu++0x";
				CLANG_CXX_LIBRARY = "libc++";
				CLANG_ENABLE_MODULES = YES;
				CLANG_ENABLE_OBJC_ARC = YES;
				CLANG_WARN_BOOL_CONVERSION = YES;
				CLANG_WARN_CONSTANT_CONVERSION = YES;
				CLANG_WARN_DIRECT_OBJC_ISA_USAGE = YES_ERROR;
				CLANG_WARN_EMPTY_BODY = YES;
				CLANG_WARN_ENUM_CONVERSION = YES;
				CLANG_WARN_INT_CONVERSION = YES;
				CLANG_WARN_OBJC_ROOT_CLASS = YES_ERROR;
				CLANG_WARN_UNREACHABLE_CODE = YES;
				CLANG_WARN__DUPLICATE_METHOD_MATCH = YES;
				"CODE_SIGN_IDENTITY[sdk=iphoneos*]" = "iPhone Developer";
				COPY_PHASE_STRIP = YES;
				ENABLE_NS_ASSERTIONS = NO;
				ENABLE_STRICT_OBJC_MSGSEND = YES;
				GCC_C_LANGUAGE_STANDARD = gnu99;
				GCC_WARN_64_TO_32_BIT_CONVERSION = YES;
				GCC_WARN_ABOUT_RETURN_TYPE = YES_ERROR;
				GCC_WARN_UNDECLARED_SELECTOR = YES;
				GCC_WARN_UNINITIALIZED_AUTOS = YES_AGGRESSIVE;
				GCC_WARN_UNUSED_FUNCTION = YES;
				GCC_WARN_UNUSED_VARIABLE = YES;
				IPHONEOS_DEPLOYMENT_TARGET = 8.0;
				MTL_ENABLE_DEBUG_INFO = NO;
				SDKROOT = iphoneos;
				TARGETED_DEVICE_FAMILY = "1,2";
				VALIDATE_PRODUCT = YES;
			};
			name = Release;
		};
		89C8309619D730E9009924DA /* Debug */ = {
			isa = XCBuildConfiguration;
			buildSettings = {
				ASSETCATALOG_COMPILER_APPICON_NAME = AppIcon;
				CLANG_ENABLE_MODULES = YES;
				CODE_SIGN_ENTITLEMENTS = RSSClient/rNews.entitlements;
				CODE_SIGN_IDENTITY = "iPhone Developer";
				"CODE_SIGN_IDENTITY[sdk=iphoneos*]" = "iPhone Developer";
				DEFINES_MODULE = YES;
				FRAMEWORK_SEARCH_PATHS = (
					"$(inherited)",
					"$(PROJECT_DIR)/Carthage/Build/iOS",
				);
				GCC_PREPROCESSOR_DEFINITIONS = "$(inherited)";
				HEADER_SEARCH_PATHS = "$(inherited)/**";
				INFOPLIST_FILE = RSSClient/Info.plist;
				IPHONEOS_DEPLOYMENT_TARGET = 8.3;
				LD_RUNPATH_SEARCH_PATHS = "$(inherited) @executable_path/Frameworks";
				LIBRARY_SEARCH_PATHS = "";
				PRODUCT_NAME = rNews;
				PROVISIONING_PROFILE = "";
				SWIFT_OBJC_BRIDGING_HEADER = "RSSClient/RSSClient-Bridging-Header.h";
				SWIFT_OPTIMIZATION_LEVEL = "-Onone";
				USER_HEADER_SEARCH_PATHS = "";
			};
			name = Debug;
		};
		89C8309719D730E9009924DA /* Release */ = {
			isa = XCBuildConfiguration;
			buildSettings = {
				ASSETCATALOG_COMPILER_APPICON_NAME = AppIcon;
				CLANG_ENABLE_MODULES = YES;
				CODE_SIGN_ENTITLEMENTS = RSSClient/rNews.entitlements;
				CODE_SIGN_IDENTITY = "iPhone Developer";
				"CODE_SIGN_IDENTITY[sdk=iphoneos*]" = "iPhone Developer";
				DEFINES_MODULE = YES;
				FRAMEWORK_SEARCH_PATHS = (
					"$(inherited)",
					"$(PROJECT_DIR)/Carthage/Build/iOS",
				);
				GCC_PREPROCESSOR_DEFINITIONS = "$(inherited)";
				HEADER_SEARCH_PATHS = "$(inherited)/**";
				INFOPLIST_FILE = RSSClient/Info.plist;
				IPHONEOS_DEPLOYMENT_TARGET = 8.3;
				LD_RUNPATH_SEARCH_PATHS = "$(inherited) @executable_path/Frameworks";
				LIBRARY_SEARCH_PATHS = "";
				PRODUCT_NAME = rNews;
				PROVISIONING_PROFILE = "";
				SWIFT_OBJC_BRIDGING_HEADER = "RSSClient/RSSClient-Bridging-Header.h";
				USER_HEADER_SEARCH_PATHS = "";
			};
			name = Release;
		};
		89C8309919D730E9009924DA /* Debug */ = {
			isa = XCBuildConfiguration;
			buildSettings = {
				BUNDLE_LOADER = "$(TEST_HOST)";
				CLANG_ENABLE_MODULES = YES;
				FRAMEWORK_SEARCH_PATHS = (
					"$(SDKROOT)/Developer/Library/Frameworks",
					"$(inherited)",
					"$(PROJECT_DIR)/Carthage/Build/iOS",
				);
				GCC_PREPROCESSOR_DEFINITIONS = (
					"DEBUG=1",
					"$(inherited)",
				);
				INFOPLIST_FILE = RSSClientTests/Info.plist;
				IPHONEOS_DEPLOYMENT_TARGET = 8.3;
				LD_RUNPATH_SEARCH_PATHS = "$(inherited) @executable_path/Frameworks @loader_path/Frameworks";
				PRODUCT_NAME = "$(TARGET_NAME)";
				SWIFT_OBJC_BRIDGING_HEADER = "RSSClient/RSSClient-Bridging-Header.h";
				SWIFT_OPTIMIZATION_LEVEL = "-Onone";
				TEST_HOST = "$(BUILT_PRODUCTS_DIR)/rNews.app/rNews";
			};
			name = Debug;
		};
		89C8309A19D730E9009924DA /* Release */ = {
			isa = XCBuildConfiguration;
			buildSettings = {
				BUNDLE_LOADER = "$(TEST_HOST)";
				CLANG_ENABLE_MODULES = YES;
				FRAMEWORK_SEARCH_PATHS = (
					"$(SDKROOT)/Developer/Library/Frameworks",
					"$(inherited)",
					"$(PROJECT_DIR)/Carthage/Build/iOS",
				);
				INFOPLIST_FILE = RSSClientTests/Info.plist;
				IPHONEOS_DEPLOYMENT_TARGET = 8.3;
				LD_RUNPATH_SEARCH_PATHS = "$(inherited) @executable_path/Frameworks @loader_path/Frameworks";
				PRODUCT_NAME = "$(TARGET_NAME)";
				SWIFT_OBJC_BRIDGING_HEADER = "RSSClient/RSSClient-Bridging-Header.h";
				TEST_HOST = "$(BUILT_PRODUCTS_DIR)/rNews.app/rNews";
			};
			name = Release;
		};
/* End XCBuildConfiguration section */

/* Begin XCConfigurationList section */
		89635FA01A13C2E30052C248 /* Build configuration list for PBXNativeTarget "RSSClient-OSX" */ = {
			isa = XCConfigurationList;
			buildConfigurations = (
				89635FA11A13C2E30052C248 /* Debug */,
				89635FA21A13C2E30052C248 /* Release */,
			);
			defaultConfigurationIsVisible = 0;
			defaultConfigurationName = Release;
		};
		89C8306E19D730E9009924DA /* Build configuration list for PBXProject "RSSClient" */ = {
			isa = XCConfigurationList;
			buildConfigurations = (
				89C8309319D730E9009924DA /* Debug */,
				89C8309419D730E9009924DA /* Release */,
			);
			defaultConfigurationIsVisible = 0;
			defaultConfigurationName = Release;
		};
		89C8309519D730E9009924DA /* Build configuration list for PBXNativeTarget "RSSClient" */ = {
			isa = XCConfigurationList;
			buildConfigurations = (
				89C8309619D730E9009924DA /* Debug */,
				89C8309719D730E9009924DA /* Release */,
			);
			defaultConfigurationIsVisible = 0;
			defaultConfigurationName = Release;
		};
		89C8309819D730E9009924DA /* Build configuration list for PBXNativeTarget "RSSClientTests" */ = {
			isa = XCConfigurationList;
			buildConfigurations = (
				89C8309919D730E9009924DA /* Debug */,
				89C8309A19D730E9009924DA /* Release */,
			);
			defaultConfigurationIsVisible = 0;
			defaultConfigurationName = Release;
		};
/* End XCConfigurationList section */

/* Begin XCVersionGroup section */
		89C8307A19D730E9009924DA /* RSSClient.xcdatamodeld */ = {
			isa = XCVersionGroup;
			children = (
				895901A21A30BA9C002E2C62 /* RSSClient 1. 3.xcdatamodel */,
				89D135101A5944A200B6937A /* RSSClient 1.4.xcdatamodel */,
				89744FB71A6970CA000AA7DE /* RSSClient 1.5.xcdatamodel */,
				895901A11A2FFDDD002E2C62 /* RSSClient 1. 2.xcdatamodel */,
				8963F42C1A2660DF00B447D6 /* RSSClient 1.1.xcdatamodel */,
				89C8307B19D730E9009924DA /* RSSClient.xcdatamodel */,
			);
			currentVersion = 89744FB71A6970CA000AA7DE /* RSSClient 1.5.xcdatamodel */;
			path = RSSClient.xcdatamodeld;
			sourceTree = "<group>";
			versionGroupType = wrapper.xcdatamodel;
		};
/* End XCVersionGroup section */
	};
	rootObject = 89C8306B19D730E9009924DA /* Project object */;
}
