// !$*UTF8*$!
{
	archiveVersion = 1;
	classes = {
	};
	objectVersion = 46;
	objects = {

/* Begin PBXBuildFile section */
		8917110019E0703700D86C7B /* Group.m in Sources */ = {isa = PBXBuildFile; fileRef = 891710FF19E0703700D86C7B /* Group.m */; };
		8924D8E91A094CF5003B7529 /* article.css in Resources */ = {isa = PBXBuildFile; fileRef = 8924D8E81A094CF5003B7529 /* article.css */; };
		8924D8F21A0E8EEA003B7529 /* OPMLParser.swift in Sources */ = {isa = PBXBuildFile; fileRef = 8924D8F11A0E8EEA003B7529 /* OPMLParser.swift */; };
		8924D8F31A108299003B7529 /* OPMLParser.swift in Sources */ = {isa = PBXBuildFile; fileRef = 8924D8F11A0E8EEA003B7529 /* OPMLParser.swift */; };
		8933E90D19ECCBC300ECFF3F /* ALView+PureLayout.m in Sources */ = {isa = PBXBuildFile; fileRef = 8933E90519ECCBC300ECFF3F /* ALView+PureLayout.m */; };
		8933E90E19ECCBC300ECFF3F /* NSArray+PureLayout.m in Sources */ = {isa = PBXBuildFile; fileRef = 8933E90719ECCBC300ECFF3F /* NSArray+PureLayout.m */; };
		8933E90F19ECCBC300ECFF3F /* NSLayoutConstraint+PureLayout.m in Sources */ = {isa = PBXBuildFile; fileRef = 8933E90919ECCBC300ECFF3F /* NSLayoutConstraint+PureLayout.m */; };
		8933E91819ECCD5E00ECFF3F /* MWFeedParser.m in Sources */ = {isa = PBXBuildFile; fileRef = 8933E91319ECCD5E00ECFF3F /* MWFeedParser.m */; };
		8933E91919ECCD5E00ECFF3F /* MWFeedInfo.m in Sources */ = {isa = PBXBuildFile; fileRef = 8933E91519ECCD5E00ECFF3F /* MWFeedInfo.m */; };
		8933E91A19ECCD5E00ECFF3F /* MWFeedItem.m in Sources */ = {isa = PBXBuildFile; fileRef = 8933E91719ECCD5E00ECFF3F /* MWFeedItem.m */; };
		8933E91C19ECD09100ECFF3F /* GroupsEditorController.swift in Sources */ = {isa = PBXBuildFile; fileRef = 89F1C01E19E75E73009343DB /* GroupsEditorController.swift */; };
		8933E92319ECD21E00ECFF3F /* Alamofire.framework in Copy Frameworks */ = {isa = PBXBuildFile; fileRef = 8933E8FB19ECCB9900ECFF3F /* Alamofire.framework */; settings = {ATTRIBUTES = (CodeSignOnCopy, RemoveHeadersOnCopy, ); }; };
		8933E92C19ECD28900ECFF3F /* GTMNSString+HTML.m in Sources */ = {isa = PBXBuildFile; fileRef = 8933E92519ECD28900ECFF3F /* GTMNSString+HTML.m */; };
		8933E92D19ECD28900ECFF3F /* NSDate+InternetDateTime.m in Sources */ = {isa = PBXBuildFile; fileRef = 8933E92719ECD28900ECFF3F /* NSDate+InternetDateTime.m */; };
		8933E92E19ECD28900ECFF3F /* NSString+HTML.m in Sources */ = {isa = PBXBuildFile; fileRef = 8933E92919ECD28900ECFF3F /* NSString+HTML.m */; };
		8933E92F19ECD28900ECFF3F /* NSString+XMLEntities.m in Sources */ = {isa = PBXBuildFile; fileRef = 8933E92B19ECD28900ECFF3F /* NSString+XMLEntities.m */; };
		8933E93419EE33F700ECFF3F /* UIColor+RSSClient.m in Sources */ = {isa = PBXBuildFile; fileRef = 8933E93319EE33F700ECFF3F /* UIColor+RSSClient.m */; };
		8933E93919EF4BB100ECFF3F /* ScriptEditorViewController.swift in Sources */ = {isa = PBXBuildFile; fileRef = 8933E93819EF4BB100ECFF3F /* ScriptEditorViewController.swift */; };
		8933E93B19EF4D0C00ECFF3F /* TextHighlighter.swift in Sources */ = {isa = PBXBuildFile; fileRef = 8933E93A19EF4D0C00ECFF3F /* TextHighlighter.swift */; };
		8933E93E19EF508C00ECFF3F /* ScriptDocument.swift in Sources */ = {isa = PBXBuildFile; fileRef = 8933E93D19EF508C00ECFF3F /* ScriptDocument.swift */; };
		893448B71A004E4E00F5D528 /* MWFeedParser.m in Sources */ = {isa = PBXBuildFile; fileRef = 8933E91319ECCD5E00ECFF3F /* MWFeedParser.m */; };
		893448B81A004E4E00F5D528 /* MWFeedInfo.m in Sources */ = {isa = PBXBuildFile; fileRef = 8933E91519ECCD5E00ECFF3F /* MWFeedInfo.m */; };
		893448B91A004E4E00F5D528 /* MWFeedItem.m in Sources */ = {isa = PBXBuildFile; fileRef = 8933E91719ECCD5E00ECFF3F /* MWFeedItem.m */; };
		893448BA1A004E4E00F5D528 /* GTMNSString+HTML.m in Sources */ = {isa = PBXBuildFile; fileRef = 8933E92519ECD28900ECFF3F /* GTMNSString+HTML.m */; };
		893448BB1A004E4E00F5D528 /* NSDate+InternetDateTime.m in Sources */ = {isa = PBXBuildFile; fileRef = 8933E92719ECD28900ECFF3F /* NSDate+InternetDateTime.m */; };
		893448BC1A004E4E00F5D528 /* NSString+HTML.m in Sources */ = {isa = PBXBuildFile; fileRef = 8933E92919ECD28900ECFF3F /* NSString+HTML.m */; };
		893448BD1A004E4E00F5D528 /* NSString+XMLEntities.m in Sources */ = {isa = PBXBuildFile; fileRef = 8933E92B19ECD28900ECFF3F /* NSString+XMLEntities.m */; };
		893448BF1A004E5C00F5D528 /* ALView+PureLayout.m in Sources */ = {isa = PBXBuildFile; fileRef = 8933E90519ECCBC300ECFF3F /* ALView+PureLayout.m */; };
		893448C01A004E5C00F5D528 /* NSArray+PureLayout.m in Sources */ = {isa = PBXBuildFile; fileRef = 8933E90719ECCBC300ECFF3F /* NSArray+PureLayout.m */; };
		893448C11A004E5C00F5D528 /* NSLayoutConstraint+PureLayout.m in Sources */ = {isa = PBXBuildFile; fileRef = 8933E90919ECCBC300ECFF3F /* NSLayoutConstraint+PureLayout.m */; };
		893448C21A004E6400F5D528 /* UIColor+RSSClient.m in Sources */ = {isa = PBXBuildFile; fileRef = 8933E93319EE33F700ECFF3F /* UIColor+RSSClient.m */; };
		893448C61A03159F00F5D528 /* ArticleViewControllerTests.swift in Sources */ = {isa = PBXBuildFile; fileRef = 893448C51A03159F00F5D528 /* ArticleViewControllerTests.swift */; };
		893448C81A0315B600F5D528 /* ArticleListControllerTests.swift in Sources */ = {isa = PBXBuildFile; fileRef = 893448C71A0315B600F5D528 /* ArticleListControllerTests.swift */; };
		893448CA1A0315DF00F5D528 /* FindFeedViewControllerTests.swift in Sources */ = {isa = PBXBuildFile; fileRef = 893448C91A0315DF00F5D528 /* FindFeedViewControllerTests.swift */; };
		893448CC1A0315F400F5D528 /* FeedsTableViewControllerTests.swift in Sources */ = {isa = PBXBuildFile; fileRef = 893448CB1A0315F400F5D528 /* FeedsTableViewControllerTests.swift */; };
		894896EC1A16F1130030EB6E /* LocalImportViewController.swift in Sources */ = {isa = PBXBuildFile; fileRef = 894896EB1A16F1130030EB6E /* LocalImportViewController.swift */; };
		894896ED1A16F1130030EB6E /* LocalImportViewController.swift in Sources */ = {isa = PBXBuildFile; fileRef = 894896EB1A16F1130030EB6E /* LocalImportViewController.swift */; };
		894896F11A16F7B20030EB6E /* FeedParser.swift in Sources */ = {isa = PBXBuildFile; fileRef = 894896F01A16F7B20030EB6E /* FeedParser.swift */; };
		894896F21A16F7B20030EB6E /* FeedParser.swift in Sources */ = {isa = PBXBuildFile; fileRef = 894896F01A16F7B20030EB6E /* FeedParser.swift */; };
		894C0C241A13293E008229A4 /* TUSafariActivity.m in Sources */ = {isa = PBXBuildFile; fileRef = 894C0C221A13293E008229A4 /* TUSafariActivity.m */; };
		894C0C2E1A13296D008229A4 /* TUSafariActivity.strings in Resources */ = {isa = PBXBuildFile; fileRef = 894C0C271A13296D008229A4 /* TUSafariActivity.strings */; };
		894C0C2F1A13296D008229A4 /* safari.png in Resources */ = {isa = PBXBuildFile; fileRef = 894C0C291A13296D008229A4 /* safari.png */; };
		894C0C301A13296D008229A4 /* safari@2x.png in Resources */ = {isa = PBXBuildFile; fileRef = 894C0C2A1A13296D008229A4 /* safari@2x.png */; };
		894C0C311A13296D008229A4 /* safari@3x.png in Resources */ = {isa = PBXBuildFile; fileRef = 894C0C2B1A13296D008229A4 /* safari@3x.png */; };
		894C0C321A13296D008229A4 /* safari~iPad.png in Resources */ = {isa = PBXBuildFile; fileRef = 894C0C2C1A13296D008229A4 /* safari~iPad.png */; };
		894C0C331A13296D008229A4 /* safari~iPad@2x.png in Resources */ = {isa = PBXBuildFile; fileRef = 894C0C2D1A13296D008229A4 /* safari~iPad@2x.png */; };
		894C0C371A1329FB008229A4 /* AMPopTip.m in Sources */ = {isa = PBXBuildFile; fileRef = 894C0C361A1329FB008229A4 /* AMPopTip.m */; };
		8957799F19E62C7100548418 /* AppDelegateTests.swift in Sources */ = {isa = PBXBuildFile; fileRef = 8957799E19E62C7100548418 /* AppDelegateTests.swift */; };
		895779A019E62CC500548418 /* AppDelegate.swift in Sources */ = {isa = PBXBuildFile; fileRef = 89C8307819D730E9009924DA /* AppDelegate.swift */; };
		895779A119E62CC500548418 /* UnreadCounter.swift in Sources */ = {isa = PBXBuildFile; fileRef = 89C830CC19DC67B9009924DA /* UnreadCounter.swift */; };
		895779A219E62CC500548418 /* FeedsTableViewController.swift in Sources */ = {isa = PBXBuildFile; fileRef = 89C830C719DA2FEE009924DA /* FeedsTableViewController.swift */; };
		895779A319E62CC500548418 /* FeedTableCell.swift in Sources */ = {isa = PBXBuildFile; fileRef = 89C830C919DA37FB009924DA /* FeedTableCell.swift */; };
		895779A419E62CC500548418 /* FindFeedViewController.swift in Sources */ = {isa = PBXBuildFile; fileRef = 89C830B719D7EC55009924DA /* FindFeedViewController.swift */; };
		895779A519E62CC500548418 /* findFeeds.js in Resources */ = {isa = PBXBuildFile; fileRef = 89C830B919D8904A009924DA /* findFeeds.js */; };
		895779A619E62CC500548418 /* FindICO.js in Resources */ = {isa = PBXBuildFile; fileRef = 89C830BD19D89722009924DA /* FindICO.js */; };
		895779A719E62CC500548418 /* ArticleListController.swift in Sources */ = {isa = PBXBuildFile; fileRef = 89C830AD19D7CB8E009924DA /* ArticleListController.swift */; };
		895779A819E62CC500548418 /* ArticleCell.swift in Sources */ = {isa = PBXBuildFile; fileRef = 89C830B219D7D2CB009924DA /* ArticleCell.swift */; };
		895779A919E62CC500548418 /* ArticleViewController.swift in Sources */ = {isa = PBXBuildFile; fileRef = 89C830B519D7DE97009924DA /* ArticleViewController.swift */; };
		895779AA19E62CC500548418 /* DataManager.swift in Sources */ = {isa = PBXBuildFile; fileRef = 89C830A819D7B890009924DA /* DataManager.swift */; };
		895779AB19E62CCE00548418 /* RSSClient.xcdatamodeld in Sources */ = {isa = PBXBuildFile; fileRef = 89C8307A19D730E9009924DA /* RSSClient.xcdatamodeld */; };
		895779AC19E62CDA00548418 /* Article.m in Sources */ = {isa = PBXBuildFile; fileRef = 89C830C219D89E46009924DA /* Article.m */; };
		895779AD19E62CDA00548418 /* Feed.m in Sources */ = {isa = PBXBuildFile; fileRef = 89C830C519D8A058009924DA /* Feed.m */; };
		895779AE19E62CDA00548418 /* Group.m in Sources */ = {isa = PBXBuildFile; fileRef = 891710FF19E0703700D86C7B /* Group.m */; };
		895779B019E6512200548418 /* UnreadCounterTests.swift in Sources */ = {isa = PBXBuildFile; fileRef = 895779AF19E6512200548418 /* UnreadCounterTests.swift */; };
		895779B219E655F100548418 /* FeedTableCellTests.swift in Sources */ = {isa = PBXBuildFile; fileRef = 895779B119E655F100548418 /* FeedTableCellTests.swift */; };
		895779B419E658A700548418 /* Mocks.swift in Sources */ = {isa = PBXBuildFile; fileRef = 895779B319E658A700548418 /* Mocks.swift */; };
		895779B619E65A6D00548418 /* ArticleCellTests.swift in Sources */ = {isa = PBXBuildFile; fileRef = 895779B519E65A6D00548418 /* ArticleCellTests.swift */; };
		895779B819E65D9900548418 /* DataManagerTests.swift in Sources */ = {isa = PBXBuildFile; fileRef = 895779B719E65D9900548418 /* DataManagerTests.swift */; };
		89635F831A13BF120052C248 /* TUSafariActivity.m in Sources */ = {isa = PBXBuildFile; fileRef = 894C0C221A13293E008229A4 /* TUSafariActivity.m */; };
		89635F841A13BF120052C248 /* AMPopTip.m in Sources */ = {isa = PBXBuildFile; fileRef = 894C0C361A1329FB008229A4 /* AMPopTip.m */; };
		89635F8E1A13C2E30052C248 /* AppDelegate.swift in Sources */ = {isa = PBXBuildFile; fileRef = 89635F8D1A13C2E30052C248 /* AppDelegate.swift */; };
		89635F901A13C2E30052C248 /* Images.xcassets in Resources */ = {isa = PBXBuildFile; fileRef = 89635F8F1A13C2E30052C248 /* Images.xcassets */; };
		89635F931A13C2E30052C248 /* MainMenu.xib in Resources */ = {isa = PBXBuildFile; fileRef = 89635F911A13C2E30052C248 /* MainMenu.xib */; };
		89635F9F1A13C2E30052C248 /* RSSClient_OSXTests.swift in Sources */ = {isa = PBXBuildFile; fileRef = 89635F9E1A13C2E30052C248 /* RSSClient_OSXTests.swift */; };
		89635FA81A13C4030052C248 /* OPMLParser.swift in Sources */ = {isa = PBXBuildFile; fileRef = 8924D8F11A0E8EEA003B7529 /* OPMLParser.swift */; };
		89635FA91A13C4040052C248 /* OPMLParser.swift in Sources */ = {isa = PBXBuildFile; fileRef = 8924D8F11A0E8EEA003B7529 /* OPMLParser.swift */; };
		89635FAA1A13C4120052C248 /* DataManager.swift in Sources */ = {isa = PBXBuildFile; fileRef = 89C830A819D7B890009924DA /* DataManager.swift */; };
		89635FAB1A13C4130052C248 /* DataManager.swift in Sources */ = {isa = PBXBuildFile; fileRef = 89C830A819D7B890009924DA /* DataManager.swift */; };
		89635FAC1A13C41C0052C248 /* RSSClient.xcdatamodeld in Sources */ = {isa = PBXBuildFile; fileRef = 89C8307A19D730E9009924DA /* RSSClient.xcdatamodeld */; };
		89635FAD1A13C41C0052C248 /* RSSClient.xcdatamodeld in Sources */ = {isa = PBXBuildFile; fileRef = 89C8307A19D730E9009924DA /* RSSClient.xcdatamodeld */; };
		89635FAE1A13C4210052C248 /* Article.m in Sources */ = {isa = PBXBuildFile; fileRef = 89C830C219D89E46009924DA /* Article.m */; };
		89635FAF1A13C4210052C248 /* Feed.m in Sources */ = {isa = PBXBuildFile; fileRef = 89C830C519D8A058009924DA /* Feed.m */; };
		89635FB01A13C4210052C248 /* Group.m in Sources */ = {isa = PBXBuildFile; fileRef = 891710FF19E0703700D86C7B /* Group.m */; };
		89635FB11A13C4220052C248 /* Article.m in Sources */ = {isa = PBXBuildFile; fileRef = 89C830C219D89E46009924DA /* Article.m */; };
		89635FB21A13C4220052C248 /* Feed.m in Sources */ = {isa = PBXBuildFile; fileRef = 89C830C519D8A058009924DA /* Feed.m */; };
		89635FB31A13C4220052C248 /* Group.m in Sources */ = {isa = PBXBuildFile; fileRef = 891710FF19E0703700D86C7B /* Group.m */; };
		89635FB41A13C48D0052C248 /* MWFeedParser.m in Sources */ = {isa = PBXBuildFile; fileRef = 8933E91319ECCD5E00ECFF3F /* MWFeedParser.m */; };
		89635FB51A13C48D0052C248 /* MWFeedInfo.m in Sources */ = {isa = PBXBuildFile; fileRef = 8933E91519ECCD5E00ECFF3F /* MWFeedInfo.m */; };
		89635FB61A13C48D0052C248 /* MWFeedItem.m in Sources */ = {isa = PBXBuildFile; fileRef = 8933E91719ECCD5E00ECFF3F /* MWFeedItem.m */; };
		89635FB71A13C48D0052C248 /* GTMNSString+HTML.m in Sources */ = {isa = PBXBuildFile; fileRef = 8933E92519ECD28900ECFF3F /* GTMNSString+HTML.m */; };
		89635FB81A13C48D0052C248 /* NSDate+InternetDateTime.m in Sources */ = {isa = PBXBuildFile; fileRef = 8933E92719ECD28900ECFF3F /* NSDate+InternetDateTime.m */; };
		89635FB91A13C48D0052C248 /* NSString+HTML.m in Sources */ = {isa = PBXBuildFile; fileRef = 8933E92919ECD28900ECFF3F /* NSString+HTML.m */; };
		89635FBA1A13C48D0052C248 /* NSString+XMLEntities.m in Sources */ = {isa = PBXBuildFile; fileRef = 8933E92B19ECD28900ECFF3F /* NSString+XMLEntities.m */; };
		89635FBB1A13C48D0052C248 /* MWFeedParser.m in Sources */ = {isa = PBXBuildFile; fileRef = 8933E91319ECCD5E00ECFF3F /* MWFeedParser.m */; };
		89635FBC1A13C48D0052C248 /* MWFeedInfo.m in Sources */ = {isa = PBXBuildFile; fileRef = 8933E91519ECCD5E00ECFF3F /* MWFeedInfo.m */; };
		89635FBD1A13C48D0052C248 /* MWFeedItem.m in Sources */ = {isa = PBXBuildFile; fileRef = 8933E91719ECCD5E00ECFF3F /* MWFeedItem.m */; };
		89635FBE1A13C48D0052C248 /* GTMNSString+HTML.m in Sources */ = {isa = PBXBuildFile; fileRef = 8933E92519ECD28900ECFF3F /* GTMNSString+HTML.m */; };
		89635FBF1A13C48D0052C248 /* NSDate+InternetDateTime.m in Sources */ = {isa = PBXBuildFile; fileRef = 8933E92719ECD28900ECFF3F /* NSDate+InternetDateTime.m */; };
		89635FC01A13C48D0052C248 /* NSString+HTML.m in Sources */ = {isa = PBXBuildFile; fileRef = 8933E92919ECD28900ECFF3F /* NSString+HTML.m */; };
		89635FC11A13C48D0052C248 /* NSString+XMLEntities.m in Sources */ = {isa = PBXBuildFile; fileRef = 8933E92B19ECD28900ECFF3F /* NSString+XMLEntities.m */; };
		89635FC21A13C49A0052C248 /* ALView+PureLayout.m in Sources */ = {isa = PBXBuildFile; fileRef = 8933E90519ECCBC300ECFF3F /* ALView+PureLayout.m */; };
		89635FC31A13C49A0052C248 /* NSArray+PureLayout.m in Sources */ = {isa = PBXBuildFile; fileRef = 8933E90719ECCBC300ECFF3F /* NSArray+PureLayout.m */; };
		89635FC41A13C49A0052C248 /* NSLayoutConstraint+PureLayout.m in Sources */ = {isa = PBXBuildFile; fileRef = 8933E90919ECCBC300ECFF3F /* NSLayoutConstraint+PureLayout.m */; };
		89635FC51A13C49B0052C248 /* ALView+PureLayout.m in Sources */ = {isa = PBXBuildFile; fileRef = 8933E90519ECCBC300ECFF3F /* ALView+PureLayout.m */; };
		89635FC61A13C49B0052C248 /* NSArray+PureLayout.m in Sources */ = {isa = PBXBuildFile; fileRef = 8933E90719ECCBC300ECFF3F /* NSArray+PureLayout.m */; };
		89635FC71A13C49B0052C248 /* NSLayoutConstraint+PureLayout.m in Sources */ = {isa = PBXBuildFile; fileRef = 8933E90919ECCBC300ECFF3F /* NSLayoutConstraint+PureLayout.m */; };
		898046D51A1C385A00EB29F0 /* MainController.swift in Sources */ = {isa = PBXBuildFile; fileRef = 898046D41A1C385A00EB29F0 /* MainController.swift */; };
		898046D61A1C385A00EB29F0 /* MainController.swift in Sources */ = {isa = PBXBuildFile; fileRef = 898046D41A1C385A00EB29F0 /* MainController.swift */; };
		89C7FBE01A183EBE00ACBDB2 /* MAKDropDownMenu.m in Sources */ = {isa = PBXBuildFile; fileRef = 89C7FBDF1A183EBE00ACBDB2 /* MAKDropDownMenu.m */; };
		89C7FBE11A183EBE00ACBDB2 /* MAKDropDownMenu.m in Sources */ = {isa = PBXBuildFile; fileRef = 89C7FBDF1A183EBE00ACBDB2 /* MAKDropDownMenu.m */; };
		89C7FBE81A18847A00ACBDB2 /* RBActivityIndicator.m in Sources */ = {isa = PBXBuildFile; fileRef = 89C7FBE71A18847A00ACBDB2 /* RBActivityIndicator.m */; };
		89C7FBE91A18847A00ACBDB2 /* RBActivityIndicator.m in Sources */ = {isa = PBXBuildFile; fileRef = 89C7FBE71A18847A00ACBDB2 /* RBActivityIndicator.m */; };
		89C8307919D730E9009924DA /* AppDelegate.swift in Sources */ = {isa = PBXBuildFile; fileRef = 89C8307819D730E9009924DA /* AppDelegate.swift */; };
		89C8307C19D730E9009924DA /* RSSClient.xcdatamodeld in Sources */ = {isa = PBXBuildFile; fileRef = 89C8307A19D730E9009924DA /* RSSClient.xcdatamodeld */; };
		89C8308319D730E9009924DA /* Images.xcassets in Resources */ = {isa = PBXBuildFile; fileRef = 89C8308219D730E9009924DA /* Images.xcassets */; };
		89C830A919D7B890009924DA /* DataManager.swift in Sources */ = {isa = PBXBuildFile; fileRef = 89C830A819D7B890009924DA /* DataManager.swift */; };
		89C830AE19D7CB8E009924DA /* ArticleListController.swift in Sources */ = {isa = PBXBuildFile; fileRef = 89C830AD19D7CB8E009924DA /* ArticleListController.swift */; };
		89C830B319D7D2CB009924DA /* ArticleCell.swift in Sources */ = {isa = PBXBuildFile; fileRef = 89C830B219D7D2CB009924DA /* ArticleCell.swift */; };
		89C830B619D7DE97009924DA /* ArticleViewController.swift in Sources */ = {isa = PBXBuildFile; fileRef = 89C830B519D7DE97009924DA /* ArticleViewController.swift */; };
		89C830B819D7EC55009924DA /* FindFeedViewController.swift in Sources */ = {isa = PBXBuildFile; fileRef = 89C830B719D7EC55009924DA /* FindFeedViewController.swift */; };
		89C830BB19D8904A009924DA /* findFeeds.js in Resources */ = {isa = PBXBuildFile; fileRef = 89C830B919D8904A009924DA /* findFeeds.js */; };
		89C830BF19D89722009924DA /* FindICO.js in Resources */ = {isa = PBXBuildFile; fileRef = 89C830BD19D89722009924DA /* FindICO.js */; };
		89C830C319D89E46009924DA /* Article.m in Sources */ = {isa = PBXBuildFile; fileRef = 89C830C219D89E46009924DA /* Article.m */; };
		89C830C619D8A058009924DA /* Feed.m in Sources */ = {isa = PBXBuildFile; fileRef = 89C830C519D8A058009924DA /* Feed.m */; };
		89C830C819DA2FEF009924DA /* FeedsTableViewController.swift in Sources */ = {isa = PBXBuildFile; fileRef = 89C830C719DA2FEE009924DA /* FeedsTableViewController.swift */; };
		89C830CA19DA37FB009924DA /* FeedTableCell.swift in Sources */ = {isa = PBXBuildFile; fileRef = 89C830C919DA37FB009924DA /* FeedTableCell.swift */; };
		89C830CD19DC67BA009924DA /* UnreadCounter.swift in Sources */ = {isa = PBXBuildFile; fileRef = 89C830CC19DC67B9009924DA /* UnreadCounter.swift */; };
		89D06A1B19FDBC52003909A3 /* Launch Screen.xib in Resources */ = {isa = PBXBuildFile; fileRef = 89D06A1A19FDBC52003909A3 /* Launch Screen.xib */; };
		89D06A2119FF210C003909A3 /* LoadingView.swift in Sources */ = {isa = PBXBuildFile; fileRef = 89D06A2019FF210C003909A3 /* LoadingView.swift */; };
		89D06A2219FF210C003909A3 /* LoadingView.swift in Sources */ = {isa = PBXBuildFile; fileRef = 89D06A2019FF210C003909A3 /* LoadingView.swift */; };
		89F1C01F19E75E73009343DB /* GroupsEditorController.swift in Sources */ = {isa = PBXBuildFile; fileRef = 89F1C01E19E75E73009343DB /* GroupsEditorController.swift */; };
/* End PBXBuildFile section */

/* Begin PBXContainerItemProxy section */
		8933E8FA19ECCB9900ECFF3F /* PBXContainerItemProxy */ = {
			isa = PBXContainerItemProxy;
			containerPortal = 8933E8F519ECCB9900ECFF3F /* Alamofire.xcodeproj */;
			proxyType = 2;
			remoteGlobalIDString = F8111E3319A95C8B0040E7D1;
			remoteInfo = Alamofire;
		};
		8933E8FC19ECCB9900ECFF3F /* PBXContainerItemProxy */ = {
			isa = PBXContainerItemProxy;
			containerPortal = 8933E8F519ECCB9900ECFF3F /* Alamofire.xcodeproj */;
			proxyType = 2;
			remoteGlobalIDString = F8111E3E19A95C8B0040E7D1;
			remoteInfo = AlamofireTests;
		};
		8933E91F19ECD1A000ECFF3F /* PBXContainerItemProxy */ = {
			isa = PBXContainerItemProxy;
			containerPortal = 8933E8F519ECCB9900ECFF3F /* Alamofire.xcodeproj */;
			proxyType = 1;
			remoteGlobalIDString = F8111E3219A95C8B0040E7D1;
			remoteInfo = Alamofire;
		};
		89635F991A13C2E30052C248 /* PBXContainerItemProxy */ = {
			isa = PBXContainerItemProxy;
			containerPortal = 89C8306B19D730E9009924DA /* Project object */;
			proxyType = 1;
			remoteGlobalIDString = 89635F881A13C2E30052C248;
			remoteInfo = "RSSClient-OSX";
		};
		89C8308C19D730E9009924DA /* PBXContainerItemProxy */ = {
			isa = PBXContainerItemProxy;
			containerPortal = 89C8306B19D730E9009924DA /* Project object */;
			proxyType = 1;
			remoteGlobalIDString = 89C8307219D730E9009924DA;
			remoteInfo = RSSClient;
		};
/* End PBXContainerItemProxy section */

/* Begin PBXCopyFilesBuildPhase section */
		8933E92219ECD20600ECFF3F /* Copy Frameworks */ = {
			isa = PBXCopyFilesBuildPhase;
			buildActionMask = 2147483647;
			dstPath = "";
			dstSubfolderSpec = 10;
			files = (
				8933E92319ECD21E00ECFF3F /* Alamofire.framework in Copy Frameworks */,
			);
			name = "Copy Frameworks";
			runOnlyForDeploymentPostprocessing = 0;
		};
		898046D91A1C38AE00EB29F0 /* Copy Frameworks */ = {
			isa = PBXCopyFilesBuildPhase;
			buildActionMask = 2147483647;
			dstPath = "";
			dstSubfolderSpec = 10;
			files = (
			);
			name = "Copy Frameworks";
			runOnlyForDeploymentPostprocessing = 0;
		};
/* End PBXCopyFilesBuildPhase section */

/* Begin PBXFileReference section */
		1B2EC3404DBA17EC9D1669ED /* Pods.release.xcconfig */ = {isa = PBXFileReference; includeInIndex = 1; lastKnownFileType = text.xcconfig; name = Pods.release.xcconfig; path = "Pods/Target Support Files/Pods/Pods.release.xcconfig"; sourceTree = "<group>"; };
		7F4942F170534887B236C7F9 /* Pods.debug.xcconfig */ = {isa = PBXFileReference; includeInIndex = 1; lastKnownFileType = text.xcconfig; name = Pods.debug.xcconfig; path = "Pods/Target Support Files/Pods/Pods.debug.xcconfig"; sourceTree = "<group>"; };
		891710FE19E0703700D86C7B /* Group.h */ = {isa = PBXFileReference; fileEncoding = 4; lastKnownFileType = sourcecode.c.h; path = Group.h; sourceTree = "<group>"; };
		891710FF19E0703700D86C7B /* Group.m */ = {isa = PBXFileReference; fileEncoding = 4; lastKnownFileType = sourcecode.c.objc; path = Group.m; sourceTree = "<group>"; };
		8924D8E81A094CF5003B7529 /* article.css */ = {isa = PBXFileReference; fileEncoding = 4; lastKnownFileType = text.css; path = article.css; sourceTree = "<group>"; };
		8924D8F11A0E8EEA003B7529 /* OPMLParser.swift */ = {isa = PBXFileReference; fileEncoding = 4; lastKnownFileType = sourcecode.swift; path = OPMLParser.swift; sourceTree = "<group>"; };
		8933E8F519ECCB9900ECFF3F /* Alamofire.xcodeproj */ = {isa = PBXFileReference; lastKnownFileType = "wrapper.pb-project"; name = Alamofire.xcodeproj; path = Alamofire/Alamofire.xcodeproj; sourceTree = SOURCE_ROOT; };
		8933E90419ECCBC300ECFF3F /* ALView+PureLayout.h */ = {isa = PBXFileReference; fileEncoding = 4; lastKnownFileType = sourcecode.c.h; name = "ALView+PureLayout.h"; path = "PureLayout/Source/ALView+PureLayout.h"; sourceTree = "<group>"; };
		8933E90519ECCBC300ECFF3F /* ALView+PureLayout.m */ = {isa = PBXFileReference; fileEncoding = 4; lastKnownFileType = sourcecode.c.objc; name = "ALView+PureLayout.m"; path = "PureLayout/Source/ALView+PureLayout.m"; sourceTree = "<group>"; };
		8933E90619ECCBC300ECFF3F /* NSArray+PureLayout.h */ = {isa = PBXFileReference; fileEncoding = 4; lastKnownFileType = sourcecode.c.h; name = "NSArray+PureLayout.h"; path = "PureLayout/Source/NSArray+PureLayout.h"; sourceTree = "<group>"; };
		8933E90719ECCBC300ECFF3F /* NSArray+PureLayout.m */ = {isa = PBXFileReference; fileEncoding = 4; lastKnownFileType = sourcecode.c.objc; name = "NSArray+PureLayout.m"; path = "PureLayout/Source/NSArray+PureLayout.m"; sourceTree = "<group>"; };
		8933E90819ECCBC300ECFF3F /* NSLayoutConstraint+PureLayout.h */ = {isa = PBXFileReference; fileEncoding = 4; lastKnownFileType = sourcecode.c.h; name = "NSLayoutConstraint+PureLayout.h"; path = "PureLayout/Source/NSLayoutConstraint+PureLayout.h"; sourceTree = "<group>"; };
		8933E90919ECCBC300ECFF3F /* NSLayoutConstraint+PureLayout.m */ = {isa = PBXFileReference; fileEncoding = 4; lastKnownFileType = sourcecode.c.objc; name = "NSLayoutConstraint+PureLayout.m"; path = "PureLayout/Source/NSLayoutConstraint+PureLayout.m"; sourceTree = "<group>"; };
		8933E90A19ECCBC300ECFF3F /* PureLayout.h */ = {isa = PBXFileReference; fileEncoding = 4; lastKnownFileType = sourcecode.c.h; name = PureLayout.h; path = PureLayout/Source/PureLayout.h; sourceTree = "<group>"; };
		8933E90B19ECCBC300ECFF3F /* PureLayout+Internal.h */ = {isa = PBXFileReference; fileEncoding = 4; lastKnownFileType = sourcecode.c.h; name = "PureLayout+Internal.h"; path = "PureLayout/Source/PureLayout+Internal.h"; sourceTree = "<group>"; };
		8933E90C19ECCBC300ECFF3F /* PureLayoutDefines.h */ = {isa = PBXFileReference; fileEncoding = 4; lastKnownFileType = sourcecode.c.h; name = PureLayoutDefines.h; path = PureLayout/Source/PureLayoutDefines.h; sourceTree = "<group>"; };
		8933E91119ECCD5E00ECFF3F /* MWFeedParser.h */ = {isa = PBXFileReference; fileEncoding = 4; lastKnownFileType = sourcecode.c.h; name = MWFeedParser.h; path = MWFeedParser/Classes/MWFeedParser.h; sourceTree = "<group>"; };
		8933E91219ECCD5E00ECFF3F /* MWFeedParser_Private.h */ = {isa = PBXFileReference; fileEncoding = 4; lastKnownFileType = sourcecode.c.h; name = MWFeedParser_Private.h; path = MWFeedParser/Classes/MWFeedParser_Private.h; sourceTree = "<group>"; };
		8933E91319ECCD5E00ECFF3F /* MWFeedParser.m */ = {isa = PBXFileReference; fileEncoding = 4; lastKnownFileType = sourcecode.c.objc; name = MWFeedParser.m; path = MWFeedParser/Classes/MWFeedParser.m; sourceTree = "<group>"; };
		8933E91419ECCD5E00ECFF3F /* MWFeedInfo.h */ = {isa = PBXFileReference; fileEncoding = 4; lastKnownFileType = sourcecode.c.h; name = MWFeedInfo.h; path = MWFeedParser/Classes/MWFeedInfo.h; sourceTree = "<group>"; };
		8933E91519ECCD5E00ECFF3F /* MWFeedInfo.m */ = {isa = PBXFileReference; fileEncoding = 4; lastKnownFileType = sourcecode.c.objc; name = MWFeedInfo.m; path = MWFeedParser/Classes/MWFeedInfo.m; sourceTree = "<group>"; };
		8933E91619ECCD5E00ECFF3F /* MWFeedItem.h */ = {isa = PBXFileReference; fileEncoding = 4; lastKnownFileType = sourcecode.c.h; name = MWFeedItem.h; path = MWFeedParser/Classes/MWFeedItem.h; sourceTree = "<group>"; };
		8933E91719ECCD5E00ECFF3F /* MWFeedItem.m */ = {isa = PBXFileReference; fileEncoding = 4; lastKnownFileType = sourcecode.c.objc; name = MWFeedItem.m; path = MWFeedParser/Classes/MWFeedItem.m; sourceTree = "<group>"; };
		8933E92419ECD28900ECFF3F /* GTMNSString+HTML.h */ = {isa = PBXFileReference; fileEncoding = 4; lastKnownFileType = sourcecode.c.h; name = "GTMNSString+HTML.h"; path = "MWFeedParser/Classes/GTMNSString+HTML.h"; sourceTree = "<group>"; };
		8933E92519ECD28900ECFF3F /* GTMNSString+HTML.m */ = {isa = PBXFileReference; fileEncoding = 4; lastKnownFileType = sourcecode.c.objc; name = "GTMNSString+HTML.m"; path = "MWFeedParser/Classes/GTMNSString+HTML.m"; sourceTree = "<group>"; };
		8933E92619ECD28900ECFF3F /* NSDate+InternetDateTime.h */ = {isa = PBXFileReference; fileEncoding = 4; lastKnownFileType = sourcecode.c.h; name = "NSDate+InternetDateTime.h"; path = "MWFeedParser/Classes/NSDate+InternetDateTime.h"; sourceTree = "<group>"; };
		8933E92719ECD28900ECFF3F /* NSDate+InternetDateTime.m */ = {isa = PBXFileReference; fileEncoding = 4; lastKnownFileType = sourcecode.c.objc; name = "NSDate+InternetDateTime.m"; path = "MWFeedParser/Classes/NSDate+InternetDateTime.m"; sourceTree = "<group>"; };
		8933E92819ECD28900ECFF3F /* NSString+HTML.h */ = {isa = PBXFileReference; fileEncoding = 4; lastKnownFileType = sourcecode.c.h; name = "NSString+HTML.h"; path = "MWFeedParser/Classes/NSString+HTML.h"; sourceTree = "<group>"; };
		8933E92919ECD28900ECFF3F /* NSString+HTML.m */ = {isa = PBXFileReference; fileEncoding = 4; lastKnownFileType = sourcecode.c.objc; name = "NSString+HTML.m"; path = "MWFeedParser/Classes/NSString+HTML.m"; sourceTree = "<group>"; };
		8933E92A19ECD28900ECFF3F /* NSString+XMLEntities.h */ = {isa = PBXFileReference; fileEncoding = 4; lastKnownFileType = sourcecode.c.h; name = "NSString+XMLEntities.h"; path = "MWFeedParser/Classes/NSString+XMLEntities.h"; sourceTree = "<group>"; };
		8933E92B19ECD28900ECFF3F /* NSString+XMLEntities.m */ = {isa = PBXFileReference; fileEncoding = 4; lastKnownFileType = sourcecode.c.objc; name = "NSString+XMLEntities.m"; path = "MWFeedParser/Classes/NSString+XMLEntities.m"; sourceTree = "<group>"; };
		8933E93219EE33F700ECFF3F /* UIColor+RSSClient.h */ = {isa = PBXFileReference; fileEncoding = 4; lastKnownFileType = sourcecode.c.h; path = "UIColor+RSSClient.h"; sourceTree = "<group>"; };
		8933E93319EE33F700ECFF3F /* UIColor+RSSClient.m */ = {isa = PBXFileReference; fileEncoding = 4; lastKnownFileType = sourcecode.c.objc; path = "UIColor+RSSClient.m"; sourceTree = "<group>"; };
		8933E93819EF4BB100ECFF3F /* ScriptEditorViewController.swift */ = {isa = PBXFileReference; fileEncoding = 4; lastKnownFileType = sourcecode.swift; path = ScriptEditorViewController.swift; sourceTree = "<group>"; };
		8933E93A19EF4D0C00ECFF3F /* TextHighlighter.swift */ = {isa = PBXFileReference; fileEncoding = 4; lastKnownFileType = sourcecode.swift; path = TextHighlighter.swift; sourceTree = "<group>"; };
		8933E93D19EF508C00ECFF3F /* ScriptDocument.swift */ = {isa = PBXFileReference; fileEncoding = 4; lastKnownFileType = sourcecode.swift; path = ScriptDocument.swift; sourceTree = "<group>"; };
		893448C51A03159F00F5D528 /* ArticleViewControllerTests.swift */ = {isa = PBXFileReference; fileEncoding = 4; lastKnownFileType = sourcecode.swift; path = ArticleViewControllerTests.swift; sourceTree = "<group>"; };
		893448C71A0315B600F5D528 /* ArticleListControllerTests.swift */ = {isa = PBXFileReference; fileEncoding = 4; lastKnownFileType = sourcecode.swift; path = ArticleListControllerTests.swift; sourceTree = "<group>"; };
		893448C91A0315DF00F5D528 /* FindFeedViewControllerTests.swift */ = {isa = PBXFileReference; fileEncoding = 4; lastKnownFileType = sourcecode.swift; path = FindFeedViewControllerTests.swift; sourceTree = "<group>"; };
		893448CB1A0315F400F5D528 /* FeedsTableViewControllerTests.swift */ = {isa = PBXFileReference; fileEncoding = 4; lastKnownFileType = sourcecode.swift; path = FeedsTableViewControllerTests.swift; sourceTree = "<group>"; };
		894896EB1A16F1130030EB6E /* LocalImportViewController.swift */ = {isa = PBXFileReference; fileEncoding = 4; lastKnownFileType = sourcecode.swift; path = LocalImportViewController.swift; sourceTree = "<group>"; };
		894896F01A16F7B20030EB6E /* FeedParser.swift */ = {isa = PBXFileReference; fileEncoding = 4; lastKnownFileType = sourcecode.swift; path = FeedParser.swift; sourceTree = "<group>"; };
		894C0C211A13293E008229A4 /* TUSafariActivity.h */ = {isa = PBXFileReference; fileEncoding = 4; lastKnownFileType = sourcecode.c.h; path = TUSafariActivity.h; sourceTree = "<group>"; };
		894C0C221A13293E008229A4 /* TUSafariActivity.m */ = {isa = PBXFileReference; fileEncoding = 4; lastKnownFileType = sourcecode.c.objc; path = TUSafariActivity.m; sourceTree = "<group>"; };
		894C0C281A13296D008229A4 /* en */ = {isa = PBXFileReference; lastKnownFileType = text.plist.strings; name = en; path = TUSafariActivity.strings; sourceTree = "<group>"; };
		894C0C291A13296D008229A4 /* safari.png */ = {isa = PBXFileReference; lastKnownFileType = image.png; path = safari.png; sourceTree = "<group>"; };
		894C0C2A1A13296D008229A4 /* safari@2x.png */ = {isa = PBXFileReference; lastKnownFileType = image.png; path = "safari@2x.png"; sourceTree = "<group>"; };
		894C0C2B1A13296D008229A4 /* safari@3x.png */ = {isa = PBXFileReference; lastKnownFileType = image.png; path = "safari@3x.png"; sourceTree = "<group>"; };
		894C0C2C1A13296D008229A4 /* safari~iPad.png */ = {isa = PBXFileReference; lastKnownFileType = image.png; path = "safari~iPad.png"; sourceTree = "<group>"; };
		894C0C2D1A13296D008229A4 /* safari~iPad@2x.png */ = {isa = PBXFileReference; lastKnownFileType = image.png; path = "safari~iPad@2x.png"; sourceTree = "<group>"; };
		894C0C351A1329FB008229A4 /* AMPopTip.h */ = {isa = PBXFileReference; fileEncoding = 4; lastKnownFileType = sourcecode.c.h; path = AMPopTip.h; sourceTree = "<group>"; };
		894C0C361A1329FB008229A4 /* AMPopTip.m */ = {isa = PBXFileReference; fileEncoding = 4; lastKnownFileType = sourcecode.c.objc; path = AMPopTip.m; sourceTree = "<group>"; };
		8957799D19E62C7100548418 /* RSSClientTests-Bridging-Header.h */ = {isa = PBXFileReference; lastKnownFileType = sourcecode.c.h; path = "RSSClientTests-Bridging-Header.h"; sourceTree = "<group>"; };
		8957799E19E62C7100548418 /* AppDelegateTests.swift */ = {isa = PBXFileReference; fileEncoding = 4; lastKnownFileType = sourcecode.swift; path = AppDelegateTests.swift; sourceTree = "<group>"; };
		895779AF19E6512200548418 /* UnreadCounterTests.swift */ = {isa = PBXFileReference; fileEncoding = 4; lastKnownFileType = sourcecode.swift; path = UnreadCounterTests.swift; sourceTree = "<group>"; };
		895779B119E655F100548418 /* FeedTableCellTests.swift */ = {isa = PBXFileReference; fileEncoding = 4; lastKnownFileType = sourcecode.swift; path = FeedTableCellTests.swift; sourceTree = "<group>"; };
		895779B319E658A700548418 /* Mocks.swift */ = {isa = PBXFileReference; fileEncoding = 4; lastKnownFileType = sourcecode.swift; path = Mocks.swift; sourceTree = "<group>"; };
		895779B519E65A6D00548418 /* ArticleCellTests.swift */ = {isa = PBXFileReference; fileEncoding = 4; lastKnownFileType = sourcecode.swift; path = ArticleCellTests.swift; sourceTree = "<group>"; };
		895779B719E65D9900548418 /* DataManagerTests.swift */ = {isa = PBXFileReference; fileEncoding = 4; lastKnownFileType = sourcecode.swift; path = DataManagerTests.swift; sourceTree = "<group>"; };
		89635F891A13C2E30052C248 /* RSSClient-OSX.app */ = {isa = PBXFileReference; explicitFileType = wrapper.application; includeInIndex = 0; path = "RSSClient-OSX.app"; sourceTree = BUILT_PRODUCTS_DIR; };
		89635F8C1A13C2E30052C248 /* Info.plist */ = {isa = PBXFileReference; lastKnownFileType = text.plist.xml; path = Info.plist; sourceTree = "<group>"; };
		89635F8D1A13C2E30052C248 /* AppDelegate.swift */ = {isa = PBXFileReference; lastKnownFileType = sourcecode.swift; path = AppDelegate.swift; sourceTree = "<group>"; };
		89635F8F1A13C2E30052C248 /* Images.xcassets */ = {isa = PBXFileReference; lastKnownFileType = folder.assetcatalog; path = Images.xcassets; sourceTree = "<group>"; };
		89635F921A13C2E30052C248 /* Base */ = {isa = PBXFileReference; lastKnownFileType = file.xib; name = Base; path = Base.lproj/MainMenu.xib; sourceTree = "<group>"; };
		89635F981A13C2E30052C248 /* RSSClient-OSXTests.xctest */ = {isa = PBXFileReference; explicitFileType = wrapper.cfbundle; includeInIndex = 0; path = "RSSClient-OSXTests.xctest"; sourceTree = BUILT_PRODUCTS_DIR; };
		89635F9D1A13C2E30052C248 /* Info.plist */ = {isa = PBXFileReference; lastKnownFileType = text.plist.xml; path = Info.plist; sourceTree = "<group>"; };
		89635F9E1A13C2E30052C248 /* RSSClient_OSXTests.swift */ = {isa = PBXFileReference; lastKnownFileType = sourcecode.swift; path = RSSClient_OSXTests.swift; sourceTree = "<group>"; };
		898046D11A1BC8FD00EB29F0 /* rNews.entitlements */ = {isa = PBXFileReference; lastKnownFileType = text.xml; path = rNews.entitlements; sourceTree = "<group>"; };
		898046D31A1C36B000EB29F0 /* RSSClient-OSX-Bridging-Header.h */ = {isa = PBXFileReference; lastKnownFileType = sourcecode.c.h; path = "RSSClient-OSX-Bridging-Header.h"; sourceTree = "<group>"; };
		898046D41A1C385A00EB29F0 /* MainController.swift */ = {isa = PBXFileReference; fileEncoding = 4; lastKnownFileType = sourcecode.swift; path = MainController.swift; sourceTree = "<group>"; };
		89C7FBDE1A183EBE00ACBDB2 /* MAKDropDownMenu.h */ = {isa = PBXFileReference; fileEncoding = 4; lastKnownFileType = sourcecode.c.h; path = MAKDropDownMenu.h; sourceTree = "<group>"; };
		89C7FBDF1A183EBE00ACBDB2 /* MAKDropDownMenu.m */ = {isa = PBXFileReference; fileEncoding = 4; lastKnownFileType = sourcecode.c.objc; path = MAKDropDownMenu.m; sourceTree = "<group>"; };
		89C7FBE61A18847A00ACBDB2 /* RBActivityIndicator.h */ = {isa = PBXFileReference; fileEncoding = 4; lastKnownFileType = sourcecode.c.h; path = RBActivityIndicator.h; sourceTree = "<group>"; };
		89C7FBE71A18847A00ACBDB2 /* RBActivityIndicator.m */ = {isa = PBXFileReference; fileEncoding = 4; lastKnownFileType = sourcecode.c.objc; path = RBActivityIndicator.m; sourceTree = "<group>"; };
		89C8307319D730E9009924DA /* rNews.app */ = {isa = PBXFileReference; explicitFileType = wrapper.application; includeInIndex = 0; path = rNews.app; sourceTree = BUILT_PRODUCTS_DIR; };
		89C8307719D730E9009924DA /* Info.plist */ = {isa = PBXFileReference; lastKnownFileType = text.plist.xml; path = Info.plist; sourceTree = "<group>"; };
		89C8307819D730E9009924DA /* AppDelegate.swift */ = {isa = PBXFileReference; lastKnownFileType = sourcecode.swift; path = AppDelegate.swift; sourceTree = "<group>"; };
		89C8307B19D730E9009924DA /* RSSClient.xcdatamodel */ = {isa = PBXFileReference; lastKnownFileType = wrapper.xcdatamodel; path = RSSClient.xcdatamodel; sourceTree = "<group>"; };
		89C8308219D730E9009924DA /* Images.xcassets */ = {isa = PBXFileReference; lastKnownFileType = folder.assetcatalog; path = Images.xcassets; sourceTree = "<group>"; };
		89C8308B19D730E9009924DA /* RSSClientTests.xctest */ = {isa = PBXFileReference; explicitFileType = wrapper.cfbundle; includeInIndex = 0; path = RSSClientTests.xctest; sourceTree = BUILT_PRODUCTS_DIR; };
		89C8309019D730E9009924DA /* Info.plist */ = {isa = PBXFileReference; lastKnownFileType = text.plist.xml; path = Info.plist; sourceTree = "<group>"; };
		89C8309B19D73334009924DA /* RSSClient-Bridging-Header.h */ = {isa = PBXFileReference; lastKnownFileType = sourcecode.c.h; path = "RSSClient-Bridging-Header.h"; sourceTree = "<group>"; };
		89C830A819D7B890009924DA /* DataManager.swift */ = {isa = PBXFileReference; fileEncoding = 4; lastKnownFileType = sourcecode.swift; path = DataManager.swift; sourceTree = "<group>"; };
		89C830AD19D7CB8E009924DA /* ArticleListController.swift */ = {isa = PBXFileReference; fileEncoding = 4; lastKnownFileType = sourcecode.swift; path = ArticleListController.swift; sourceTree = "<group>"; };
		89C830B219D7D2CB009924DA /* ArticleCell.swift */ = {isa = PBXFileReference; fileEncoding = 4; lastKnownFileType = sourcecode.swift; path = ArticleCell.swift; sourceTree = "<group>"; };
		89C830B519D7DE97009924DA /* ArticleViewController.swift */ = {isa = PBXFileReference; fileEncoding = 4; lastKnownFileType = sourcecode.swift; path = ArticleViewController.swift; sourceTree = "<group>"; };
		89C830B719D7EC55009924DA /* FindFeedViewController.swift */ = {isa = PBXFileReference; fileEncoding = 4; lastKnownFileType = sourcecode.swift; path = FindFeedViewController.swift; sourceTree = "<group>"; };
		89C830B919D8904A009924DA /* findFeeds.js */ = {isa = PBXFileReference; fileEncoding = 4; lastKnownFileType = sourcecode.javascript; path = findFeeds.js; sourceTree = "<group>"; };
		89C830BD19D89722009924DA /* FindICO.js */ = {isa = PBXFileReference; fileEncoding = 4; lastKnownFileType = sourcecode.javascript; path = FindICO.js; sourceTree = "<group>"; };
		89C830C119D89E46009924DA /* Article.h */ = {isa = PBXFileReference; fileEncoding = 4; lastKnownFileType = sourcecode.c.h; path = Article.h; sourceTree = "<group>"; };
		89C830C219D89E46009924DA /* Article.m */ = {isa = PBXFileReference; fileEncoding = 4; lastKnownFileType = sourcecode.c.objc; path = Article.m; sourceTree = "<group>"; };
		89C830C419D8A058009924DA /* Feed.h */ = {isa = PBXFileReference; fileEncoding = 4; lastKnownFileType = sourcecode.c.h; path = Feed.h; sourceTree = "<group>"; };
		89C830C519D8A058009924DA /* Feed.m */ = {isa = PBXFileReference; fileEncoding = 4; lastKnownFileType = sourcecode.c.objc; path = Feed.m; sourceTree = "<group>"; };
		89C830C719DA2FEE009924DA /* FeedsTableViewController.swift */ = {isa = PBXFileReference; fileEncoding = 4; lastKnownFileType = sourcecode.swift; path = FeedsTableViewController.swift; sourceTree = "<group>"; };
		89C830C919DA37FB009924DA /* FeedTableCell.swift */ = {isa = PBXFileReference; fileEncoding = 4; lastKnownFileType = sourcecode.swift; path = FeedTableCell.swift; sourceTree = "<group>"; };
		89C830CC19DC67B9009924DA /* UnreadCounter.swift */ = {isa = PBXFileReference; fileEncoding = 4; lastKnownFileType = sourcecode.swift; path = UnreadCounter.swift; sourceTree = "<group>"; };
		89D06A1A19FDBC52003909A3 /* Launch Screen.xib */ = {isa = PBXFileReference; fileEncoding = 4; lastKnownFileType = file.xib; path = "Launch Screen.xib"; sourceTree = "<group>"; };
		89D06A2019FF210C003909A3 /* LoadingView.swift */ = {isa = PBXFileReference; fileEncoding = 4; lastKnownFileType = sourcecode.swift; path = LoadingView.swift; sourceTree = "<group>"; };
		89F1C01E19E75E73009343DB /* GroupsEditorController.swift */ = {isa = PBXFileReference; fileEncoding = 4; lastKnownFileType = sourcecode.swift; path = GroupsEditorController.swift; sourceTree = "<group>"; };
		E3BD5CAD62D2FA1E198BB3BD /* libPods.a */ = {isa = PBXFileReference; explicitFileType = archive.ar; includeInIndex = 0; path = libPods.a; sourceTree = BUILT_PRODUCTS_DIR; };
/* End PBXFileReference section */

/* Begin PBXFrameworksBuildPhase section */
		89635F861A13C2E30052C248 /* Frameworks */ = {
			isa = PBXFrameworksBuildPhase;
			buildActionMask = 2147483647;
			files = (
			);
			runOnlyForDeploymentPostprocessing = 0;
		};
		89635F951A13C2E30052C248 /* Frameworks */ = {
			isa = PBXFrameworksBuildPhase;
			buildActionMask = 2147483647;
			files = (
			);
			runOnlyForDeploymentPostprocessing = 0;
		};
		89C8307019D730E9009924DA /* Frameworks */ = {
			isa = PBXFrameworksBuildPhase;
			buildActionMask = 2147483647;
			files = (
			);
			runOnlyForDeploymentPostprocessing = 0;
		};
		89C8308819D730E9009924DA /* Frameworks */ = {
			isa = PBXFrameworksBuildPhase;
			buildActionMask = 2147483647;
			files = (
			);
			runOnlyForDeploymentPostprocessing = 0;
		};
/* End PBXFrameworksBuildPhase section */

/* Begin PBXGroup section */
		694B7677466B46B3BC9D72EF /* Frameworks */ = {
			isa = PBXGroup;
			children = (
				E3BD5CAD62D2FA1E198BB3BD /* libPods.a */,
			);
			name = Frameworks;
			sourceTree = "<group>";
		};
		71674FD5D25A092A893BC80E /* Pods */ = {
			isa = PBXGroup;
			children = (
				7F4942F170534887B236C7F9 /* Pods.debug.xcconfig */,
				1B2EC3404DBA17EC9D1669ED /* Pods.release.xcconfig */,
			);
			name = Pods;
			sourceTree = "<group>";
		};
		8933E8F619ECCB9900ECFF3F /* Products */ = {
			isa = PBXGroup;
			children = (
				8933E8FB19ECCB9900ECFF3F /* Alamofire.framework */,
				8933E8FD19ECCB9900ECFF3F /* AlamofireTests.xctest */,
			);
			name = Products;
			sourceTree = "<group>";
		};
		8933E91019ECCBCA00ECFF3F /* PureLayout */ = {
			isa = PBXGroup;
			children = (
				8933E90419ECCBC300ECFF3F /* ALView+PureLayout.h */,
				8933E90519ECCBC300ECFF3F /* ALView+PureLayout.m */,
				8933E90619ECCBC300ECFF3F /* NSArray+PureLayout.h */,
				8933E90719ECCBC300ECFF3F /* NSArray+PureLayout.m */,
				8933E90819ECCBC300ECFF3F /* NSLayoutConstraint+PureLayout.h */,
				8933E90919ECCBC300ECFF3F /* NSLayoutConstraint+PureLayout.m */,
				8933E90A19ECCBC300ECFF3F /* PureLayout.h */,
				8933E90B19ECCBC300ECFF3F /* PureLayout+Internal.h */,
				8933E90C19ECCBC300ECFF3F /* PureLayoutDefines.h */,
			);
			name = PureLayout;
			sourceTree = "<group>";
		};
		8933E91B19ECCD6500ECFF3F /* MWFeedParser */ = {
			isa = PBXGroup;
			children = (
				8933E91119ECCD5E00ECFF3F /* MWFeedParser.h */,
				8933E91219ECCD5E00ECFF3F /* MWFeedParser_Private.h */,
				8933E91319ECCD5E00ECFF3F /* MWFeedParser.m */,
				8933E91419ECCD5E00ECFF3F /* MWFeedInfo.h */,
				8933E91519ECCD5E00ECFF3F /* MWFeedInfo.m */,
				8933E91619ECCD5E00ECFF3F /* MWFeedItem.h */,
				8933E91719ECCD5E00ECFF3F /* MWFeedItem.m */,
				8933E92419ECD28900ECFF3F /* GTMNSString+HTML.h */,
				8933E92519ECD28900ECFF3F /* GTMNSString+HTML.m */,
				8933E92619ECD28900ECFF3F /* NSDate+InternetDateTime.h */,
				8933E92719ECD28900ECFF3F /* NSDate+InternetDateTime.m */,
				8933E92819ECD28900ECFF3F /* NSString+HTML.h */,
				8933E92919ECD28900ECFF3F /* NSString+HTML.m */,
				8933E92A19ECD28900ECFF3F /* NSString+XMLEntities.h */,
				8933E92B19ECD28900ECFF3F /* NSString+XMLEntities.m */,
			);
			name = MWFeedParser;
			sourceTree = "<group>";
		};
		8933E93519EE342F00ECFF3F /* Categories */ = {
			isa = PBXGroup;
			children = (
				8933E93219EE33F700ECFF3F /* UIColor+RSSClient.h */,
				8933E93319EE33F700ECFF3F /* UIColor+RSSClient.m */,
			);
			name = Categories;
			sourceTree = "<group>";
		};
		8933E93C19EF507600ECFF3F /* Scripting */ = {
			isa = PBXGroup;
			children = (
				8933E93819EF4BB100ECFF3F /* ScriptEditorViewController.swift */,
				8933E93D19EF508C00ECFF3F /* ScriptDocument.swift */,
				8933E93A19EF4D0C00ECFF3F /* TextHighlighter.swift */,
			);
			name = Scripting;
			sourceTree = "<group>";
		};
		893448CF1A03161100F5D528 /* Feeds And Groups */ = {
			isa = PBXGroup;
			children = (
				893448CB1A0315F400F5D528 /* FeedsTableViewControllerTests.swift */,
				895779B119E655F100548418 /* FeedTableCellTests.swift */,
				893448C91A0315DF00F5D528 /* FindFeedViewControllerTests.swift */,
			);
			name = "Feeds And Groups";
			sourceTree = "<group>";
		};
		893448D01A03161F00F5D528 /* Articles */ = {
			isa = PBXGroup;
			children = (
				893448C71A0315B600F5D528 /* ArticleListControllerTests.swift */,
				895779B519E65A6D00548418 /* ArticleCellTests.swift */,
				893448C51A03159F00F5D528 /* ArticleViewControllerTests.swift */,
			);
			name = Articles;
			sourceTree = "<group>";
		};
		893448D11A03162B00F5D528 /* Data */ = {
			isa = PBXGroup;
			children = (
				895779B719E65D9900548418 /* DataManagerTests.swift */,
				895779B319E658A700548418 /* Mocks.swift */,
			);
			name = Data;
			sourceTree = "<group>";
		};
		894C0C1F1A13293E008229A4 /* TUSafariActivity */ = {
			isa = PBXGroup;
			children = (
				894C0C261A13296D008229A4 /* en.lproj */,
				894C0C291A13296D008229A4 /* safari.png */,
				894C0C2A1A13296D008229A4 /* safari@2x.png */,
				894C0C2B1A13296D008229A4 /* safari@3x.png */,
				894C0C2C1A13296D008229A4 /* safari~iPad.png */,
				894C0C2D1A13296D008229A4 /* safari~iPad@2x.png */,
				894C0C211A13293E008229A4 /* TUSafariActivity.h */,
				894C0C221A13293E008229A4 /* TUSafariActivity.m */,
			);
			name = TUSafariActivity;
			path = TUSafariActivity/Pod/Classes;
			sourceTree = "<group>";
		};
		894C0C261A13296D008229A4 /* en.lproj */ = {
			isa = PBXGroup;
			children = (
				894C0C271A13296D008229A4 /* TUSafariActivity.strings */,
			);
			path = en.lproj;
			sourceTree = "<group>";
		};
		894C0C341A1329FB008229A4 /* AMPopTip */ = {
			isa = PBXGroup;
			children = (
				894C0C351A1329FB008229A4 /* AMPopTip.h */,
				894C0C361A1329FB008229A4 /* AMPopTip.m */,
			);
			name = AMPopTip;
			path = AMPopTip/AMPopTip;
			sourceTree = "<group>";
		};
		89635F8A1A13C2E30052C248 /* RSSClient-OSX */ = {
			isa = PBXGroup;
			children = (
				89635F8D1A13C2E30052C248 /* AppDelegate.swift */,
				898046D41A1C385A00EB29F0 /* MainController.swift */,
				898046D31A1C36B000EB29F0 /* RSSClient-OSX-Bridging-Header.h */,
				89635F8F1A13C2E30052C248 /* Images.xcassets */,
				89635F911A13C2E30052C248 /* MainMenu.xib */,
				89635F8B1A13C2E30052C248 /* Supporting Files */,
			);
			path = "RSSClient-OSX";
			sourceTree = "<group>";
		};
		89635F8B1A13C2E30052C248 /* Supporting Files */ = {
			isa = PBXGroup;
			children = (
				89635F8C1A13C2E30052C248 /* Info.plist */,
			);
			name = "Supporting Files";
			sourceTree = "<group>";
		};
		89635F9B1A13C2E30052C248 /* RSSClient-OSXTests */ = {
			isa = PBXGroup;
			children = (
				89635F9E1A13C2E30052C248 /* RSSClient_OSXTests.swift */,
				89635F9C1A13C2E30052C248 /* Supporting Files */,
			);
			path = "RSSClient-OSXTests";
			sourceTree = "<group>";
		};
		89635F9C1A13C2E30052C248 /* Supporting Files */ = {
			isa = PBXGroup;
			children = (
				89635F9D1A13C2E30052C248 /* Info.plist */,
			);
			name = "Supporting Files";
			sourceTree = "<group>";
		};
		89C7FBDD1A183EBE00ACBDB2 /* DropDownMenu */ = {
			isa = PBXGroup;
			children = (
				89C7FBDE1A183EBE00ACBDB2 /* MAKDropDownMenu.h */,
				89C7FBDF1A183EBE00ACBDB2 /* MAKDropDownMenu.m */,
			);
			path = DropDownMenu;
			sourceTree = "<group>";
		};
		89C7FBEA1A18848000ACBDB2 /* RBActivityIndicator */ = {
			isa = PBXGroup;
			children = (
				89C7FBE61A18847A00ACBDB2 /* RBActivityIndicator.h */,
				89C7FBE71A18847A00ACBDB2 /* RBActivityIndicator.m */,
			);
			name = RBActivityIndicator;
			sourceTree = "<group>";
		};
		89C8306A19D730E9009924DA = {
			isa = PBXGroup;
			children = (
				8933E8F519ECCB9900ECFF3F /* Alamofire.xcodeproj */,
				8933E91019ECCBCA00ECFF3F /* PureLayout */,
				8933E91B19ECCD6500ECFF3F /* MWFeedParser */,
				894C0C1F1A13293E008229A4 /* TUSafariActivity */,
				894C0C341A1329FB008229A4 /* AMPopTip */,
				89C7FBDD1A183EBE00ACBDB2 /* DropDownMenu */,
				89C7FBEA1A18848000ACBDB2 /* RBActivityIndicator */,
				89C8307519D730E9009924DA /* RSSClient */,
				89C8308E19D730E9009924DA /* RSSClientTests */,
				89635F8A1A13C2E30052C248 /* RSSClient-OSX */,
				89635F9B1A13C2E30052C248 /* RSSClient-OSXTests */,
				89C8307419D730E9009924DA /* Products */,
				694B7677466B46B3BC9D72EF /* Frameworks */,
				71674FD5D25A092A893BC80E /* Pods */,
			);
			sourceTree = "<group>";
		};
		89C8307419D730E9009924DA /* Products */ = {
			isa = PBXGroup;
			children = (
				89C8307319D730E9009924DA /* rNews.app */,
				89C8308B19D730E9009924DA /* RSSClientTests.xctest */,
				89635F891A13C2E30052C248 /* RSSClient-OSX.app */,
				89635F981A13C2E30052C248 /* RSSClient-OSXTests.xctest */,
			);
			name = Products;
			sourceTree = "<group>";
		};
		89C8307519D730E9009924DA /* RSSClient */ = {
			isa = PBXGroup;
			children = (
				898046D11A1BC8FD00EB29F0 /* rNews.entitlements */,
				89C8307819D730E9009924DA /* AppDelegate.swift */,
				89C830CC19DC67B9009924DA /* UnreadCounter.swift */,
				89D06A2019FF210C003909A3 /* LoadingView.swift */,
				8924D8F11A0E8EEA003B7529 /* OPMLParser.swift */,
				894896F01A16F7B20030EB6E /* FeedParser.swift */,
				89C830B119D7D2B7009924DA /* Feeds */,
				8933E93C19EF507600ECFF3F /* Scripting */,
				89C830B419D7D2D2009924DA /* Articles */,
				89C8308219D730E9009924DA /* Images.xcassets */,
				89D06A1A19FDBC52003909A3 /* Launch Screen.xib */,
				89C830AC19D7BDE0009924DA /* Core Data */,
				8933E93519EE342F00ECFF3F /* Categories */,
				89C8309B19D73334009924DA /* RSSClient-Bridging-Header.h */,
				89C8307619D730E9009924DA /* Supporting Files */,
			);
			path = RSSClient;
			sourceTree = "<group>";
		};
		89C8307619D730E9009924DA /* Supporting Files */ = {
			isa = PBXGroup;
			children = (
				89C8307719D730E9009924DA /* Info.plist */,
			);
			name = "Supporting Files";
			sourceTree = "<group>";
		};
		89C8308E19D730E9009924DA /* RSSClientTests */ = {
			isa = PBXGroup;
			children = (
				89C8308F19D730E9009924DA /* Supporting Files */,
				8957799E19E62C7100548418 /* AppDelegateTests.swift */,
				895779AF19E6512200548418 /* UnreadCounterTests.swift */,
				893448CF1A03161100F5D528 /* Feeds And Groups */,
				893448D01A03161F00F5D528 /* Articles */,
				893448D11A03162B00F5D528 /* Data */,
				8957799D19E62C7100548418 /* RSSClientTests-Bridging-Header.h */,
			);
			path = RSSClientTests;
			sourceTree = "<group>";
		};
		89C8308F19D730E9009924DA /* Supporting Files */ = {
			isa = PBXGroup;
			children = (
				89C8309019D730E9009924DA /* Info.plist */,
			);
			name = "Supporting Files";
			sourceTree = "<group>";
		};
		89C830AC19D7BDE0009924DA /* Core Data */ = {
			isa = PBXGroup;
			children = (
				89C830A819D7B890009924DA /* DataManager.swift */,
				89C8307A19D730E9009924DA /* RSSClient.xcdatamodeld */,
				89C830C119D89E46009924DA /* Article.h */,
				89C830C219D89E46009924DA /* Article.m */,
				89C830C419D8A058009924DA /* Feed.h */,
				89C830C519D8A058009924DA /* Feed.m */,
				891710FE19E0703700D86C7B /* Group.h */,
				891710FF19E0703700D86C7B /* Group.m */,
			);
			name = "Core Data";
			sourceTree = "<group>";
		};
		89C830B119D7D2B7009924DA /* Feeds */ = {
			isa = PBXGroup;
			children = (
				89C830C719DA2FEE009924DA /* FeedsTableViewController.swift */,
				894896EB1A16F1130030EB6E /* LocalImportViewController.swift */,
				89C830C919DA37FB009924DA /* FeedTableCell.swift */,
				89C830B719D7EC55009924DA /* FindFeedViewController.swift */,
				89F1C01E19E75E73009343DB /* GroupsEditorController.swift */,
				89C830B919D8904A009924DA /* findFeeds.js */,
				89C830BD19D89722009924DA /* FindICO.js */,
			);
			name = Feeds;
			sourceTree = "<group>";
		};
		89C830B419D7D2D2009924DA /* Articles */ = {
			isa = PBXGroup;
			children = (
				89C830AD19D7CB8E009924DA /* ArticleListController.swift */,
				89C830B219D7D2CB009924DA /* ArticleCell.swift */,
				89C830B519D7DE97009924DA /* ArticleViewController.swift */,
				8924D8E81A094CF5003B7529 /* article.css */,
			);
			name = Articles;
			sourceTree = "<group>";
		};
/* End PBXGroup section */

/* Begin PBXNativeTarget section */
		89635F881A13C2E30052C248 /* RSSClient-OSX */ = {
			isa = PBXNativeTarget;
			buildConfigurationList = 89635FA01A13C2E30052C248 /* Build configuration list for PBXNativeTarget "RSSClient-OSX" */;
			buildPhases = (
				89635F851A13C2E30052C248 /* Sources */,
				89635F861A13C2E30052C248 /* Frameworks */,
				89635F871A13C2E30052C248 /* Resources */,
				898046D91A1C38AE00EB29F0 /* Copy Frameworks */,
			);
			buildRules = (
			);
			dependencies = (
			);
			name = "RSSClient-OSX";
			productName = "RSSClient-OSX";
			productReference = 89635F891A13C2E30052C248 /* RSSClient-OSX.app */;
			productType = "com.apple.product-type.application";
		};
		89635F971A13C2E30052C248 /* RSSClient-OSXTests */ = {
			isa = PBXNativeTarget;
			buildConfigurationList = 89635FA31A13C2E30052C248 /* Build configuration list for PBXNativeTarget "RSSClient-OSXTests" */;
			buildPhases = (
				89635F941A13C2E30052C248 /* Sources */,
				89635F951A13C2E30052C248 /* Frameworks */,
				89635F961A13C2E30052C248 /* Resources */,
			);
			buildRules = (
			);
			dependencies = (
				89635F9A1A13C2E30052C248 /* PBXTargetDependency */,
			);
			name = "RSSClient-OSXTests";
			productName = "RSSClient-OSXTests";
			productReference = 89635F981A13C2E30052C248 /* RSSClient-OSXTests.xctest */;
			productType = "com.apple.product-type.bundle.unit-test";
		};
		89C8307219D730E9009924DA /* RSSClient */ = {
			isa = PBXNativeTarget;
			buildConfigurationList = 89C8309519D730E9009924DA /* Build configuration list for PBXNativeTarget "RSSClient" */;
			buildPhases = (
				89C8306F19D730E9009924DA /* Sources */,
				89C8307019D730E9009924DA /* Frameworks */,
				89C8307119D730E9009924DA /* Resources */,
				8933E92219ECD20600ECFF3F /* Copy Frameworks */,
			);
			buildRules = (
			);
			dependencies = (
				8933E92019ECD1A000ECFF3F /* PBXTargetDependency */,
			);
			name = RSSClient;
			productName = RSSClient;
			productReference = 89C8307319D730E9009924DA /* rNews.app */;
			productType = "com.apple.product-type.application";
		};
		89C8308A19D730E9009924DA /* RSSClientTests */ = {
			isa = PBXNativeTarget;
			buildConfigurationList = 89C8309819D730E9009924DA /* Build configuration list for PBXNativeTarget "RSSClientTests" */;
			buildPhases = (
				89C8308719D730E9009924DA /* Sources */,
				89C8308819D730E9009924DA /* Frameworks */,
				89C8308919D730E9009924DA /* Resources */,
			);
			buildRules = (
			);
			dependencies = (
				89C8308D19D730E9009924DA /* PBXTargetDependency */,
			);
			name = RSSClientTests;
			productName = RSSClientTests;
			productReference = 89C8308B19D730E9009924DA /* RSSClientTests.xctest */;
			productType = "com.apple.product-type.bundle.unit-test";
		};
/* End PBXNativeTarget section */

/* Begin PBXProject section */
		89C8306B19D730E9009924DA /* Project object */ = {
			isa = PBXProject;
			attributes = {
				LastUpgradeCheck = 0600;
				ORGANIZATIONNAME = "Rachel Brindle";
				TargetAttributes = {
					89635F881A13C2E30052C248 = {
						CreatedOnToolsVersion = 6.1;
					};
					89635F971A13C2E30052C248 = {
						CreatedOnToolsVersion = 6.1;
						TestTargetID = 89635F881A13C2E30052C248;
					};
					89C8307219D730E9009924DA = {
						CreatedOnToolsVersion = 6.0.1;
						DevelopmentTeam = 9D456YCUH2;
						SystemCapabilities = {
							com.apple.BackgroundModes = {
								enabled = 1;
							};
							com.apple.iCloud = {
								enabled = 1;
							};
						};
					};
					89C8308A19D730E9009924DA = {
						CreatedOnToolsVersion = 6.0.1;
						TestTargetID = 89C8307219D730E9009924DA;
					};
				};
			};
			buildConfigurationList = 89C8306E19D730E9009924DA /* Build configuration list for PBXProject "RSSClient" */;
			compatibilityVersion = "Xcode 3.2";
			developmentRegion = English;
			hasScannedForEncodings = 0;
			knownRegions = (
				en,
				Base,
			);
			mainGroup = 89C8306A19D730E9009924DA;
			productRefGroup = 89C8307419D730E9009924DA /* Products */;
			projectDirPath = "";
			projectReferences = (
				{
					ProductGroup = 8933E8F619ECCB9900ECFF3F /* Products */;
					ProjectRef = 8933E8F519ECCB9900ECFF3F /* Alamofire.xcodeproj */;
				},
			);
			projectRoot = "";
			targets = (
				89C8307219D730E9009924DA /* RSSClient */,
				89C8308A19D730E9009924DA /* RSSClientTests */,
				89635F881A13C2E30052C248 /* RSSClient-OSX */,
				89635F971A13C2E30052C248 /* RSSClient-OSXTests */,
			);
		};
/* End PBXProject section */

/* Begin PBXReferenceProxy section */
		8933E8FB19ECCB9900ECFF3F /* Alamofire.framework */ = {
			isa = PBXReferenceProxy;
			fileType = wrapper.framework;
			path = Alamofire.framework;
			remoteRef = 8933E8FA19ECCB9900ECFF3F /* PBXContainerItemProxy */;
			sourceTree = BUILT_PRODUCTS_DIR;
		};
		8933E8FD19ECCB9900ECFF3F /* AlamofireTests.xctest */ = {
			isa = PBXReferenceProxy;
			fileType = wrapper.cfbundle;
			path = AlamofireTests.xctest;
			remoteRef = 8933E8FC19ECCB9900ECFF3F /* PBXContainerItemProxy */;
			sourceTree = BUILT_PRODUCTS_DIR;
		};
/* End PBXReferenceProxy section */

/* Begin PBXResourcesBuildPhase section */
		89635F871A13C2E30052C248 /* Resources */ = {
			isa = PBXResourcesBuildPhase;
			buildActionMask = 2147483647;
			files = (
				89635F901A13C2E30052C248 /* Images.xcassets in Resources */,
				89635F931A13C2E30052C248 /* MainMenu.xib in Resources */,
			);
			runOnlyForDeploymentPostprocessing = 0;
		};
		89635F961A13C2E30052C248 /* Resources */ = {
			isa = PBXResourcesBuildPhase;
			buildActionMask = 2147483647;
			files = (
			);
			runOnlyForDeploymentPostprocessing = 0;
		};
		89C8307119D730E9009924DA /* Resources */ = {
			isa = PBXResourcesBuildPhase;
			buildActionMask = 2147483647;
			files = (
				89C8308319D730E9009924DA /* Images.xcassets in Resources */,
				894C0C331A13296D008229A4 /* safari~iPad@2x.png in Resources */,
				8924D8E91A094CF5003B7529 /* article.css in Resources */,
				89D06A1B19FDBC52003909A3 /* Launch Screen.xib in Resources */,
				894C0C2F1A13296D008229A4 /* safari.png in Resources */,
				894C0C301A13296D008229A4 /* safari@2x.png in Resources */,
				89C830BF19D89722009924DA /* FindICO.js in Resources */,
				894C0C321A13296D008229A4 /* safari~iPad.png in Resources */,
				894C0C311A13296D008229A4 /* safari@3x.png in Resources */,
				89C830BB19D8904A009924DA /* findFeeds.js in Resources */,
				894C0C2E1A13296D008229A4 /* TUSafariActivity.strings in Resources */,
			);
			runOnlyForDeploymentPostprocessing = 0;
		};
		89C8308919D730E9009924DA /* Resources */ = {
			isa = PBXResourcesBuildPhase;
			buildActionMask = 2147483647;
			files = (
				895779A519E62CC500548418 /* findFeeds.js in Resources */,
				895779A619E62CC500548418 /* FindICO.js in Resources */,
			);
			runOnlyForDeploymentPostprocessing = 0;
		};
/* End PBXResourcesBuildPhase section */

/* Begin PBXSourcesBuildPhase section */
		89635F851A13C2E30052C248 /* Sources */ = {
			isa = PBXSourcesBuildPhase;
			buildActionMask = 2147483647;
			files = (
				89635FBA1A13C48D0052C248 /* NSString+XMLEntities.m in Sources */,
				89635FAE1A13C4210052C248 /* Article.m in Sources */,
				89635FC41A13C49A0052C248 /* NSLayoutConstraint+PureLayout.m in Sources */,
				89635FA81A13C4030052C248 /* OPMLParser.swift in Sources */,
				898046D51A1C385A00EB29F0 /* MainController.swift in Sources */,
				89635FB61A13C48D0052C248 /* MWFeedItem.m in Sources */,
				89635FC31A13C49A0052C248 /* NSArray+PureLayout.m in Sources */,
				89635FB51A13C48D0052C248 /* MWFeedInfo.m in Sources */,
				89635FB81A13C48D0052C248 /* NSDate+InternetDateTime.m in Sources */,
				89635FB91A13C48D0052C248 /* NSString+HTML.m in Sources */,
				89635FB71A13C48D0052C248 /* GTMNSString+HTML.m in Sources */,
				89635FB01A13C4210052C248 /* Group.m in Sources */,
				89635FAD1A13C41C0052C248 /* RSSClient.xcdatamodeld in Sources */,
				89635FAF1A13C4210052C248 /* Feed.m in Sources */,
				89635FAA1A13C4120052C248 /* DataManager.swift in Sources */,
				89635FB41A13C48D0052C248 /* MWFeedParser.m in Sources */,
				89635FC21A13C49A0052C248 /* ALView+PureLayout.m in Sources */,
				89635F8E1A13C2E30052C248 /* AppDelegate.swift in Sources */,
			);
			runOnlyForDeploymentPostprocessing = 0;
		};
		89635F941A13C2E30052C248 /* Sources */ = {
			isa = PBXSourcesBuildPhase;
			buildActionMask = 2147483647;
			files = (
				89635FC11A13C48D0052C248 /* NSString+XMLEntities.m in Sources */,
				89635FB11A13C4220052C248 /* Article.m in Sources */,
				89635FC71A13C49B0052C248 /* NSLayoutConstraint+PureLayout.m in Sources */,
				89635FA91A13C4040052C248 /* OPMLParser.swift in Sources */,
				898046D61A1C385A00EB29F0 /* MainController.swift in Sources */,
				89635FBD1A13C48D0052C248 /* MWFeedItem.m in Sources */,
				89635FC61A13C49B0052C248 /* NSArray+PureLayout.m in Sources */,
				89635FBC1A13C48D0052C248 /* MWFeedInfo.m in Sources */,
				89635FBF1A13C48D0052C248 /* NSDate+InternetDateTime.m in Sources */,
				89635FC01A13C48D0052C248 /* NSString+HTML.m in Sources */,
				89635FBE1A13C48D0052C248 /* GTMNSString+HTML.m in Sources */,
				89635FB31A13C4220052C248 /* Group.m in Sources */,
				89635FAC1A13C41C0052C248 /* RSSClient.xcdatamodeld in Sources */,
				89635FB21A13C4220052C248 /* Feed.m in Sources */,
				89635FAB1A13C4130052C248 /* DataManager.swift in Sources */,
				89635FBB1A13C48D0052C248 /* MWFeedParser.m in Sources */,
				89635FC51A13C49B0052C248 /* ALView+PureLayout.m in Sources */,
				89635F9F1A13C2E30052C248 /* RSSClient_OSXTests.swift in Sources */,
			);
			runOnlyForDeploymentPostprocessing = 0;
		};
		89C8306F19D730E9009924DA /* Sources */ = {
			isa = PBXSourcesBuildPhase;
			buildActionMask = 2147483647;
			files = (
				89C830C619D8A058009924DA /* Feed.m in Sources */,
				89C830CD19DC67BA009924DA /* UnreadCounter.swift in Sources */,
				8933E91A19ECCD5E00ECFF3F /* MWFeedItem.m in Sources */,
				8933E92E19ECD28900ECFF3F /* NSString+HTML.m in Sources */,
				894896EC1A16F1130030EB6E /* LocalImportViewController.swift in Sources */,
				8933E91919ECCD5E00ECFF3F /* MWFeedInfo.m in Sources */,
				8933E91819ECCD5E00ECFF3F /* MWFeedParser.m in Sources */,
				894C0C241A13293E008229A4 /* TUSafariActivity.m in Sources */,
				8933E90F19ECCBC300ECFF3F /* NSLayoutConstraint+PureLayout.m in Sources */,
				89C830CA19DA37FB009924DA /* FeedTableCell.swift in Sources */,
				89C830A919D7B890009924DA /* DataManager.swift in Sources */,
				8933E90E19ECCBC300ECFF3F /* NSArray+PureLayout.m in Sources */,
				89C830AE19D7CB8E009924DA /* ArticleListController.swift in Sources */,
				89C830B819D7EC55009924DA /* FindFeedViewController.swift in Sources */,
				89C7FBE01A183EBE00ACBDB2 /* MAKDropDownMenu.m in Sources */,
				8933E93B19EF4D0C00ECFF3F /* TextHighlighter.swift in Sources */,
				89C830B619D7DE97009924DA /* ArticleViewController.swift in Sources */,
				894C0C371A1329FB008229A4 /* AMPopTip.m in Sources */,
				89C830C819DA2FEF009924DA /* FeedsTableViewController.swift in Sources */,
				8933E93E19EF508C00ECFF3F /* ScriptDocument.swift in Sources */,
				89F1C01F19E75E73009343DB /* GroupsEditorController.swift in Sources */,
				8917110019E0703700D86C7B /* Group.m in Sources */,
				89C830C319D89E46009924DA /* Article.m in Sources */,
				89C8307919D730E9009924DA /* AppDelegate.swift in Sources */,
				8924D8F21A0E8EEA003B7529 /* OPMLParser.swift in Sources */,
				8933E92F19ECD28900ECFF3F /* NSString+XMLEntities.m in Sources */,
				89C830B319D7D2CB009924DA /* ArticleCell.swift in Sources */,
				894896F11A16F7B20030EB6E /* FeedParser.swift in Sources */,
				89D06A2119FF210C003909A3 /* LoadingView.swift in Sources */,
				8933E92D19ECD28900ECFF3F /* NSDate+InternetDateTime.m in Sources */,
				8933E90D19ECCBC300ECFF3F /* ALView+PureLayout.m in Sources */,
				8933E93919EF4BB100ECFF3F /* ScriptEditorViewController.swift in Sources */,
				89C8307C19D730E9009924DA /* RSSClient.xcdatamodeld in Sources */,
				8933E93419EE33F700ECFF3F /* UIColor+RSSClient.m in Sources */,
				89C7FBE81A18847A00ACBDB2 /* RBActivityIndicator.m in Sources */,
				8933E92C19ECD28900ECFF3F /* GTMNSString+HTML.m in Sources */,
			);
			runOnlyForDeploymentPostprocessing = 0;
		};
		89C8308719D730E9009924DA /* Sources */ = {
			isa = PBXSourcesBuildPhase;
			buildActionMask = 2147483647;
			files = (
				893448C61A03159F00F5D528 /* ArticleViewControllerTests.swift in Sources */,
				895779AD19E62CDA00548418 /* Feed.m in Sources */,
				895779B019E6512200548418 /* UnreadCounterTests.swift in Sources */,
				89635F831A13BF120052C248 /* TUSafariActivity.m in Sources */,
				893448CA1A0315DF00F5D528 /* FindFeedViewControllerTests.swift in Sources */,
				8933E91C19ECD09100ECFF3F /* GroupsEditorController.swift in Sources */,
				893448B81A004E4E00F5D528 /* MWFeedInfo.m in Sources */,
				893448C01A004E5C00F5D528 /* NSArray+PureLayout.m in Sources */,
				893448CC1A0315F400F5D528 /* FeedsTableViewControllerTests.swift in Sources */,
				89D06A2219FF210C003909A3 /* LoadingView.swift in Sources */,
				89C7FBE91A18847A00ACBDB2 /* RBActivityIndicator.m in Sources */,
				895779B219E655F100548418 /* FeedTableCellTests.swift in Sources */,
				893448B91A004E4E00F5D528 /* MWFeedItem.m in Sources */,
				895779A819E62CC500548418 /* ArticleCell.swift in Sources */,
				895779B619E65A6D00548418 /* ArticleCellTests.swift in Sources */,
				895779AA19E62CC500548418 /* DataManager.swift in Sources */,
				894896ED1A16F1130030EB6E /* LocalImportViewController.swift in Sources */,
				895779A019E62CC500548418 /* AppDelegate.swift in Sources */,
				895779A319E62CC500548418 /* FeedTableCell.swift in Sources */,
				89635F841A13BF120052C248 /* AMPopTip.m in Sources */,
				893448C21A004E6400F5D528 /* UIColor+RSSClient.m in Sources */,
				893448BB1A004E4E00F5D528 /* NSDate+InternetDateTime.m in Sources */,
				894896F21A16F7B20030EB6E /* FeedParser.swift in Sources */,
				893448BA1A004E4E00F5D528 /* GTMNSString+HTML.m in Sources */,
				8924D8F31A108299003B7529 /* OPMLParser.swift in Sources */,
				893448BD1A004E4E00F5D528 /* NSString+XMLEntities.m in Sources */,
				893448B71A004E4E00F5D528 /* MWFeedParser.m in Sources */,
				895779A719E62CC500548418 /* ArticleListController.swift in Sources */,
				893448C11A004E5C00F5D528 /* NSLayoutConstraint+PureLayout.m in Sources */,
				895779A919E62CC500548418 /* ArticleViewController.swift in Sources */,
				895779B819E65D9900548418 /* DataManagerTests.swift in Sources */,
				895779A119E62CC500548418 /* UnreadCounter.swift in Sources */,
				895779A419E62CC500548418 /* FindFeedViewController.swift in Sources */,
				895779AE19E62CDA00548418 /* Group.m in Sources */,
				895779AC19E62CDA00548418 /* Article.m in Sources */,
				893448BC1A004E4E00F5D528 /* NSString+HTML.m in Sources */,
				89C7FBE11A183EBE00ACBDB2 /* MAKDropDownMenu.m in Sources */,
				895779B419E658A700548418 /* Mocks.swift in Sources */,
				8957799F19E62C7100548418 /* AppDelegateTests.swift in Sources */,
				893448C81A0315B600F5D528 /* ArticleListControllerTests.swift in Sources */,
				893448BF1A004E5C00F5D528 /* ALView+PureLayout.m in Sources */,
				895779A219E62CC500548418 /* FeedsTableViewController.swift in Sources */,
				895779AB19E62CCE00548418 /* RSSClient.xcdatamodeld in Sources */,
			);
			runOnlyForDeploymentPostprocessing = 0;
		};
/* End PBXSourcesBuildPhase section */

/* Begin PBXTargetDependency section */
		8933E92019ECD1A000ECFF3F /* PBXTargetDependency */ = {
			isa = PBXTargetDependency;
			name = Alamofire;
			targetProxy = 8933E91F19ECD1A000ECFF3F /* PBXContainerItemProxy */;
		};
		89635F9A1A13C2E30052C248 /* PBXTargetDependency */ = {
			isa = PBXTargetDependency;
			target = 89635F881A13C2E30052C248 /* RSSClient-OSX */;
			targetProxy = 89635F991A13C2E30052C248 /* PBXContainerItemProxy */;
		};
		89C8308D19D730E9009924DA /* PBXTargetDependency */ = {
			isa = PBXTargetDependency;
			target = 89C8307219D730E9009924DA /* RSSClient */;
			targetProxy = 89C8308C19D730E9009924DA /* PBXContainerItemProxy */;
		};
/* End PBXTargetDependency section */

/* Begin PBXVariantGroup section */
		894C0C271A13296D008229A4 /* TUSafariActivity.strings */ = {
			isa = PBXVariantGroup;
			children = (
				894C0C281A13296D008229A4 /* en */,
			);
			name = TUSafariActivity.strings;
			sourceTree = "<group>";
		};
		89635F911A13C2E30052C248 /* MainMenu.xib */ = {
			isa = PBXVariantGroup;
			children = (
				89635F921A13C2E30052C248 /* Base */,
			);
			name = MainMenu.xib;
			sourceTree = "<group>";
		};
/* End PBXVariantGroup section */

/* Begin XCBuildConfiguration section */
		89635FA11A13C2E30052C248 /* Debug */ = {
			isa = XCBuildConfiguration;
			buildSettings = {
				ASSETCATALOG_COMPILER_APPICON_NAME = AppIcon;
				CODE_SIGN_IDENTITY = "-";
				COMBINE_HIDPI_IMAGES = YES;
				GCC_PREPROCESSOR_DEFINITIONS = (
					"DEBUG=1",
					"$(inherited)",
				);
				INFOPLIST_FILE = "RSSClient-OSX/Info.plist";
				LD_RUNPATH_SEARCH_PATHS = "$(inherited) @executable_path/../Frameworks";
				MACOSX_DEPLOYMENT_TARGET = 10.10;
				PRODUCT_NAME = "$(TARGET_NAME)";
				SDKROOT = macosx;
				SWIFT_OBJC_BRIDGING_HEADER = "RSSClient-OSX/RSSClient-OSX-Bridging-Header.h";
			};
			name = Debug;
		};
		89635FA21A13C2E30052C248 /* Release */ = {
			isa = XCBuildConfiguration;
			buildSettings = {
				ASSETCATALOG_COMPILER_APPICON_NAME = AppIcon;
				CODE_SIGN_IDENTITY = "-";
				COMBINE_HIDPI_IMAGES = YES;
				DEBUG_INFORMATION_FORMAT = "dwarf-with-dsym";
				INFOPLIST_FILE = "RSSClient-OSX/Info.plist";
				LD_RUNPATH_SEARCH_PATHS = "$(inherited) @executable_path/../Frameworks";
				MACOSX_DEPLOYMENT_TARGET = 10.10;
				PRODUCT_NAME = "$(TARGET_NAME)";
				SDKROOT = macosx;
				SWIFT_OBJC_BRIDGING_HEADER = "RSSClient-OSX/RSSClient-OSX-Bridging-Header.h";
			};
			name = Release;
		};
		89635FA41A13C2E30052C248 /* Debug */ = {
			isa = XCBuildConfiguration;
			buildSettings = {
				BUNDLE_LOADER = "$(TEST_HOST)";
				COMBINE_HIDPI_IMAGES = YES;
				FRAMEWORK_SEARCH_PATHS = (
					"$(DEVELOPER_FRAMEWORKS_DIR)",
					"$(inherited)",
				);
				GCC_PREPROCESSOR_DEFINITIONS = (
					"DEBUG=1",
					"$(inherited)",
				);
				INFOPLIST_FILE = "RSSClient-OSXTests/Info.plist";
				LD_RUNPATH_SEARCH_PATHS = "$(inherited) @executable_path/../Frameworks @loader_path/../Frameworks";
				MACOSX_DEPLOYMENT_TARGET = 10.10;
				PRODUCT_NAME = "$(TARGET_NAME)";
				SDKROOT = macosx;
				TEST_HOST = "$(BUILT_PRODUCTS_DIR)/RSSClient-OSX.app/Contents/MacOS/RSSClient-OSX";
			};
			name = Debug;
		};
		89635FA51A13C2E30052C248 /* Release */ = {
			isa = XCBuildConfiguration;
			buildSettings = {
				BUNDLE_LOADER = "$(TEST_HOST)";
				COMBINE_HIDPI_IMAGES = YES;
				DEBUG_INFORMATION_FORMAT = "dwarf-with-dsym";
				FRAMEWORK_SEARCH_PATHS = (
					"$(DEVELOPER_FRAMEWORKS_DIR)",
					"$(inherited)",
				);
				INFOPLIST_FILE = "RSSClient-OSXTests/Info.plist";
				LD_RUNPATH_SEARCH_PATHS = "$(inherited) @executable_path/../Frameworks @loader_path/../Frameworks";
				MACOSX_DEPLOYMENT_TARGET = 10.10;
				PRODUCT_NAME = "$(TARGET_NAME)";
				SDKROOT = macosx;
				TEST_HOST = "$(BUILT_PRODUCTS_DIR)/RSSClient-OSX.app/Contents/MacOS/RSSClient-OSX";
			};
			name = Release;
		};
		89C8309319D730E9009924DA /* Debug */ = {
			isa = XCBuildConfiguration;
			buildSettings = {
				ALWAYS_SEARCH_USER_PATHS = NO;
				CLANG_CXX_LANGUAGE_STANDARD = "gnu++0x";
				CLANG_CXX_LIBRARY = "libc++";
				CLANG_ENABLE_MODULES = YES;
				CLANG_ENABLE_OBJC_ARC = YES;
				CLANG_WARN_BOOL_CONVERSION = YES;
				CLANG_WARN_CONSTANT_CONVERSION = YES;
				CLANG_WARN_DIRECT_OBJC_ISA_USAGE = YES_ERROR;
				CLANG_WARN_EMPTY_BODY = YES;
				CLANG_WARN_ENUM_CONVERSION = YES;
				CLANG_WARN_INT_CONVERSION = YES;
				CLANG_WARN_OBJC_ROOT_CLASS = YES_ERROR;
				CLANG_WARN_UNREACHABLE_CODE = YES;
				CLANG_WARN__DUPLICATE_METHOD_MATCH = YES;
				"CODE_SIGN_IDENTITY[sdk=iphoneos*]" = "iPhone Developer";
				COPY_PHASE_STRIP = NO;
				ENABLE_STRICT_OBJC_MSGSEND = YES;
				GCC_C_LANGUAGE_STANDARD = gnu99;
				GCC_DYNAMIC_NO_PIC = NO;
				GCC_OPTIMIZATION_LEVEL = 0;
				GCC_PREPROCESSOR_DEFINITIONS = (
					"DEBUG=1",
					"$(inherited)",
				);
				GCC_SYMBOLS_PRIVATE_EXTERN = NO;
				GCC_WARN_64_TO_32_BIT_CONVERSION = YES;
				GCC_WARN_ABOUT_RETURN_TYPE = YES_ERROR;
				GCC_WARN_UNDECLARED_SELECTOR = YES;
				GCC_WARN_UNINITIALIZED_AUTOS = YES_AGGRESSIVE;
				GCC_WARN_UNUSED_FUNCTION = YES;
				GCC_WARN_UNUSED_VARIABLE = YES;
				IPHONEOS_DEPLOYMENT_TARGET = 8.0;
				MTL_ENABLE_DEBUG_INFO = YES;
				ONLY_ACTIVE_ARCH = YES;
				SDKROOT = iphoneos;
				SWIFT_OPTIMIZATION_LEVEL = "-Onone";
				TARGETED_DEVICE_FAMILY = "1,2";
			};
			name = Debug;
		};
		89C8309419D730E9009924DA /* Release */ = {
			isa = XCBuildConfiguration;
			buildSettings = {
				ALWAYS_SEARCH_USER_PATHS = NO;
				CLANG_CXX_LANGUAGE_STANDARD = "gnu++0x";
				CLANG_CXX_LIBRARY = "libc++";
				CLANG_ENABLE_MODULES = YES;
				CLANG_ENABLE_OBJC_ARC = YES;
				CLANG_WARN_BOOL_CONVERSION = YES;
				CLANG_WARN_CONSTANT_CONVERSION = YES;
				CLANG_WARN_DIRECT_OBJC_ISA_USAGE = YES_ERROR;
				CLANG_WARN_EMPTY_BODY = YES;
				CLANG_WARN_ENUM_CONVERSION = YES;
				CLANG_WARN_INT_CONVERSION = YES;
				CLANG_WARN_OBJC_ROOT_CLASS = YES_ERROR;
				CLANG_WARN_UNREACHABLE_CODE = YES;
				CLANG_WARN__DUPLICATE_METHOD_MATCH = YES;
				"CODE_SIGN_IDENTITY[sdk=iphoneos*]" = "iPhone Developer";
				COPY_PHASE_STRIP = YES;
				ENABLE_NS_ASSERTIONS = NO;
				ENABLE_STRICT_OBJC_MSGSEND = YES;
				GCC_C_LANGUAGE_STANDARD = gnu99;
				GCC_WARN_64_TO_32_BIT_CONVERSION = YES;
				GCC_WARN_ABOUT_RETURN_TYPE = YES_ERROR;
				GCC_WARN_UNDECLARED_SELECTOR = YES;
				GCC_WARN_UNINITIALIZED_AUTOS = YES_AGGRESSIVE;
				GCC_WARN_UNUSED_FUNCTION = YES;
				GCC_WARN_UNUSED_VARIABLE = YES;
				IPHONEOS_DEPLOYMENT_TARGET = 8.0;
				MTL_ENABLE_DEBUG_INFO = NO;
				SDKROOT = iphoneos;
				TARGETED_DEVICE_FAMILY = "1,2";
				VALIDATE_PRODUCT = YES;
			};
			name = Release;
		};
		89C8309619D730E9009924DA /* Debug */ = {
			isa = XCBuildConfiguration;
			baseConfigurationReference = 7F4942F170534887B236C7F9 /* Pods.debug.xcconfig */;
			buildSettings = {
				ASSETCATALOG_COMPILER_APPICON_NAME = AppIcon;
				CLANG_ENABLE_MODULES = YES;
				CODE_SIGN_ENTITLEMENTS = RSSClient/rNews.entitlements;
				CODE_SIGN_IDENTITY = "iPhone Developer";
				"CODE_SIGN_IDENTITY[sdk=iphoneos*]" = "iPhone Developer";
				GCC_PREPROCESSOR_DEFINITIONS = "$(inherited)";
				HEADER_SEARCH_PATHS = "$(inherited)/**";
				INFOPLIST_FILE = RSSClient/Info.plist;
				LD_RUNPATH_SEARCH_PATHS = "$(inherited) @executable_path/Frameworks";
				LIBRARY_SEARCH_PATHS = "$(PROJECT_DIR)/Pods/build/Debug-iphoneos";
				PODS_ROOT = "$(inherited)";
				PRODUCT_NAME = rNews;
				PROVISIONING_PROFILE = "";
				SWIFT_OBJC_BRIDGING_HEADER = "RSSClient/RSSClient-Bridging-Header.h";
				SWIFT_OPTIMIZATION_LEVEL = "-Onone";
				USER_HEADER_SEARCH_PATHS = "";
			};
			name = Debug;
		};
		89C8309719D730E9009924DA /* Release */ = {
			isa = XCBuildConfiguration;
			baseConfigurationReference = 1B2EC3404DBA17EC9D1669ED /* Pods.release.xcconfig */;
			buildSettings = {
				ASSETCATALOG_COMPILER_APPICON_NAME = AppIcon;
				CLANG_ENABLE_MODULES = YES;
				CODE_SIGN_ENTITLEMENTS = RSSClient/rNews.entitlements;
				CODE_SIGN_IDENTITY = "iPhone Developer";
				"CODE_SIGN_IDENTITY[sdk=iphoneos*]" = "iPhone Developer";
				GCC_PREPROCESSOR_DEFINITIONS = "$(inherited)";
				HEADER_SEARCH_PATHS = "$(inherited)/**";
				INFOPLIST_FILE = RSSClient/Info.plist;
				LD_RUNPATH_SEARCH_PATHS = "$(inherited) @executable_path/Frameworks";
				LIBRARY_SEARCH_PATHS = "$(PROJECT_DIR)/Pods/build/Release-iphoneos";
				PODS_ROOT = "$(inherited)";
				PRODUCT_NAME = rNews;
				PROVISIONING_PROFILE = "";
				SWIFT_OBJC_BRIDGING_HEADER = "RSSClient/RSSClient-Bridging-Header.h";
				USER_HEADER_SEARCH_PATHS = "";
			};
			name = Release;
		};
		89C8309919D730E9009924DA /* Debug */ = {
			isa = XCBuildConfiguration;
			buildSettings = {
				BUNDLE_LOADER = "$(TEST_HOST)";
				CLANG_ENABLE_MODULES = YES;
				FRAMEWORK_SEARCH_PATHS = (
					"$(SDKROOT)/Developer/Library/Frameworks",
					"$(inherited)",
					"$(PROJECT_DIR)/Vendor/Quick/Externals/Nimble/build/Debug-iphoneos",
				);
				GCC_PREPROCESSOR_DEFINITIONS = (
					"DEBUG=1",
					"$(inherited)",
				);
				INFOPLIST_FILE = RSSClientTests/Info.plist;
				LD_RUNPATH_SEARCH_PATHS = "$(inherited) @executable_path/Frameworks @loader_path/Frameworks";
				PRODUCT_NAME = "$(TARGET_NAME)";
				SWIFT_OBJC_BRIDGING_HEADER = "RSSClientTests/RSSClientTests-Bridging-Header.h";
				SWIFT_OPTIMIZATION_LEVEL = "-Onone";
				TEST_HOST = "$(BUILT_PRODUCTS_DIR)/RSSClient.app/RSSClient";
			};
			name = Debug;
		};
		89C8309A19D730E9009924DA /* Release */ = {
			isa = XCBuildConfiguration;
			buildSettings = {
				BUNDLE_LOADER = "$(TEST_HOST)";
				CLANG_ENABLE_MODULES = YES;
				FRAMEWORK_SEARCH_PATHS = (
					"$(SDKROOT)/Developer/Library/Frameworks",
					"$(inherited)",
					"$(PROJECT_DIR)/Vendor/Quick/Externals/Nimble/build/Debug-iphoneos",
				);
				INFOPLIST_FILE = RSSClientTests/Info.plist;
				LD_RUNPATH_SEARCH_PATHS = "$(inherited) @executable_path/Frameworks @loader_path/Frameworks";
				PRODUCT_NAME = "$(TARGET_NAME)";
				SWIFT_OBJC_BRIDGING_HEADER = "RSSClientTests/RSSClientTests-Bridging-Header.h";
				TEST_HOST = "$(BUILT_PRODUCTS_DIR)/RSSClient.app/RSSClient";
			};
			name = Release;
		};
/* End XCBuildConfiguration section */

/* Begin XCConfigurationList section */
		89635FA01A13C2E30052C248 /* Build configuration list for PBXNativeTarget "RSSClient-OSX" */ = {
			isa = XCConfigurationList;
			buildConfigurations = (
				89635FA11A13C2E30052C248 /* Debug */,
				89635FA21A13C2E30052C248 /* Release */,
			);
			defaultConfigurationIsVisible = 0;
			defaultConfigurationName = Release;
		};
		89635FA31A13C2E30052C248 /* Build configuration list for PBXNativeTarget "RSSClient-OSXTests" */ = {
			isa = XCConfigurationList;
			buildConfigurations = (
				89635FA41A13C2E30052C248 /* Debug */,
				89635FA51A13C2E30052C248 /* Release */,
			);
			defaultConfigurationIsVisible = 0;
			defaultConfigurationName = Release;
		};
		89C8306E19D730E9009924DA /* Build configuration list for PBXProject "RSSClient" */ = {
			isa = XCConfigurationList;
			buildConfigurations = (
				89C8309319D730E9009924DA /* Debug */,
				89C8309419D730E9009924DA /* Release */,
			);
			defaultConfigurationIsVisible = 0;
			defaultConfigurationName = Release;
		};
		89C8309519D730E9009924DA /* Build configuration list for PBXNativeTarget "RSSClient" */ = {
			isa = XCConfigurationList;
			buildConfigurations = (
				89C8309619D730E9009924DA /* Debug */,
				89C8309719D730E9009924DA /* Release */,
			);
			defaultConfigurationIsVisible = 0;
			defaultConfigurationName = Release;
		};
		89C8309819D730E9009924DA /* Build configuration list for PBXNativeTarget "RSSClientTests" */ = {
			isa = XCConfigurationList;
			buildConfigurations = (
				89C8309919D730E9009924DA /* Debug */,
				89C8309A19D730E9009924DA /* Release */,
			);
			defaultConfigurationIsVisible = 0;
			defaultConfigurationName = Release;
		};
/* End XCConfigurationList section */

/* Begin XCVersionGroup section */
		89C8307A19D730E9009924DA /* RSSClient.xcdatamodeld */ = {
			isa = XCVersionGroup;
			children = (
				89C8307B19D730E9009924DA /* RSSClient.xcdatamodel */,
			);
			currentVersion = 89C8307B19D730E9009924DA /* RSSClient.xcdatamodel */;
			path = RSSClient.xcdatamodeld;
			sourceTree = "<group>";
			versionGroupType = wrapper.xcdatamodel;
		};
/* End XCVersionGroup section */
	};
	rootObject = 89C8306B19D730E9009924DA /* Project object */;
}
